// !$*UTF8*$!
{
	archiveVersion = 1;
	classes = {
	};
	objectVersion = 46;
	objects = {

/* Begin PBXBuildFile section */
		57F06C231A87BC7500B9511F /* main.m in Sources */ = {isa = PBXBuildFile; fileRef = 57F06C221A87BC7500B9511F /* main.m */; };
		57F06C261A87BC7500B9511F /* AppDelegate.m in Sources */ = {isa = PBXBuildFile; fileRef = 57F06C251A87BC7500B9511F /* AppDelegate.m */; };
		57F06C291A87BC7500B9511F /* ViewController.m in Sources */ = {isa = PBXBuildFile; fileRef = 57F06C281A87BC7500B9511F /* ViewController.m */; };
		57F06C2C1A87BC7500B9511F /* Main.storyboard in Resources */ = {isa = PBXBuildFile; fileRef = 57F06C2A1A87BC7500B9511F /* Main.storyboard */; };
		57F06C2E1A87BC7500B9511F /* Images.xcassets in Resources */ = {isa = PBXBuildFile; fileRef = 57F06C2D1A87BC7500B9511F /* Images.xcassets */; };
		57F06C311A87BC7500B9511F /* LaunchScreen.xib in Resources */ = {isa = PBXBuildFile; fileRef = 57F06C2F1A87BC7500B9511F /* LaunchScreen.xib */; };
		57F06C3D1A87BC7500B9511F /* NephogramMapProjectTests.m in Sources */ = {isa = PBXBuildFile; fileRef = 57F06C3C1A87BC7500B9511F /* NephogramMapProjectTests.m */; };
/* End PBXBuildFile section */

/* Begin PBXContainerItemProxy section */
		57F06C371A87BC7500B9511F /* PBXContainerItemProxy */ = {
			isa = PBXContainerItemProxy;
			containerPortal = 57F06C151A87BC7500B9511F /* Project object */;
			proxyType = 1;
			remoteGlobalIDString = 57F06C1C1A87BC7500B9511F;
			remoteInfo = NephogramMapProject;
		};
/* End PBXContainerItemProxy section */

/* Begin PBXFileReference section */
		57F06C1D1A87BC7500B9511F /* NephogramMapProject.app */ = {isa = PBXFileReference; explicitFileType = wrapper.application; includeInIndex = 0; path = NephogramMapProject.app; sourceTree = BUILT_PRODUCTS_DIR; };
		57F06C211A87BC7500B9511F /* Info.plist */ = {isa = PBXFileReference; lastKnownFileType = text.plist.xml; path = Info.plist; sourceTree = "<group>"; };
		57F06C221A87BC7500B9511F /* main.m */ = {isa = PBXFileReference; lastKnownFileType = sourcecode.c.objc; path = main.m; sourceTree = "<group>"; };
		57F06C241A87BC7500B9511F /* AppDelegate.h */ = {isa = PBXFileReference; lastKnownFileType = sourcecode.c.h; path = AppDelegate.h; sourceTree = "<group>"; };
		57F06C251A87BC7500B9511F /* AppDelegate.m */ = {isa = PBXFileReference; lastKnownFileType = sourcecode.c.objc; path = AppDelegate.m; sourceTree = "<group>"; };
		57F06C271A87BC7500B9511F /* ViewController.h */ = {isa = PBXFileReference; lastKnownFileType = sourcecode.c.h; path = ViewController.h; sourceTree = "<group>"; };
		57F06C281A87BC7500B9511F /* ViewController.m */ = {isa = PBXFileReference; lastKnownFileType = sourcecode.c.objc; path = ViewController.m; sourceTree = "<group>"; };
		57F06C2B1A87BC7500B9511F /* Base */ = {isa = PBXFileReference; lastKnownFileType = file.storyboard; name = Base; path = Base.lproj/Main.storyboard; sourceTree = "<group>"; };
		57F06C2D1A87BC7500B9511F /* Images.xcassets */ = {isa = PBXFileReference; lastKnownFileType = folder.assetcatalog; path = Images.xcassets; sourceTree = "<group>"; };
		57F06C301A87BC7500B9511F /* Base */ = {isa = PBXFileReference; lastKnownFileType = file.xib; name = Base; path = Base.lproj/LaunchScreen.xib; sourceTree = "<group>"; };
		57F06C361A87BC7500B9511F /* NephogramMapProjectTests.xctest */ = {isa = PBXFileReference; explicitFileType = wrapper.cfbundle; includeInIndex = 0; path = NephogramMapProjectTests.xctest; sourceTree = BUILT_PRODUCTS_DIR; };
		57F06C3B1A87BC7500B9511F /* Info.plist */ = {isa = PBXFileReference; lastKnownFileType = text.plist.xml; path = Info.plist; sourceTree = "<group>"; };
		57F06C3C1A87BC7500B9511F /* NephogramMapProjectTests.m */ = {isa = PBXFileReference; lastKnownFileType = sourcecode.c.objc; path = NephogramMapProjectTests.m; sourceTree = "<group>"; };
/* End PBXFileReference section */

/* Begin PBXFrameworksBuildPhase section */
		57F06C1A1A87BC7500B9511F /* Frameworks */ = {
			isa = PBXFrameworksBuildPhase;
			buildActionMask = 2147483647;
			files = (
			);
			runOnlyForDeploymentPostprocessing = 0;
		};
		57F06C331A87BC7500B9511F /* Frameworks */ = {
			isa = PBXFrameworksBuildPhase;
			buildActionMask = 2147483647;
			files = (
			);
			runOnlyForDeploymentPostprocessing = 0;
		};
/* End PBXFrameworksBuildPhase section */

/* Begin PBXGroup section */
		57F06C141A87BC7500B9511F = {
			isa = PBXGroup;
			children = (
				57F06C1F1A87BC7500B9511F /* NephogramMapProject */,
				57F06C391A87BC7500B9511F /* NephogramMapProjectTests */,
				57F06C1E1A87BC7500B9511F /* Products */,
			);
			sourceTree = "<group>";
		};
		57F06C1E1A87BC7500B9511F /* Products */ = {
			isa = PBXGroup;
			children = (
				57F06C1D1A87BC7500B9511F /* NephogramMapProject.app */,
				57F06C361A87BC7500B9511F /* NephogramMapProjectTests.xctest */,
			);
			name = Products;
			sourceTree = "<group>";
		};
		57F06C1F1A87BC7500B9511F /* NephogramMapProject */ = {
			isa = PBXGroup;
			children = (
				57F06C241A87BC7500B9511F /* AppDelegate.h */,
				57F06C251A87BC7500B9511F /* AppDelegate.m */,
				57F06C271A87BC7500B9511F /* ViewController.h */,
				57F06C281A87BC7500B9511F /* ViewController.m */,
				57F06C2A1A87BC7500B9511F /* Main.storyboard */,
				57F06C2D1A87BC7500B9511F /* Images.xcassets */,
				57F06C2F1A87BC7500B9511F /* LaunchScreen.xib */,
				57F06C201A87BC7500B9511F /* Supporting Files */,
			);
			path = NephogramMapProject;
			sourceTree = "<group>";
		};
		57F06C201A87BC7500B9511F /* Supporting Files */ = {
			isa = PBXGroup;
			children = (
				57F06C211A87BC7500B9511F /* Info.plist */,
				57F06C221A87BC7500B9511F /* main.m */,
			);
			name = "Supporting Files";
			sourceTree = "<group>";
		};
		57F06C391A87BC7500B9511F /* NephogramMapProjectTests */ = {
			isa = PBXGroup;
			children = (
				57F06C3C1A87BC7500B9511F /* NephogramMapProjectTests.m */,
				57F06C3A1A87BC7500B9511F /* Supporting Files */,
			);
			path = NephogramMapProjectTests;
			sourceTree = "<group>";
		};
		57F06C3A1A87BC7500B9511F /* Supporting Files */ = {
			isa = PBXGroup;
			children = (
				57F06C3B1A87BC7500B9511F /* Info.plist */,
			);
			name = "Supporting Files";
			sourceTree = "<group>";
		};
/* End PBXGroup section */

/* Begin PBXNativeTarget section */
		57F06C1C1A87BC7500B9511F /* NephogramMapProject */ = {
			isa = PBXNativeTarget;
			buildConfigurationList = 57F06C401A87BC7500B9511F /* Build configuration list for PBXNativeTarget "NephogramMapProject" */;
			buildPhases = (
				57F06C191A87BC7500B9511F /* Sources */,
				57F06C1A1A87BC7500B9511F /* Frameworks */,
				57F06C1B1A87BC7500B9511F /* Resources */,
			);
			buildRules = (
			);
			dependencies = (
			);
			name = NephogramMapProject;
			productName = NephogramMapProject;
			productReference = 57F06C1D1A87BC7500B9511F /* NephogramMapProject.app */;
			productType = "com.apple.product-type.application";
		};
		57F06C351A87BC7500B9511F /* NephogramMapProjectTests */ = {
			isa = PBXNativeTarget;
			buildConfigurationList = 57F06C431A87BC7500B9511F /* Build configuration list for PBXNativeTarget "NephogramMapProjectTests" */;
			buildPhases = (
				57F06C321A87BC7500B9511F /* Sources */,
				57F06C331A87BC7500B9511F /* Frameworks */,
				57F06C341A87BC7500B9511F /* Resources */,
			);
			buildRules = (
			);
			dependencies = (
				57F06C381A87BC7500B9511F /* PBXTargetDependency */,
			);
			name = NephogramMapProjectTests;
			productName = NephogramMapProjectTests;
			productReference = 57F06C361A87BC7500B9511F /* NephogramMapProjectTests.xctest */;
			productType = "com.apple.product-type.bundle.unit-test";
		};
/* End PBXNativeTarget section */

/* Begin PBXProject section */
		57F06C151A87BC7500B9511F /* Project object */ = {
			isa = PBXProject;
			attributes = {
				LastUpgradeCheck = 0610;
				ORGANIZATIONNAME = innerpeacer;
				TargetAttributes = {
					57F06C1C1A87BC7500B9511F = {
						CreatedOnToolsVersion = 6.1.1;
					};
					57F06C351A87BC7500B9511F = {
						CreatedOnToolsVersion = 6.1.1;
						TestTargetID = 57F06C1C1A87BC7500B9511F;
					};
				};
			};
			buildConfigurationList = 57F06C181A87BC7500B9511F /* Build configuration list for PBXProject "NephogramMapProject" */;
			compatibilityVersion = "Xcode 3.2";
			developmentRegion = English;
			hasScannedForEncodings = 0;
			knownRegions = (
				en,
				Base,
			);
			mainGroup = 57F06C141A87BC7500B9511F;
			productRefGroup = 57F06C1E1A87BC7500B9511F /* Products */;
			projectDirPath = "";
			projectRoot = "";
			targets = (
				57F06C1C1A87BC7500B9511F /* NephogramMapProject */,
				57F06C351A87BC7500B9511F /* NephogramMapProjectTests */,
			);
		};
/* End PBXProject section */

/* Begin PBXResourcesBuildPhase section */
		57F06C1B1A87BC7500B9511F /* Resources */ = {
			isa = PBXResourcesBuildPhase;
			buildActionMask = 2147483647;
			files = (
				57F06C2C1A87BC7500B9511F /* Main.storyboard in Resources */,
				57F06C311A87BC7500B9511F /* LaunchScreen.xib in Resources */,
				57F06C2E1A87BC7500B9511F /* Images.xcassets in Resources */,
			);
			runOnlyForDeploymentPostprocessing = 0;
		};
		57F06C341A87BC7500B9511F /* Resources */ = {
			isa = PBXResourcesBuildPhase;
			buildActionMask = 2147483647;
			files = (
			);
			runOnlyForDeploymentPostprocessing = 0;
		};
/* End PBXResourcesBuildPhase section */

/* Begin PBXSourcesBuildPhase section */
		57F06C191A87BC7500B9511F /* Sources */ = {
			isa = PBXSourcesBuildPhase;
			buildActionMask = 2147483647;
			files = (
				57F06C291A87BC7500B9511F /* ViewController.m in Sources */,
				57F06C261A87BC7500B9511F /* AppDelegate.m in Sources */,
				57F06C231A87BC7500B9511F /* main.m in Sources */,
			);
			runOnlyForDeploymentPostprocessing = 0;
		};
		57F06C321A87BC7500B9511F /* Sources */ = {
			isa = PBXSourcesBuildPhase;
			buildActionMask = 2147483647;
			files = (
				57F06C3D1A87BC7500B9511F /* NephogramMapProjectTests.m in Sources */,
			);
			runOnlyForDeploymentPostprocessing = 0;
		};
/* End PBXSourcesBuildPhase section */

/* Begin PBXTargetDependency section */
		57F06C381A87BC7500B9511F /* PBXTargetDependency */ = {
			isa = PBXTargetDependency;
			target = 57F06C1C1A87BC7500B9511F /* NephogramMapProject */;
			targetProxy = 57F06C371A87BC7500B9511F /* PBXContainerItemProxy */;
		};
/* End PBXTargetDependency section */

/* Begin PBXVariantGroup section */
		57F06C2A1A87BC7500B9511F /* Main.storyboard */ = {
			isa = PBXVariantGroup;
			children = (
				57F06C2B1A87BC7500B9511F /* Base */,
			);
			name = Main.storyboard;
			sourceTree = "<group>";
		};
		57F06C2F1A87BC7500B9511F /* LaunchScreen.xib */ = {
			isa = PBXVariantGroup;
			children = (
				57F06C301A87BC7500B9511F /* Base */,
			);
			name = LaunchScreen.xib;
			sourceTree = "<group>";
		};
/* End PBXVariantGroup section */

/* Begin XCBuildConfiguration section */
		57F06C3E1A87BC7500B9511F /* Debug */ = {
			isa = XCBuildConfiguration;
			buildSettings = {
				ALWAYS_SEARCH_USER_PATHS = NO;
				CLANG_CXX_LANGUAGE_STANDARD = "gnu++0x";
				CLANG_CXX_LIBRARY = "libc++";
				CLANG_ENABLE_MODULES = YES;
				CLANG_ENABLE_OBJC_ARC = YES;
				CLANG_WARN_BOOL_CONVERSION = YES;
				CLANG_WARN_CONSTANT_CONVERSION = YES;
				CLANG_WARN_DIRECT_OBJC_ISA_USAGE = YES_ERROR;
				CLANG_WARN_EMPTY_BODY = YES;
				CLANG_WARN_ENUM_CONVERSION = YES;
				CLANG_WARN_INT_CONVERSION = YES;
				CLANG_WARN_OBJC_ROOT_CLASS = YES_ERROR;
				CLANG_WARN_UNREACHABLE_CODE = YES;
				CLANG_WARN__DUPLICATE_METHOD_MATCH = YES;
				"CODE_SIGN_IDENTITY[sdk=iphoneos*]" = "iPhone Developer";
				COPY_PHASE_STRIP = NO;
				ENABLE_STRICT_OBJC_MSGSEND = YES;
				GCC_C_LANGUAGE_STANDARD = gnu99;
				GCC_DYNAMIC_NO_PIC = NO;
				GCC_OPTIMIZATION_LEVEL = 0;
				GCC_PREPROCESSOR_DEFINITIONS = (
					"DEBUG=1",
					"$(inherited)",
				);
				GCC_SYMBOLS_PRIVATE_EXTERN = NO;
				GCC_WARN_64_TO_32_BIT_CONVERSION = YES;
				GCC_WARN_ABOUT_RETURN_TYPE = YES_ERROR;
				GCC_WARN_UNDECLARED_SELECTOR = YES;
				GCC_WARN_UNINITIALIZED_AUTOS = YES_AGGRESSIVE;
				GCC_WARN_UNUSED_FUNCTION = YES;
				GCC_WARN_UNUSED_VARIABLE = YES;
				IPHONEOS_DEPLOYMENT_TARGET = 8.1;
				MTL_ENABLE_DEBUG_INFO = YES;
				ONLY_ACTIVE_ARCH = YES;
				SDKROOT = iphoneos;
			};
			name = Debug;
		};
		57F06C3F1A87BC7500B9511F /* Release */ = {
			isa = XCBuildConfiguration;
			buildSettings = {
				ALWAYS_SEARCH_USER_PATHS = NO;
				CLANG_CXX_LANGUAGE_STANDARD = "gnu++0x";
				CLANG_CXX_LIBRARY = "libc++";
				CLANG_ENABLE_MODULES = YES;
				CLANG_ENABLE_OBJC_ARC = YES;
				CLANG_WARN_BOOL_CONVERSION = YES;
				CLANG_WARN_CONSTANT_CONVERSION = YES;
				CLANG_WARN_DIRECT_OBJC_ISA_USAGE = YES_ERROR;
				CLANG_WARN_EMPTY_BODY = YES;
				CLANG_WARN_ENUM_CONVERSION = YES;
				CLANG_WARN_INT_CONVERSION = YES;
				CLANG_WARN_OBJC_ROOT_CLASS = YES_ERROR;
				CLANG_WARN_UNREACHABLE_CODE = YES;
				CLANG_WARN__DUPLICATE_METHOD_MATCH = YES;
				"CODE_SIGN_IDENTITY[sdk=iphoneos*]" = "iPhone Developer";
				COPY_PHASE_STRIP = YES;
				ENABLE_NS_ASSERTIONS = NO;
				ENABLE_STRICT_OBJC_MSGSEND = YES;
				GCC_C_LANGUAGE_STANDARD = gnu99;
				GCC_WARN_64_TO_32_BIT_CONVERSION = YES;
				GCC_WARN_ABOUT_RETURN_TYPE = YES_ERROR;
				GCC_WARN_UNDECLARED_SELECTOR = YES;
				GCC_WARN_UNINITIALIZED_AUTOS = YES_AGGRESSIVE;
				GCC_WARN_UNUSED_FUNCTION = YES;
				GCC_WARN_UNUSED_VARIABLE = YES;
				IPHONEOS_DEPLOYMENT_TARGET = 8.1;
				MTL_ENABLE_DEBUG_INFO = NO;
				SDKROOT = iphoneos;
				VALIDATE_PRODUCT = YES;
			};
			name = Release;
		};
		57F06C411A87BC7500B9511F /* Debug */ = {
			isa = XCBuildConfiguration;
			buildSettings = {
				ASSETCATALOG_COMPILER_APPICON_NAME = AppIcon;
				INFOPLIST_FILE = NephogramMapProject/Info.plist;
				LD_RUNPATH_SEARCH_PATHS = "$(inherited) @executable_path/Frameworks";
				PRODUCT_NAME = "$(TARGET_NAME)";
			};
			name = Debug;
		};
		57F06C421A87BC7500B9511F /* Release */ = {
			isa = XCBuildConfiguration;
			buildSettings = {
				ASSETCATALOG_COMPILER_APPICON_NAME = AppIcon;
				INFOPLIST_FILE = NephogramMapProject/Info.plist;
				LD_RUNPATH_SEARCH_PATHS = "$(inherited) @executable_path/Frameworks";
				PRODUCT_NAME = "$(TARGET_NAME)";
			};
			name = Release;
		};
		57F06C441A87BC7500B9511F /* Debug */ = {
			isa = XCBuildConfiguration;
			buildSettings = {
				BUNDLE_LOADER = "$(TEST_HOST)";
				FRAMEWORK_SEARCH_PATHS = (
					"$(SDKROOT)/Developer/Library/Frameworks",
					"$(inherited)",
				);
				GCC_PREPROCESSOR_DEFINITIONS = (
					"DEBUG=1",
					"$(inherited)",
				);
				INFOPLIST_FILE = NephogramMapProjectTests/Info.plist;
				LD_RUNPATH_SEARCH_PATHS = "$(inherited) @executable_path/Frameworks @loader_path/Frameworks";
				PRODUCT_NAME = "$(TARGET_NAME)";
				TEST_HOST = "$(BUILT_PRODUCTS_DIR)/NephogramMapProject.app/NephogramMapProject";
			};
			name = Debug;
		};
		57F06C451A87BC7500B9511F /* Release */ = {
			isa = XCBuildConfiguration;
			buildSettings = {
				BUNDLE_LOADER = "$(TEST_HOST)";
				FRAMEWORK_SEARCH_PATHS = (
					"$(SDKROOT)/Developer/Library/Frameworks",
					"$(inherited)",
				);
				INFOPLIST_FILE = NephogramMapProjectTests/Info.plist;
				LD_RUNPATH_SEARCH_PATHS = "$(inherited) @executable_path/Frameworks @loader_path/Frameworks";
				PRODUCT_NAME = "$(TARGET_NAME)";
				TEST_HOST = "$(BUILT_PRODUCTS_DIR)/NephogramMapProject.app/NephogramMapProject";
			};
			name = Release;
		};
/* End XCBuildConfiguration section */

/* Begin XCConfigurationList section */
		57F06C181A87BC7500B9511F /* Build configuration list for PBXProject "NephogramMapProject" */ = {
			isa = XCConfigurationList;
			buildConfigurations = (
				57F06C3E1A87BC7500B9511F /* Debug */,
				57F06C3F1A87BC7500B9511F /* Release */,
			);
			defaultConfigurationIsVisible = 0;
			defaultConfigurationName = Release;
		};
		57F06C401A87BC7500B9511F /* Build configuration list for PBXNativeTarget "NephogramMapProject" */ = {
			isa = XCConfigurationList;
			buildConfigurations = (
				57F06C411A87BC7500B9511F /* Debug */,
				57F06C421A87BC7500B9511F /* Release */,
			);
			defaultConfigurationIsVisible = 0;
		};
		57F06C431A87BC7500B9511F /* Build configuration list for PBXNativeTarget "NephogramMapProjectTests" */ = {
			isa = XCConfigurationList;
			buildConfigurations = (
				57F06C441A87BC7500B9511F /* Debug */,
				57F06C451A87BC7500B9511F /* Release */,
			);
			defaultConfigurationIsVisible = 0;
		};
/* End XCConfigurationList section */
	};
	rootObject = 57F06C151A87BC7500B9511F /* Project object */;
}
