// !$*UTF8*$!
{
	archiveVersion = 1;
	classes = {
	};
	objectVersion = 46;
	objects = {

/* Begin PBXBuildFile section */
		570923CE1AB01120009A3F04 /* NPPoiDBAdapter.m in Sources */ = {isa = PBXBuildFile; fileRef = 570923CD1AB01120009A3F04 /* NPPoiDBAdapter.m */; };
		570DB3E61A8903BF001D137E /* NPUserDefaults.m in Sources */ = {isa = PBXBuildFile; fileRef = 570DB3E51A8903BF001D137E /* NPUserDefaults.m */; };
		570DB3E91A8905E9001D137E /* BaseMapVC.m in Sources */ = {isa = PBXBuildFile; fileRef = 570DB3E81A8905E9001D137E /* BaseMapVC.m */; };
		570DB3EC1A890634001D137E /* MapTableVC.m in Sources */ = {isa = PBXBuildFile; fileRef = 570DB3EB1A890634001D137E /* MapTableVC.m */; };
		570DB3EF1A890641001D137E /* NephogramMapVC.m in Sources */ = {isa = PBXBuildFile; fileRef = 570DB3EE1A890641001D137E /* NephogramMapVC.m */; };
		570DB3F21A890649001D137E /* MapRouteVC.m in Sources */ = {isa = PBXBuildFile; fileRef = 570DB3F11A890649001D137E /* MapRouteVC.m */; };
		570DB3F51A890653001D137E /* MapCalloutVC.m in Sources */ = {isa = PBXBuildFile; fileRef = 570DB3F41A890653001D137E /* MapCalloutVC.m */; };
		570DB3F81A890664001D137E /* CustomCalloutVC.m in Sources */ = {isa = PBXBuildFile; fileRef = 570DB3F71A890664001D137E /* CustomCalloutVC.m */; };
		571310B31ABC217500E980F9 /* NephogramData.framework in Frameworks */ = {isa = PBXBuildFile; fileRef = 571310B21ABC217500E980F9 /* NephogramData.framework */; };
		57163EE71AB7CDF8002B40C6 /* RenderingScheme.json in Resources */ = {isa = PBXBuildFile; fileRef = 57163EA41AB7CDF8002B40C6 /* RenderingScheme.json */; };
		57193FF21AD6D97500631296 /* RenderingScheme_H85200001.json in Resources */ = {isa = PBXBuildFile; fileRef = 57193FEB1AD6D97500631296 /* RenderingScheme_H85200001.json */; };
		571E58981AB921FC007B36DD /* NPRoutePointConverter.m in Sources */ = {isa = PBXBuildFile; fileRef = 571E58971AB921FC007B36DD /* NPRoutePointConverter.m */; };
		571E58B61AB9D2F0007B36DD /* NPRouteResult.m in Sources */ = {isa = PBXBuildFile; fileRef = 571E58B51AB9D2F0007B36DD /* NPRouteResult.m */; };
		573FD42C1AB0330C0083EAC0 /* NPBuilding.m in Sources */ = {isa = PBXBuildFile; fileRef = 573FD4291AB0330C0083EAC0 /* NPBuilding.m */; };
		573FD42D1AB0330C0083EAC0 /* NPCity.m in Sources */ = {isa = PBXBuildFile; fileRef = 573FD42B1AB0330C0083EAC0 /* NPCity.m */; };
		574443D01AAED31000E6232C /* CreatingPOIDBAdapter.m in Sources */ = {isa = PBXBuildFile; fileRef = 574443CF1AAED31000E6232C /* CreatingPOIDBAdapter.m */; };
		574443EE1AAED36300E6232C /* FMDatabase.m in Sources */ = {isa = PBXBuildFile; fileRef = 574443E51AAED36300E6232C /* FMDatabase.m */; };
		574443EF1AAED36300E6232C /* FMDatabaseAdditions.m in Sources */ = {isa = PBXBuildFile; fileRef = 574443E71AAED36300E6232C /* FMDatabaseAdditions.m */; };
		574443F01AAED36300E6232C /* FMDatabasePool.m in Sources */ = {isa = PBXBuildFile; fileRef = 574443E91AAED36300E6232C /* FMDatabasePool.m */; };
		574443F11AAED36300E6232C /* FMDatabaseQueue.m in Sources */ = {isa = PBXBuildFile; fileRef = 574443EB1AAED36300E6232C /* FMDatabaseQueue.m */; };
		574443F21AAED36300E6232C /* FMResultSet.m in Sources */ = {isa = PBXBuildFile; fileRef = 574443ED1AAED36300E6232C /* FMResultSet.m */; };
		574443F41AAEDEB600E6232C /* libsqlite3.0.dylib in Frameworks */ = {isa = PBXBuildFile; fileRef = 574443F31AAEDEB600E6232C /* libsqlite3.0.dylib */; };
		574443F71AAEE1D500E6232C /* CreatePOIDatabaseVC.m in Sources */ = {isa = PBXBuildFile; fileRef = 574443F61AAEE1D500E6232C /* CreatePOIDatabaseVC.m */; };
		574443FA1AAEE64600E6232C /* BaseLogVC.m in Sources */ = {isa = PBXBuildFile; fileRef = 574443F91AAEE64600E6232C /* BaseLogVC.m */; };
		576094C11AD8E58700647DAE /* NephogramMapResource.zip in Resources */ = {isa = PBXBuildFile; fileRef = 576094C01AD8E58700647DAE /* NephogramMapResource.zip */; };
		576094D41AD8E7DF00647DAE /* NephogramMapResource in Resources */ = {isa = PBXBuildFile; fileRef = 576094D31AD8E7DF00647DAE /* NephogramMapResource */; };
		576094D71AD8FDFF00647DAE /* NPMapFileManager.m in Sources */ = {isa = PBXBuildFile; fileRef = 576094D61AD8FDFF00647DAE /* NPMapFileManager.m */; };
		57AD3F691ACBE0C30013B1E0 /* NPPathCalibration.m in Sources */ = {isa = PBXBuildFile; fileRef = 57AD3F681ACBE0C30013B1E0 /* NPPathCalibration.m */; };
		57AD3F751ACCD6240013B1E0 /* NPLocationLayer.m in Sources */ = {isa = PBXBuildFile; fileRef = 57AD3F741ACCD6240013B1E0 /* NPLocationLayer.m */; };
		57AD3F841ACCD9810013B1E0 /* NPCredential.m in Sources */ = {isa = PBXBuildFile; fileRef = 57AD3F811ACCD9810013B1E0 /* NPCredential.m */; };
		57AD3F851ACCD9810013B1E0 /* NPGraphicsLayer.m in Sources */ = {isa = PBXBuildFile; fileRef = 57AD3F831ACCD9810013B1E0 /* NPGraphicsLayer.m */; };
		57AD3F881ACCDC730013B1E0 /* NPSpatialReference.m in Sources */ = {isa = PBXBuildFile; fileRef = 57AD3F871ACCDC730013B1E0 /* NPSpatialReference.m */; };
		57AD3F8B1ACCDCD30013B1E0 /* NPGraphic.m in Sources */ = {isa = PBXBuildFile; fileRef = 57AD3F8A1ACCDCD30013B1E0 /* NPGraphic.m */; };
		57AD3F8E1ACCDD290013B1E0 /* NPSimpleMarkerSymbol.m in Sources */ = {isa = PBXBuildFile; fileRef = 57AD3F8D1ACCDD290013B1E0 /* NPSimpleMarkerSymbol.m */; };
		57AD3F911ACCDD910013B1E0 /* NPPoint.m in Sources */ = {isa = PBXBuildFile; fileRef = 57AD3F901ACCDD910013B1E0 /* NPPoint.m */; };
		57AD3F941ACCDE710013B1E0 /* NPMarkerSymbol.m in Sources */ = {isa = PBXBuildFile; fileRef = 57AD3F931ACCDE710013B1E0 /* NPMarkerSymbol.m */; };
		57AD3F971ACCDEEB0013B1E0 /* NPSimpleFillSymbol.m in Sources */ = {isa = PBXBuildFile; fileRef = 57AD3F961ACCDEEB0013B1E0 /* NPSimpleFillSymbol.m */; };
		57AD3F9A1ACCDEFF0013B1E0 /* NPSimpleLineSymbol.m in Sources */ = {isa = PBXBuildFile; fileRef = 57AD3F991ACCDEFF0013B1E0 /* NPSimpleLineSymbol.m */; };
		57AD3F9D1ACCE0B30013B1E0 /* NPEnvelope.m in Sources */ = {isa = PBXBuildFile; fileRef = 57AD3F9C1ACCE0B30013B1E0 /* NPEnvelope.m */; };
		57AD3FA01ACCE34A0013B1E0 /* NPPictureMarkerSymbol.m in Sources */ = {isa = PBXBuildFile; fileRef = 57AD3F9F1ACCE34A0013B1E0 /* NPPictureMarkerSymbol.m */; };
		57AD3FA31ACCE37A0013B1E0 /* NPGeometry.m in Sources */ = {isa = PBXBuildFile; fileRef = 57AD3FA21ACCE37A0013B1E0 /* NPGeometry.m */; };
		57AD3FA61ACCE4C80013B1E0 /* NPPolyline.m in Sources */ = {isa = PBXBuildFile; fileRef = 57AD3FA51ACCE4C80013B1E0 /* NPPolyline.m */; };
		57AD403A1ACCFAC20013B1E0 /* NPCallout.m in Sources */ = {isa = PBXBuildFile; fileRef = 57AD40391ACCFAC20013B1E0 /* NPCallout.m */; };
		57AD403D1ACCFC390013B1E0 /* NPLocationDisplay.m in Sources */ = {isa = PBXBuildFile; fileRef = 57AD403C1ACCFC390013B1E0 /* NPLocationDisplay.m */; };
		57AD40531ACD239A0013B1E0 /* NPPolygon.m in Sources */ = {isa = PBXBuildFile; fileRef = 57AD40521ACD239A0013B1E0 /* NPPolygon.m */; };
		57AD405C1ACD25340013B1E0 /* NPGeometryEngine.m in Sources */ = {isa = PBXBuildFile; fileRef = 57AD405B1ACD25340013B1E0 /* NPGeometryEngine.m */; };
		57E2C9F41AC1175A00EBEF9B /* NPAreaAnalysis.m in Sources */ = {isa = PBXBuildFile; fileRef = 57E2C9F31AC1175A00EBEF9B /* NPAreaAnalysis.m */; };
		57F06C231A87BC7500B9511F /* main.m in Sources */ = {isa = PBXBuildFile; fileRef = 57F06C221A87BC7500B9511F /* main.m */; };
		57F06C261A87BC7500B9511F /* AppDelegate.m in Sources */ = {isa = PBXBuildFile; fileRef = 57F06C251A87BC7500B9511F /* AppDelegate.m */; };
		57F06C2C1A87BC7500B9511F /* Main.storyboard in Resources */ = {isa = PBXBuildFile; fileRef = 57F06C2A1A87BC7500B9511F /* Main.storyboard */; };
		57F06C2E1A87BC7500B9511F /* Images.xcassets in Resources */ = {isa = PBXBuildFile; fileRef = 57F06C2D1A87BC7500B9511F /* Images.xcassets */; };
		57F06C311A87BC7500B9511F /* LaunchScreen.xib in Resources */ = {isa = PBXBuildFile; fileRef = 57F06C2F1A87BC7500B9511F /* LaunchScreen.xib */; };
		57F06CB81A87BE0500B9511F /* ArcGIS.bundle in Resources */ = {isa = PBXBuildFile; fileRef = 57F06C931A87BE0500B9511F /* ArcGIS.bundle */; };
		57F06CE51A87BF1900B9511F /* BaseControllerTableVC.m in Sources */ = {isa = PBXBuildFile; fileRef = 57F06CE41A87BF1900B9511F /* BaseControllerTableVC.m */; };
		57F06CE81A87BF8D00B9511F /* NPPoi.m in Sources */ = {isa = PBXBuildFile; fileRef = 57F06CE71A87BF8D00B9511F /* NPPoi.m */; };
		57F06CEB1A87BFD700B9511F /* NPFacilityLayer.m in Sources */ = {isa = PBXBuildFile; fileRef = 57F06CEA1A87BFD700B9511F /* NPFacilityLayer.m */; };
		57F06CEE1A87BFE400B9511F /* NPFloorLayer.m in Sources */ = {isa = PBXBuildFile; fileRef = 57F06CED1A87BFE400B9511F /* NPFloorLayer.m */; };
		57F06CF11A87BFEF00B9511F /* NPLabelLayer.m in Sources */ = {isa = PBXBuildFile; fileRef = 57F06CF01A87BFEF00B9511F /* NPLabelLayer.m */; };
		57F06CF41A87BFFA00B9511F /* NPAssetLayer.m in Sources */ = {isa = PBXBuildFile; fileRef = 57F06CF31A87BFFA00B9511F /* NPAssetLayer.m */; };
		57F06CF71A87C00500B9511F /* NPRoomLayer.m in Sources */ = {isa = PBXBuildFile; fileRef = 57F06CF61A87C00500B9511F /* NPRoomLayer.m */; };
		57F06CFA1A87C18D00B9511F /* NPRenderingScheme.m in Sources */ = {isa = PBXBuildFile; fileRef = 57F06CF91A87C18D00B9511F /* NPRenderingScheme.m */; };
		57F06CFD1A87C19600B9511F /* NPMapInfo.m in Sources */ = {isa = PBXBuildFile; fileRef = 57F06CFC1A87C19600B9511F /* NPMapInfo.m */; };
		57F06D001A87C19F00B9511F /* NPMapView.m in Sources */ = {isa = PBXBuildFile; fileRef = 57F06CFF1A87C19F00B9511F /* NPMapView.m */; };
		57F06D031A87C1A900B9511F /* NPArcGISDrawer.m in Sources */ = {isa = PBXBuildFile; fileRef = 57F06D021A87C1A900B9511F /* NPArcGISDrawer.m */; };
		57F06D061A87C1B700B9511F /* NPMapEnviroment.m in Sources */ = {isa = PBXBuildFile; fileRef = 57F06D051A87C1B700B9511F /* NPMapEnviroment.m */; };
		57F06D091A87C1C800B9511F /* NPRouteLayer.m in Sources */ = {isa = PBXBuildFile; fileRef = 57F06D081A87C1C800B9511F /* NPRouteLayer.m */; };
		57F06D0C1A87C1D500B9511F /* NPRouteManager.m in Sources */ = {isa = PBXBuildFile; fileRef = 57F06D0B1A87C1D500B9511F /* NPRouteManager.m */; };
/* End PBXBuildFile section */

/* Begin PBXFileReference section */
		570923CC1AB01120009A3F04 /* NPPoiDBAdapter.h */ = {isa = PBXFileReference; fileEncoding = 4; lastKnownFileType = sourcecode.c.h; path = NPPoiDBAdapter.h; sourceTree = "<group>"; };
		570923CD1AB01120009A3F04 /* NPPoiDBAdapter.m */ = {isa = PBXFileReference; fileEncoding = 4; lastKnownFileType = sourcecode.c.objc; path = NPPoiDBAdapter.m; sourceTree = "<group>"; };
		570DB3E41A8903BF001D137E /* NPUserDefaults.h */ = {isa = PBXFileReference; fileEncoding = 4; lastKnownFileType = sourcecode.c.h; path = NPUserDefaults.h; sourceTree = "<group>"; };
		570DB3E51A8903BF001D137E /* NPUserDefaults.m */ = {isa = PBXFileReference; fileEncoding = 4; lastKnownFileType = sourcecode.c.objc; path = NPUserDefaults.m; sourceTree = "<group>"; };
		570DB3E71A8905E9001D137E /* BaseMapVC.h */ = {isa = PBXFileReference; fileEncoding = 4; lastKnownFileType = sourcecode.c.h; path = BaseMapVC.h; sourceTree = "<group>"; };
		570DB3E81A8905E9001D137E /* BaseMapVC.m */ = {isa = PBXFileReference; fileEncoding = 4; lastKnownFileType = sourcecode.c.objc; path = BaseMapVC.m; sourceTree = "<group>"; };
		570DB3EA1A890634001D137E /* MapTableVC.h */ = {isa = PBXFileReference; fileEncoding = 4; lastKnownFileType = sourcecode.c.h; path = MapTableVC.h; sourceTree = "<group>"; };
		570DB3EB1A890634001D137E /* MapTableVC.m */ = {isa = PBXFileReference; fileEncoding = 4; lastKnownFileType = sourcecode.c.objc; path = MapTableVC.m; sourceTree = "<group>"; };
		570DB3ED1A890641001D137E /* NephogramMapVC.h */ = {isa = PBXFileReference; fileEncoding = 4; lastKnownFileType = sourcecode.c.h; path = NephogramMapVC.h; sourceTree = "<group>"; };
		570DB3EE1A890641001D137E /* NephogramMapVC.m */ = {isa = PBXFileReference; fileEncoding = 4; lastKnownFileType = sourcecode.c.objc; path = NephogramMapVC.m; sourceTree = "<group>"; };
		570DB3F01A890649001D137E /* MapRouteVC.h */ = {isa = PBXFileReference; fileEncoding = 4; lastKnownFileType = sourcecode.c.h; path = MapRouteVC.h; sourceTree = "<group>"; };
		570DB3F11A890649001D137E /* MapRouteVC.m */ = {isa = PBXFileReference; fileEncoding = 4; lastKnownFileType = sourcecode.c.objc; path = MapRouteVC.m; sourceTree = "<group>"; };
		570DB3F31A890653001D137E /* MapCalloutVC.h */ = {isa = PBXFileReference; fileEncoding = 4; lastKnownFileType = sourcecode.c.h; path = MapCalloutVC.h; sourceTree = "<group>"; };
		570DB3F41A890653001D137E /* MapCalloutVC.m */ = {isa = PBXFileReference; fileEncoding = 4; lastKnownFileType = sourcecode.c.objc; path = MapCalloutVC.m; sourceTree = "<group>"; };
		570DB3F61A890664001D137E /* CustomCalloutVC.h */ = {isa = PBXFileReference; fileEncoding = 4; lastKnownFileType = sourcecode.c.h; path = CustomCalloutVC.h; sourceTree = "<group>"; };
		570DB3F71A890664001D137E /* CustomCalloutVC.m */ = {isa = PBXFileReference; fileEncoding = 4; lastKnownFileType = sourcecode.c.objc; path = CustomCalloutVC.m; sourceTree = "<group>"; };
		571310B21ABC217500E980F9 /* NephogramData.framework */ = {isa = PBXFileReference; lastKnownFileType = wrapper.framework; path = NephogramData.framework; sourceTree = "<group>"; };
		57163EA41AB7CDF8002B40C6 /* RenderingScheme.json */ = {isa = PBXFileReference; fileEncoding = 4; lastKnownFileType = text.json; path = RenderingScheme.json; sourceTree = "<group>"; };
		57193FEB1AD6D97500631296 /* RenderingScheme_H85200001.json */ = {isa = PBXFileReference; fileEncoding = 4; lastKnownFileType = text.json; path = RenderingScheme_H85200001.json; sourceTree = "<group>"; };
		571E58961AB921FC007B36DD /* NPRoutePointConverter.h */ = {isa = PBXFileReference; fileEncoding = 4; lastKnownFileType = sourcecode.c.h; path = NPRoutePointConverter.h; sourceTree = "<group>"; };
		571E58971AB921FC007B36DD /* NPRoutePointConverter.m */ = {isa = PBXFileReference; fileEncoding = 4; lastKnownFileType = sourcecode.c.objc; path = NPRoutePointConverter.m; sourceTree = "<group>"; };
		571E58B41AB9D2F0007B36DD /* NPRouteResult.h */ = {isa = PBXFileReference; fileEncoding = 4; lastKnownFileType = sourcecode.c.h; path = NPRouteResult.h; sourceTree = "<group>"; };
		571E58B51AB9D2F0007B36DD /* NPRouteResult.m */ = {isa = PBXFileReference; fileEncoding = 4; lastKnownFileType = sourcecode.c.objc; path = NPRouteResult.m; sourceTree = "<group>"; };
		573FD4281AB0330C0083EAC0 /* NPBuilding.h */ = {isa = PBXFileReference; fileEncoding = 4; lastKnownFileType = sourcecode.c.h; path = NPBuilding.h; sourceTree = "<group>"; };
		573FD4291AB0330C0083EAC0 /* NPBuilding.m */ = {isa = PBXFileReference; fileEncoding = 4; lastKnownFileType = sourcecode.c.objc; path = NPBuilding.m; sourceTree = "<group>"; };
		573FD42A1AB0330C0083EAC0 /* NPCity.h */ = {isa = PBXFileReference; fileEncoding = 4; lastKnownFileType = sourcecode.c.h; path = NPCity.h; sourceTree = "<group>"; };
		573FD42B1AB0330C0083EAC0 /* NPCity.m */ = {isa = PBXFileReference; fileEncoding = 4; lastKnownFileType = sourcecode.c.objc; path = NPCity.m; sourceTree = "<group>"; };
		57422E211AB018CB009065FB /* NPMapType.h */ = {isa = PBXFileReference; lastKnownFileType = sourcecode.c.h; path = NPMapType.h; sourceTree = "<group>"; };
		574443CE1AAED31000E6232C /* CreatingPOIDBAdapter.h */ = {isa = PBXFileReference; fileEncoding = 4; lastKnownFileType = sourcecode.c.h; path = CreatingPOIDBAdapter.h; sourceTree = "<group>"; };
		574443CF1AAED31000E6232C /* CreatingPOIDBAdapter.m */ = {isa = PBXFileReference; fileEncoding = 4; lastKnownFileType = sourcecode.c.objc; path = CreatingPOIDBAdapter.m; sourceTree = "<group>"; };
		574443E41AAED36300E6232C /* FMDatabase.h */ = {isa = PBXFileReference; fileEncoding = 4; lastKnownFileType = sourcecode.c.h; path = FMDatabase.h; sourceTree = "<group>"; };
		574443E51AAED36300E6232C /* FMDatabase.m */ = {isa = PBXFileReference; fileEncoding = 4; lastKnownFileType = sourcecode.c.objc; path = FMDatabase.m; sourceTree = "<group>"; };
		574443E61AAED36300E6232C /* FMDatabaseAdditions.h */ = {isa = PBXFileReference; fileEncoding = 4; lastKnownFileType = sourcecode.c.h; path = FMDatabaseAdditions.h; sourceTree = "<group>"; };
		574443E71AAED36300E6232C /* FMDatabaseAdditions.m */ = {isa = PBXFileReference; fileEncoding = 4; lastKnownFileType = sourcecode.c.objc; path = FMDatabaseAdditions.m; sourceTree = "<group>"; };
		574443E81AAED36300E6232C /* FMDatabasePool.h */ = {isa = PBXFileReference; fileEncoding = 4; lastKnownFileType = sourcecode.c.h; path = FMDatabasePool.h; sourceTree = "<group>"; };
		574443E91AAED36300E6232C /* FMDatabasePool.m */ = {isa = PBXFileReference; fileEncoding = 4; lastKnownFileType = sourcecode.c.objc; path = FMDatabasePool.m; sourceTree = "<group>"; };
		574443EA1AAED36300E6232C /* FMDatabaseQueue.h */ = {isa = PBXFileReference; fileEncoding = 4; lastKnownFileType = sourcecode.c.h; path = FMDatabaseQueue.h; sourceTree = "<group>"; };
		574443EB1AAED36300E6232C /* FMDatabaseQueue.m */ = {isa = PBXFileReference; fileEncoding = 4; lastKnownFileType = sourcecode.c.objc; path = FMDatabaseQueue.m; sourceTree = "<group>"; };
		574443EC1AAED36300E6232C /* FMResultSet.h */ = {isa = PBXFileReference; fileEncoding = 4; lastKnownFileType = sourcecode.c.h; path = FMResultSet.h; sourceTree = "<group>"; };
		574443ED1AAED36300E6232C /* FMResultSet.m */ = {isa = PBXFileReference; fileEncoding = 4; lastKnownFileType = sourcecode.c.objc; path = FMResultSet.m; sourceTree = "<group>"; };
		574443F31AAEDEB600E6232C /* libsqlite3.0.dylib */ = {isa = PBXFileReference; lastKnownFileType = "compiled.mach-o.dylib"; name = libsqlite3.0.dylib; path = usr/lib/libsqlite3.0.dylib; sourceTree = SDKROOT; };
		574443F51AAEE1D500E6232C /* CreatePOIDatabaseVC.h */ = {isa = PBXFileReference; fileEncoding = 4; lastKnownFileType = sourcecode.c.h; path = CreatePOIDatabaseVC.h; sourceTree = "<group>"; };
		574443F61AAEE1D500E6232C /* CreatePOIDatabaseVC.m */ = {isa = PBXFileReference; fileEncoding = 4; lastKnownFileType = sourcecode.c.objc; path = CreatePOIDatabaseVC.m; sourceTree = "<group>"; };
		574443F81AAEE64600E6232C /* BaseLogVC.h */ = {isa = PBXFileReference; fileEncoding = 4; lastKnownFileType = sourcecode.c.h; path = BaseLogVC.h; sourceTree = "<group>"; };
		574443F91AAEE64600E6232C /* BaseLogVC.m */ = {isa = PBXFileReference; fileEncoding = 4; lastKnownFileType = sourcecode.c.objc; path = BaseLogVC.m; sourceTree = "<group>"; };
		576094C01AD8E58700647DAE /* NephogramMapResource.zip */ = {isa = PBXFileReference; lastKnownFileType = archive.zip; path = NephogramMapResource.zip; sourceTree = "<group>"; };
		576094D31AD8E7DF00647DAE /* NephogramMapResource */ = {isa = PBXFileReference; lastKnownFileType = folder; path = NephogramMapResource; sourceTree = "<group>"; };
		576094D51AD8FDFF00647DAE /* NPMapFileManager.h */ = {isa = PBXFileReference; fileEncoding = 4; lastKnownFileType = sourcecode.c.h; path = NPMapFileManager.h; sourceTree = "<group>"; };
		576094D61AD8FDFF00647DAE /* NPMapFileManager.m */ = {isa = PBXFileReference; fileEncoding = 4; lastKnownFileType = sourcecode.c.objc; path = NPMapFileManager.m; sourceTree = "<group>"; };
		57AD3F671ACBE0C30013B1E0 /* NPPathCalibration.h */ = {isa = PBXFileReference; fileEncoding = 4; lastKnownFileType = sourcecode.c.h; name = NPPathCalibration.h; path = NephogramMap/NPPathCalibration.h; sourceTree = "<group>"; };
		57AD3F681ACBE0C30013B1E0 /* NPPathCalibration.m */ = {isa = PBXFileReference; fileEncoding = 4; lastKnownFileType = sourcecode.c.objc; name = NPPathCalibration.m; path = NephogramMap/NPPathCalibration.m; sourceTree = "<group>"; };
		57AD3F731ACCD6240013B1E0 /* NPLocationLayer.h */ = {isa = PBXFileReference; fileEncoding = 4; lastKnownFileType = sourcecode.c.h; path = NPLocationLayer.h; sourceTree = "<group>"; };
		57AD3F741ACCD6240013B1E0 /* NPLocationLayer.m */ = {isa = PBXFileReference; fileEncoding = 4; lastKnownFileType = sourcecode.c.objc; path = NPLocationLayer.m; sourceTree = "<group>"; };
		57AD3F801ACCD9810013B1E0 /* NPCredential.h */ = {isa = PBXFileReference; fileEncoding = 4; lastKnownFileType = sourcecode.c.h; path = NPCredential.h; sourceTree = "<group>"; };
		57AD3F811ACCD9810013B1E0 /* NPCredential.m */ = {isa = PBXFileReference; fileEncoding = 4; lastKnownFileType = sourcecode.c.objc; path = NPCredential.m; sourceTree = "<group>"; };
		57AD3F821ACCD9810013B1E0 /* NPGraphicsLayer.h */ = {isa = PBXFileReference; fileEncoding = 4; lastKnownFileType = sourcecode.c.h; path = NPGraphicsLayer.h; sourceTree = "<group>"; };
		57AD3F831ACCD9810013B1E0 /* NPGraphicsLayer.m */ = {isa = PBXFileReference; fileEncoding = 4; lastKnownFileType = sourcecode.c.objc; path = NPGraphicsLayer.m; sourceTree = "<group>"; };
		57AD3F861ACCDC730013B1E0 /* NPSpatialReference.h */ = {isa = PBXFileReference; fileEncoding = 4; lastKnownFileType = sourcecode.c.h; path = NPSpatialReference.h; sourceTree = "<group>"; };
		57AD3F871ACCDC730013B1E0 /* NPSpatialReference.m */ = {isa = PBXFileReference; fileEncoding = 4; lastKnownFileType = sourcecode.c.objc; path = NPSpatialReference.m; sourceTree = "<group>"; };
		57AD3F891ACCDCD30013B1E0 /* NPGraphic.h */ = {isa = PBXFileReference; fileEncoding = 4; lastKnownFileType = sourcecode.c.h; path = NPGraphic.h; sourceTree = "<group>"; };
		57AD3F8A1ACCDCD30013B1E0 /* NPGraphic.m */ = {isa = PBXFileReference; fileEncoding = 4; lastKnownFileType = sourcecode.c.objc; path = NPGraphic.m; sourceTree = "<group>"; };
		57AD3F8C1ACCDD290013B1E0 /* NPSimpleMarkerSymbol.h */ = {isa = PBXFileReference; fileEncoding = 4; lastKnownFileType = sourcecode.c.h; path = NPSimpleMarkerSymbol.h; sourceTree = "<group>"; };
		57AD3F8D1ACCDD290013B1E0 /* NPSimpleMarkerSymbol.m */ = {isa = PBXFileReference; fileEncoding = 4; lastKnownFileType = sourcecode.c.objc; path = NPSimpleMarkerSymbol.m; sourceTree = "<group>"; };
		57AD3F8F1ACCDD910013B1E0 /* NPPoint.h */ = {isa = PBXFileReference; fileEncoding = 4; lastKnownFileType = sourcecode.c.h; path = NPPoint.h; sourceTree = "<group>"; };
		57AD3F901ACCDD910013B1E0 /* NPPoint.m */ = {isa = PBXFileReference; fileEncoding = 4; lastKnownFileType = sourcecode.c.objc; path = NPPoint.m; sourceTree = "<group>"; };
		57AD3F921ACCDE710013B1E0 /* NPMarkerSymbol.h */ = {isa = PBXFileReference; fileEncoding = 4; lastKnownFileType = sourcecode.c.h; path = NPMarkerSymbol.h; sourceTree = "<group>"; };
		57AD3F931ACCDE710013B1E0 /* NPMarkerSymbol.m */ = {isa = PBXFileReference; fileEncoding = 4; lastKnownFileType = sourcecode.c.objc; path = NPMarkerSymbol.m; sourceTree = "<group>"; };
		57AD3F951ACCDEEB0013B1E0 /* NPSimpleFillSymbol.h */ = {isa = PBXFileReference; fileEncoding = 4; lastKnownFileType = sourcecode.c.h; path = NPSimpleFillSymbol.h; sourceTree = "<group>"; };
		57AD3F961ACCDEEB0013B1E0 /* NPSimpleFillSymbol.m */ = {isa = PBXFileReference; fileEncoding = 4; lastKnownFileType = sourcecode.c.objc; path = NPSimpleFillSymbol.m; sourceTree = "<group>"; };
		57AD3F981ACCDEFF0013B1E0 /* NPSimpleLineSymbol.h */ = {isa = PBXFileReference; fileEncoding = 4; lastKnownFileType = sourcecode.c.h; path = NPSimpleLineSymbol.h; sourceTree = "<group>"; };
		57AD3F991ACCDEFF0013B1E0 /* NPSimpleLineSymbol.m */ = {isa = PBXFileReference; fileEncoding = 4; lastKnownFileType = sourcecode.c.objc; path = NPSimpleLineSymbol.m; sourceTree = "<group>"; };
		57AD3F9B1ACCE0B30013B1E0 /* NPEnvelope.h */ = {isa = PBXFileReference; fileEncoding = 4; lastKnownFileType = sourcecode.c.h; path = NPEnvelope.h; sourceTree = "<group>"; };
		57AD3F9C1ACCE0B30013B1E0 /* NPEnvelope.m */ = {isa = PBXFileReference; fileEncoding = 4; lastKnownFileType = sourcecode.c.objc; path = NPEnvelope.m; sourceTree = "<group>"; };
		57AD3F9E1ACCE3490013B1E0 /* NPPictureMarkerSymbol.h */ = {isa = PBXFileReference; fileEncoding = 4; lastKnownFileType = sourcecode.c.h; path = NPPictureMarkerSymbol.h; sourceTree = "<group>"; };
		57AD3F9F1ACCE34A0013B1E0 /* NPPictureMarkerSymbol.m */ = {isa = PBXFileReference; fileEncoding = 4; lastKnownFileType = sourcecode.c.objc; path = NPPictureMarkerSymbol.m; sourceTree = "<group>"; };
		57AD3FA11ACCE37A0013B1E0 /* NPGeometry.h */ = {isa = PBXFileReference; fileEncoding = 4; lastKnownFileType = sourcecode.c.h; path = NPGeometry.h; sourceTree = "<group>"; };
		57AD3FA21ACCE37A0013B1E0 /* NPGeometry.m */ = {isa = PBXFileReference; fileEncoding = 4; lastKnownFileType = sourcecode.c.objc; path = NPGeometry.m; sourceTree = "<group>"; };
		57AD3FA41ACCE4C80013B1E0 /* NPPolyline.h */ = {isa = PBXFileReference; fileEncoding = 4; lastKnownFileType = sourcecode.c.h; path = NPPolyline.h; sourceTree = "<group>"; };
		57AD3FA51ACCE4C80013B1E0 /* NPPolyline.m */ = {isa = PBXFileReference; fileEncoding = 4; lastKnownFileType = sourcecode.c.objc; path = NPPolyline.m; sourceTree = "<group>"; };
		57AD40381ACCFAC20013B1E0 /* NPCallout.h */ = {isa = PBXFileReference; fileEncoding = 4; lastKnownFileType = sourcecode.c.h; path = NPCallout.h; sourceTree = "<group>"; };
		57AD40391ACCFAC20013B1E0 /* NPCallout.m */ = {isa = PBXFileReference; fileEncoding = 4; lastKnownFileType = sourcecode.c.objc; path = NPCallout.m; sourceTree = "<group>"; };
		57AD403B1ACCFC390013B1E0 /* NPLocationDisplay.h */ = {isa = PBXFileReference; fileEncoding = 4; lastKnownFileType = sourcecode.c.h; path = NPLocationDisplay.h; sourceTree = "<group>"; };
		57AD403C1ACCFC390013B1E0 /* NPLocationDisplay.m */ = {isa = PBXFileReference; fileEncoding = 4; lastKnownFileType = sourcecode.c.objc; path = NPLocationDisplay.m; sourceTree = "<group>"; };
		57AD40511ACD239A0013B1E0 /* NPPolygon.h */ = {isa = PBXFileReference; fileEncoding = 4; lastKnownFileType = sourcecode.c.h; path = NPPolygon.h; sourceTree = "<group>"; };
		57AD40521ACD239A0013B1E0 /* NPPolygon.m */ = {isa = PBXFileReference; fileEncoding = 4; lastKnownFileType = sourcecode.c.objc; path = NPPolygon.m; sourceTree = "<group>"; };
		57AD405A1ACD25340013B1E0 /* NPGeometryEngine.h */ = {isa = PBXFileReference; fileEncoding = 4; lastKnownFileType = sourcecode.c.h; path = NPGeometryEngine.h; sourceTree = "<group>"; };
		57AD405B1ACD25340013B1E0 /* NPGeometryEngine.m */ = {isa = PBXFileReference; fileEncoding = 4; lastKnownFileType = sourcecode.c.objc; path = NPGeometryEngine.m; sourceTree = "<group>"; };
		57E2C9F21AC1175A00EBEF9B /* NPAreaAnalysis.h */ = {isa = PBXFileReference; fileEncoding = 4; lastKnownFileType = sourcecode.c.h; path = NPAreaAnalysis.h; sourceTree = "<group>"; };
		57E2C9F31AC1175A00EBEF9B /* NPAreaAnalysis.m */ = {isa = PBXFileReference; fileEncoding = 4; lastKnownFileType = sourcecode.c.objc; path = NPAreaAnalysis.m; sourceTree = "<group>"; };
		57F06C1D1A87BC7500B9511F /* NephogramMapProject.app */ = {isa = PBXFileReference; explicitFileType = wrapper.application; includeInIndex = 0; path = NephogramMapProject.app; sourceTree = BUILT_PRODUCTS_DIR; };
		57F06C211A87BC7500B9511F /* Info.plist */ = {isa = PBXFileReference; lastKnownFileType = text.plist.xml; path = Info.plist; sourceTree = "<group>"; };
		57F06C221A87BC7500B9511F /* main.m */ = {isa = PBXFileReference; lastKnownFileType = sourcecode.c.objc; path = main.m; sourceTree = "<group>"; };
		57F06C241A87BC7500B9511F /* AppDelegate.h */ = {isa = PBXFileReference; lastKnownFileType = sourcecode.c.h; path = AppDelegate.h; sourceTree = "<group>"; };
		57F06C251A87BC7500B9511F /* AppDelegate.m */ = {isa = PBXFileReference; lastKnownFileType = sourcecode.c.objc; path = AppDelegate.m; sourceTree = "<group>"; };
		57F06C2B1A87BC7500B9511F /* Base */ = {isa = PBXFileReference; lastKnownFileType = file.storyboard; name = Base; path = Base.lproj/Main.storyboard; sourceTree = "<group>"; };
		57F06C2D1A87BC7500B9511F /* Images.xcassets */ = {isa = PBXFileReference; lastKnownFileType = folder.assetcatalog; path = Images.xcassets; sourceTree = "<group>"; };
		57F06C301A87BC7500B9511F /* Base */ = {isa = PBXFileReference; lastKnownFileType = file.xib; name = Base; path = Base.lproj/LaunchScreen.xib; sourceTree = "<group>"; };
		57F06C931A87BE0500B9511F /* ArcGIS.bundle */ = {isa = PBXFileReference; lastKnownFileType = "wrapper.plug-in"; path = ArcGIS.bundle; sourceTree = "<group>"; };
		57F06CE31A87BF1900B9511F /* BaseControllerTableVC.h */ = {isa = PBXFileReference; fileEncoding = 4; lastKnownFileType = sourcecode.c.h; path = BaseControllerTableVC.h; sourceTree = "<group>"; };
		57F06CE41A87BF1900B9511F /* BaseControllerTableVC.m */ = {isa = PBXFileReference; fileEncoding = 4; lastKnownFileType = sourcecode.c.objc; path = BaseControllerTableVC.m; sourceTree = "<group>"; };
		57F06CE61A87BF8D00B9511F /* NPPoi.h */ = {isa = PBXFileReference; fileEncoding = 4; lastKnownFileType = sourcecode.c.h; path = NPPoi.h; sourceTree = "<group>"; };
		57F06CE71A87BF8D00B9511F /* NPPoi.m */ = {isa = PBXFileReference; fileEncoding = 4; lastKnownFileType = sourcecode.c.objc; path = NPPoi.m; sourceTree = "<group>"; };
		57F06CE91A87BFD700B9511F /* NPFacilityLayer.h */ = {isa = PBXFileReference; fileEncoding = 4; lastKnownFileType = sourcecode.c.h; path = NPFacilityLayer.h; sourceTree = "<group>"; };
		57F06CEA1A87BFD700B9511F /* NPFacilityLayer.m */ = {isa = PBXFileReference; fileEncoding = 4; lastKnownFileType = sourcecode.c.objc; path = NPFacilityLayer.m; sourceTree = "<group>"; };
		57F06CEC1A87BFE400B9511F /* NPFloorLayer.h */ = {isa = PBXFileReference; fileEncoding = 4; lastKnownFileType = sourcecode.c.h; path = NPFloorLayer.h; sourceTree = "<group>"; };
		57F06CED1A87BFE400B9511F /* NPFloorLayer.m */ = {isa = PBXFileReference; fileEncoding = 4; lastKnownFileType = sourcecode.c.objc; path = NPFloorLayer.m; sourceTree = "<group>"; };
		57F06CEF1A87BFEF00B9511F /* NPLabelLayer.h */ = {isa = PBXFileReference; fileEncoding = 4; lastKnownFileType = sourcecode.c.h; path = NPLabelLayer.h; sourceTree = "<group>"; };
		57F06CF01A87BFEF00B9511F /* NPLabelLayer.m */ = {isa = PBXFileReference; fileEncoding = 4; lastKnownFileType = sourcecode.c.objc; path = NPLabelLayer.m; sourceTree = "<group>"; };
		57F06CF21A87BFFA00B9511F /* NPAssetLayer.h */ = {isa = PBXFileReference; fileEncoding = 4; lastKnownFileType = sourcecode.c.h; path = NPAssetLayer.h; sourceTree = "<group>"; };
		57F06CF31A87BFFA00B9511F /* NPAssetLayer.m */ = {isa = PBXFileReference; fileEncoding = 4; lastKnownFileType = sourcecode.c.objc; path = NPAssetLayer.m; sourceTree = "<group>"; };
		57F06CF51A87C00500B9511F /* NPRoomLayer.h */ = {isa = PBXFileReference; fileEncoding = 4; lastKnownFileType = sourcecode.c.h; path = NPRoomLayer.h; sourceTree = "<group>"; };
		57F06CF61A87C00500B9511F /* NPRoomLayer.m */ = {isa = PBXFileReference; fileEncoding = 4; lastKnownFileType = sourcecode.c.objc; path = NPRoomLayer.m; sourceTree = "<group>"; };
		57F06CF81A87C18D00B9511F /* NPRenderingScheme.h */ = {isa = PBXFileReference; fileEncoding = 4; lastKnownFileType = sourcecode.c.h; path = NPRenderingScheme.h; sourceTree = "<group>"; };
		57F06CF91A87C18D00B9511F /* NPRenderingScheme.m */ = {isa = PBXFileReference; fileEncoding = 4; lastKnownFileType = sourcecode.c.objc; path = NPRenderingScheme.m; sourceTree = "<group>"; };
		57F06CFB1A87C19600B9511F /* NPMapInfo.h */ = {isa = PBXFileReference; fileEncoding = 4; lastKnownFileType = sourcecode.c.h; path = NPMapInfo.h; sourceTree = "<group>"; };
		57F06CFC1A87C19600B9511F /* NPMapInfo.m */ = {isa = PBXFileReference; fileEncoding = 4; lastKnownFileType = sourcecode.c.objc; path = NPMapInfo.m; sourceTree = "<group>"; };
		57F06CFE1A87C19F00B9511F /* NPMapView.h */ = {isa = PBXFileReference; fileEncoding = 4; lastKnownFileType = sourcecode.c.h; path = NPMapView.h; sourceTree = "<group>"; };
		57F06CFF1A87C19F00B9511F /* NPMapView.m */ = {isa = PBXFileReference; fileEncoding = 4; lastKnownFileType = sourcecode.c.objc; path = NPMapView.m; sourceTree = "<group>"; };
		57F06D011A87C1A900B9511F /* NPArcGISDrawer.h */ = {isa = PBXFileReference; fileEncoding = 4; lastKnownFileType = sourcecode.c.h; path = NPArcGISDrawer.h; sourceTree = "<group>"; };
		57F06D021A87C1A900B9511F /* NPArcGISDrawer.m */ = {isa = PBXFileReference; fileEncoding = 4; lastKnownFileType = sourcecode.c.objc; path = NPArcGISDrawer.m; sourceTree = "<group>"; };
		57F06D041A87C1B700B9511F /* NPMapEnviroment.h */ = {isa = PBXFileReference; fileEncoding = 4; lastKnownFileType = sourcecode.c.h; path = NPMapEnviroment.h; sourceTree = "<group>"; };
		57F06D051A87C1B700B9511F /* NPMapEnviroment.m */ = {isa = PBXFileReference; fileEncoding = 4; lastKnownFileType = sourcecode.c.objc; path = NPMapEnviroment.m; sourceTree = "<group>"; };
		57F06D071A87C1C800B9511F /* NPRouteLayer.h */ = {isa = PBXFileReference; fileEncoding = 4; lastKnownFileType = sourcecode.c.h; path = NPRouteLayer.h; sourceTree = "<group>"; };
		57F06D081A87C1C800B9511F /* NPRouteLayer.m */ = {isa = PBXFileReference; fileEncoding = 4; lastKnownFileType = sourcecode.c.objc; path = NPRouteLayer.m; sourceTree = "<group>"; };
		57F06D0A1A87C1D500B9511F /* NPRouteManager.h */ = {isa = PBXFileReference; fileEncoding = 4; lastKnownFileType = sourcecode.c.h; path = NPRouteManager.h; sourceTree = "<group>"; };
		57F06D0B1A87C1D500B9511F /* NPRouteManager.m */ = {isa = PBXFileReference; fileEncoding = 4; lastKnownFileType = sourcecode.c.objc; path = NPRouteManager.m; sourceTree = "<group>"; };
/* End PBXFileReference section */

/* Begin PBXFrameworksBuildPhase section */
		57F06C1A1A87BC7500B9511F /* Frameworks */ = {
			isa = PBXFrameworksBuildPhase;
			buildActionMask = 2147483647;
			files = (
				571310B31ABC217500E980F9 /* NephogramData.framework in Frameworks */,
				574443F41AAEDEB600E6232C /* libsqlite3.0.dylib in Frameworks */,
			);
			runOnlyForDeploymentPostprocessing = 0;
		};
/* End PBXFrameworksBuildPhase section */

/* Begin PBXGroup section */
		574443CD1AAED2CE00E6232C /* MapTools */ = {
			isa = PBXGroup;
			children = (
				570923CC1AB01120009A3F04 /* NPPoiDBAdapter.h */,
				570923CD1AB01120009A3F04 /* NPPoiDBAdapter.m */,
				574443CE1AAED31000E6232C /* CreatingPOIDBAdapter.h */,
				574443CF1AAED31000E6232C /* CreatingPOIDBAdapter.m */,
			);
			path = MapTools;
			sourceTree = "<group>";
		};
		574443E21AAED36300E6232C /* libs */ = {
			isa = PBXGroup;
			children = (
				574443E31AAED36300E6232C /* FMDB */,
			);
			path = libs;
			sourceTree = "<group>";
		};
		574443E31AAED36300E6232C /* FMDB */ = {
			isa = PBXGroup;
			children = (
				574443E41AAED36300E6232C /* FMDatabase.h */,
				574443E51AAED36300E6232C /* FMDatabase.m */,
				574443E61AAED36300E6232C /* FMDatabaseAdditions.h */,
				574443E71AAED36300E6232C /* FMDatabaseAdditions.m */,
				574443E81AAED36300E6232C /* FMDatabasePool.h */,
				574443E91AAED36300E6232C /* FMDatabasePool.m */,
				574443EA1AAED36300E6232C /* FMDatabaseQueue.h */,
				574443EB1AAED36300E6232C /* FMDatabaseQueue.m */,
				574443EC1AAED36300E6232C /* FMResultSet.h */,
				574443ED1AAED36300E6232C /* FMResultSet.m */,
			);
			path = FMDB;
			sourceTree = "<group>";
		};
		574C7D2D1AB0479900894DD2 /* MapFiles */ = {
			isa = PBXGroup;
			children = (
				57193FEB1AD6D97500631296 /* RenderingScheme_H85200001.json */,
				57163EA41AB7CDF8002B40C6 /* RenderingScheme.json */,
			);
			path = MapFiles;
			sourceTree = "<group>";
		};
		57AD3F7F1ACCD9810013B1E0 /* Entity */ = {
			isa = PBXGroup;
			children = (
				57AD3F9E1ACCE3490013B1E0 /* NPPictureMarkerSymbol.h */,
				57AD3F9F1ACCE34A0013B1E0 /* NPPictureMarkerSymbol.m */,
				57AD3F801ACCD9810013B1E0 /* NPCredential.h */,
				57AD3F811ACCD9810013B1E0 /* NPCredential.m */,
				57AD3F821ACCD9810013B1E0 /* NPGraphicsLayer.h */,
				57AD3F831ACCD9810013B1E0 /* NPGraphicsLayer.m */,
				57AD3F861ACCDC730013B1E0 /* NPSpatialReference.h */,
				57AD3F871ACCDC730013B1E0 /* NPSpatialReference.m */,
				57AD3F891ACCDCD30013B1E0 /* NPGraphic.h */,
				57AD3F8A1ACCDCD30013B1E0 /* NPGraphic.m */,
				57AD3F8C1ACCDD290013B1E0 /* NPSimpleMarkerSymbol.h */,
				57AD3F8D1ACCDD290013B1E0 /* NPSimpleMarkerSymbol.m */,
				57AD3F8F1ACCDD910013B1E0 /* NPPoint.h */,
				57AD3F901ACCDD910013B1E0 /* NPPoint.m */,
				57AD3F921ACCDE710013B1E0 /* NPMarkerSymbol.h */,
				57AD3F931ACCDE710013B1E0 /* NPMarkerSymbol.m */,
				57AD3F951ACCDEEB0013B1E0 /* NPSimpleFillSymbol.h */,
				57AD3F961ACCDEEB0013B1E0 /* NPSimpleFillSymbol.m */,
				57AD3F981ACCDEFF0013B1E0 /* NPSimpleLineSymbol.h */,
				57AD3F991ACCDEFF0013B1E0 /* NPSimpleLineSymbol.m */,
				57AD3F9B1ACCE0B30013B1E0 /* NPEnvelope.h */,
				57AD3F9C1ACCE0B30013B1E0 /* NPEnvelope.m */,
				57AD3FA11ACCE37A0013B1E0 /* NPGeometry.h */,
				57AD3FA21ACCE37A0013B1E0 /* NPGeometry.m */,
				57AD3FA41ACCE4C80013B1E0 /* NPPolyline.h */,
				57AD3FA51ACCE4C80013B1E0 /* NPPolyline.m */,
				57AD40381ACCFAC20013B1E0 /* NPCallout.h */,
				57AD40391ACCFAC20013B1E0 /* NPCallout.m */,
				57AD403B1ACCFC390013B1E0 /* NPLocationDisplay.h */,
				57AD403C1ACCFC390013B1E0 /* NPLocationDisplay.m */,
				57AD40511ACD239A0013B1E0 /* NPPolygon.h */,
				57AD40521ACD239A0013B1E0 /* NPPolygon.m */,
				57AD405A1ACD25340013B1E0 /* NPGeometryEngine.h */,
				57AD405B1ACD25340013B1E0 /* NPGeometryEngine.m */,
			);
			path = Entity;
			sourceTree = "<group>";
		};
		57F06C141A87BC7500B9511F = {
			isa = PBXGroup;
			children = (
				57F06C1F1A87BC7500B9511F /* NephogramMapProject */,
				57F06C1E1A87BC7500B9511F /* Products */,
			);
			sourceTree = "<group>";
		};
		57F06C1E1A87BC7500B9511F /* Products */ = {
			isa = PBXGroup;
			children = (
				57F06C1D1A87BC7500B9511F /* NephogramMapProject.app */,
			);
			name = Products;
			sourceTree = "<group>";
		};
		57F06C1F1A87BC7500B9511F /* NephogramMapProject */ = {
			isa = PBXGroup;
			children = (
				57AD3F671ACBE0C30013B1E0 /* NPPathCalibration.h */,
				57AD3F681ACBE0C30013B1E0 /* NPPathCalibration.m */,
				574443CD1AAED2CE00E6232C /* MapTools */,
				57F06C241A87BC7500B9511F /* AppDelegate.h */,
				57F06C251A87BC7500B9511F /* AppDelegate.m */,
				57F06CDC1A87BE4B00B9511F /* GlobalSettings */,
				57F06CE21A87BE4B00B9511F /* ViewControllers */,
				57F06CDD1A87BE4B00B9511F /* NephogramMap */,
				57F06C2A1A87BC7500B9511F /* Main.storyboard */,
				57F06C2D1A87BC7500B9511F /* Images.xcassets */,
				57F06C2F1A87BC7500B9511F /* LaunchScreen.xib */,
				574443E21AAED36300E6232C /* libs */,
				57F06C921A87BE0500B9511F /* Resources */,
				57F06C201A87BC7500B9511F /* Supporting Files */,
			);
			path = NephogramMapProject;
			sourceTree = "<group>";
		};
		57F06C201A87BC7500B9511F /* Supporting Files */ = {
			isa = PBXGroup;
			children = (
				571310B21ABC217500E980F9 /* NephogramData.framework */,
				574443F31AAEDEB600E6232C /* libsqlite3.0.dylib */,
				57F06C211A87BC7500B9511F /* Info.plist */,
				57F06C221A87BC7500B9511F /* main.m */,
			);
			name = "Supporting Files";
			sourceTree = "<group>";
		};
		57F06C921A87BE0500B9511F /* Resources */ = {
			isa = PBXGroup;
			children = (
				576094D31AD8E7DF00647DAE /* NephogramMapResource */,
				576094C01AD8E58700647DAE /* NephogramMapResource.zip */,
				574C7D2D1AB0479900894DD2 /* MapFiles */,
				57F06C931A87BE0500B9511F /* ArcGIS.bundle */,
			);
			path = Resources;
			sourceTree = "<group>";
		};
		57F06CDC1A87BE4B00B9511F /* GlobalSettings */ = {
			isa = PBXGroup;
			children = (
				570DB3E41A8903BF001D137E /* NPUserDefaults.h */,
				570DB3E51A8903BF001D137E /* NPUserDefaults.m */,
			);
			path = GlobalSettings;
			sourceTree = "<group>";
		};
		57F06CDD1A87BE4B00B9511F /* NephogramMap */ = {
			isa = PBXGroup;
			children = (
				57AD3F7F1ACCD9810013B1E0 /* Entity */,
				57F06CDE1A87BE4B00B9511F /* Layers */,
				57F06CDF1A87BE4B00B9511F /* MapView */,
				57F06CE01A87BE4B00B9511F /* POI */,
				57F06CE11A87BE4B00B9511F /* Route */,
			);
			path = NephogramMap;
			sourceTree = "<group>";
		};
		57F06CDE1A87BE4B00B9511F /* Layers */ = {
			isa = PBXGroup;
			children = (
				57F06CE91A87BFD700B9511F /* NPFacilityLayer.h */,
				57F06CEA1A87BFD700B9511F /* NPFacilityLayer.m */,
				57F06CEC1A87BFE400B9511F /* NPFloorLayer.h */,
				57F06CED1A87BFE400B9511F /* NPFloorLayer.m */,
				57F06CEF1A87BFEF00B9511F /* NPLabelLayer.h */,
				57F06CF01A87BFEF00B9511F /* NPLabelLayer.m */,
				57F06CF21A87BFFA00B9511F /* NPAssetLayer.h */,
				57F06CF31A87BFFA00B9511F /* NPAssetLayer.m */,
				57F06CF51A87C00500B9511F /* NPRoomLayer.h */,
				57F06CF61A87C00500B9511F /* NPRoomLayer.m */,
				57AD3F731ACCD6240013B1E0 /* NPLocationLayer.h */,
				57AD3F741ACCD6240013B1E0 /* NPLocationLayer.m */,
			);
			path = Layers;
			sourceTree = "<group>";
		};
		57F06CDF1A87BE4B00B9511F /* MapView */ = {
			isa = PBXGroup;
			children = (
				573FD4281AB0330C0083EAC0 /* NPBuilding.h */,
				573FD4291AB0330C0083EAC0 /* NPBuilding.m */,
				573FD42A1AB0330C0083EAC0 /* NPCity.h */,
				573FD42B1AB0330C0083EAC0 /* NPCity.m */,
				57F06CF81A87C18D00B9511F /* NPRenderingScheme.h */,
				57F06CF91A87C18D00B9511F /* NPRenderingScheme.m */,
				57F06CFB1A87C19600B9511F /* NPMapInfo.h */,
				57F06CFC1A87C19600B9511F /* NPMapInfo.m */,
				57F06CFE1A87C19F00B9511F /* NPMapView.h */,
				57F06CFF1A87C19F00B9511F /* NPMapView.m */,
				57F06D011A87C1A900B9511F /* NPArcGISDrawer.h */,
				57F06D021A87C1A900B9511F /* NPArcGISDrawer.m */,
				57F06D041A87C1B700B9511F /* NPMapEnviroment.h */,
				57F06D051A87C1B700B9511F /* NPMapEnviroment.m */,
				57422E211AB018CB009065FB /* NPMapType.h */,
				57E2C9F21AC1175A00EBEF9B /* NPAreaAnalysis.h */,
				57E2C9F31AC1175A00EBEF9B /* NPAreaAnalysis.m */,
				576094D51AD8FDFF00647DAE /* NPMapFileManager.h */,
				576094D61AD8FDFF00647DAE /* NPMapFileManager.m */,
			);
			path = MapView;
			sourceTree = "<group>";
		};
		57F06CE01A87BE4B00B9511F /* POI */ = {
			isa = PBXGroup;
			children = (
				57F06CE61A87BF8D00B9511F /* NPPoi.h */,
				57F06CE71A87BF8D00B9511F /* NPPoi.m */,
			);
			path = POI;
			sourceTree = "<group>";
		};
		57F06CE11A87BE4B00B9511F /* Route */ = {
			isa = PBXGroup;
			children = (
				57F06D071A87C1C800B9511F /* NPRouteLayer.h */,
				57F06D081A87C1C800B9511F /* NPRouteLayer.m */,
				57F06D0A1A87C1D500B9511F /* NPRouteManager.h */,
				57F06D0B1A87C1D500B9511F /* NPRouteManager.m */,
				571E58961AB921FC007B36DD /* NPRoutePointConverter.h */,
				571E58971AB921FC007B36DD /* NPRoutePointConverter.m */,
				571E58B41AB9D2F0007B36DD /* NPRouteResult.h */,
				571E58B51AB9D2F0007B36DD /* NPRouteResult.m */,
			);
			path = Route;
			sourceTree = "<group>";
		};
		57F06CE21A87BE4B00B9511F /* ViewControllers */ = {
			isa = PBXGroup;
			children = (
				574443F81AAEE64600E6232C /* BaseLogVC.h */,
				574443F91AAEE64600E6232C /* BaseLogVC.m */,
				57F06CE31A87BF1900B9511F /* BaseControllerTableVC.h */,
				57F06CE41A87BF1900B9511F /* BaseControllerTableVC.m */,
				570DB3E71A8905E9001D137E /* BaseMapVC.h */,
				570DB3E81A8905E9001D137E /* BaseMapVC.m */,
				570DB3EA1A890634001D137E /* MapTableVC.h */,
				570DB3EB1A890634001D137E /* MapTableVC.m */,
				570DB3ED1A890641001D137E /* NephogramMapVC.h */,
				570DB3EE1A890641001D137E /* NephogramMapVC.m */,
				570DB3F01A890649001D137E /* MapRouteVC.h */,
				570DB3F11A890649001D137E /* MapRouteVC.m */,
				570DB3F31A890653001D137E /* MapCalloutVC.h */,
				570DB3F41A890653001D137E /* MapCalloutVC.m */,
				570DB3F61A890664001D137E /* CustomCalloutVC.h */,
				570DB3F71A890664001D137E /* CustomCalloutVC.m */,
				574443F51AAEE1D500E6232C /* CreatePOIDatabaseVC.h */,
				574443F61AAEE1D500E6232C /* CreatePOIDatabaseVC.m */,
			);
			path = ViewControllers;
			sourceTree = "<group>";
		};
/* End PBXGroup section */

/* Begin PBXNativeTarget section */
		57F06C1C1A87BC7500B9511F /* NephogramMapProject */ = {
			isa = PBXNativeTarget;
			buildConfigurationList = 57F06C401A87BC7500B9511F /* Build configuration list for PBXNativeTarget "NephogramMapProject" */;
			buildPhases = (
				57F06C191A87BC7500B9511F /* Sources */,
				57F06C1A1A87BC7500B9511F /* Frameworks */,
				57F06C1B1A87BC7500B9511F /* Resources */,
			);
			buildRules = (
			);
			dependencies = (
			);
			name = NephogramMapProject;
			productName = NephogramMapProject;
			productReference = 57F06C1D1A87BC7500B9511F /* NephogramMapProject.app */;
			productType = "com.apple.product-type.application";
		};
/* End PBXNativeTarget section */

/* Begin PBXProject section */
		57F06C151A87BC7500B9511F /* Project object */ = {
			isa = PBXProject;
			attributes = {
				LastUpgradeCheck = 0610;
				ORGANIZATIONNAME = innerpeacer;
				TargetAttributes = {
					57F06C1C1A87BC7500B9511F = {
						CreatedOnToolsVersion = 6.1.1;
					};
				};
			};
			buildConfigurationList = 57F06C181A87BC7500B9511F /* Build configuration list for PBXProject "NephogramMapProject" */;
			compatibilityVersion = "Xcode 3.2";
			developmentRegion = English;
			hasScannedForEncodings = 0;
			knownRegions = (
				en,
				Base,
			);
			mainGroup = 57F06C141A87BC7500B9511F;
			productRefGroup = 57F06C1E1A87BC7500B9511F /* Products */;
			projectDirPath = "";
			projectRoot = "";
			targets = (
				57F06C1C1A87BC7500B9511F /* NephogramMapProject */,
			);
		};
/* End PBXProject section */

/* Begin PBXResourcesBuildPhase section */
		57F06C1B1A87BC7500B9511F /* Resources */ = {
			isa = PBXResourcesBuildPhase;
			buildActionMask = 2147483647;
			files = (
				57F06C2C1A87BC7500B9511F /* Main.storyboard in Resources */,
				57F06C311A87BC7500B9511F /* LaunchScreen.xib in Resources */,
				57F06CB81A87BE0500B9511F /* ArcGIS.bundle in Resources */,
				576094D41AD8E7DF00647DAE /* NephogramMapResource in Resources */,
				57193FF21AD6D97500631296 /* RenderingScheme_H85200001.json in Resources */,
				57F06C2E1A87BC7500B9511F /* Images.xcassets in Resources */,
				57163EE71AB7CDF8002B40C6 /* RenderingScheme.json in Resources */,
				576094C11AD8E58700647DAE /* NephogramMapResource.zip in Resources */,
			);
			runOnlyForDeploymentPostprocessing = 0;
		};
/* End PBXResourcesBuildPhase section */

/* Begin PBXSourcesBuildPhase section */
		57F06C191A87BC7500B9511F /* Sources */ = {
			isa = PBXSourcesBuildPhase;
			buildActionMask = 2147483647;
			files = (
				57AD40531ACD239A0013B1E0 /* NPPolygon.m in Sources */,
				57AD3F9A1ACCDEFF0013B1E0 /* NPSimpleLineSymbol.m in Sources */,
				570DB3E91A8905E9001D137E /* BaseMapVC.m in Sources */,
				57F06CF71A87C00500B9511F /* NPRoomLayer.m in Sources */,
				573FD42D1AB0330C0083EAC0 /* NPCity.m in Sources */,
				57F06CEB1A87BFD700B9511F /* NPFacilityLayer.m in Sources */,
				574443FA1AAEE64600E6232C /* BaseLogVC.m in Sources */,
				57F06D031A87C1A900B9511F /* NPArcGISDrawer.m in Sources */,
				57F06D0C1A87C1D500B9511F /* NPRouteManager.m in Sources */,
				57AD403A1ACCFAC20013B1E0 /* NPCallout.m in Sources */,
				57F06CF11A87BFEF00B9511F /* NPLabelLayer.m in Sources */,
				570DB3F21A890649001D137E /* MapRouteVC.m in Sources */,
				57AD3F8E1ACCDD290013B1E0 /* NPSimpleMarkerSymbol.m in Sources */,
				570DB3F81A890664001D137E /* CustomCalloutVC.m in Sources */,
				57AD3FA01ACCE34A0013B1E0 /* NPPictureMarkerSymbol.m in Sources */,
				573FD42C1AB0330C0083EAC0 /* NPBuilding.m in Sources */,
				571E58B61AB9D2F0007B36DD /* NPRouteResult.m in Sources */,
				57F06CE81A87BF8D00B9511F /* NPPoi.m in Sources */,
				57AD3F8B1ACCDCD30013B1E0 /* NPGraphic.m in Sources */,
				570DB3F51A890653001D137E /* MapCalloutVC.m in Sources */,
				571E58981AB921FC007B36DD /* NPRoutePointConverter.m in Sources */,
				57AD405C1ACD25340013B1E0 /* NPGeometryEngine.m in Sources */,
				57AD3F911ACCDD910013B1E0 /* NPPoint.m in Sources */,
				57AD3F881ACCDC730013B1E0 /* NPSpatialReference.m in Sources */,
				57AD3F971ACCDEEB0013B1E0 /* NPSimpleFillSymbol.m in Sources */,
				57AD3F851ACCD9810013B1E0 /* NPGraphicsLayer.m in Sources */,
				57AD3F751ACCD6240013B1E0 /* NPLocationLayer.m in Sources */,
				576094D71AD8FDFF00647DAE /* NPMapFileManager.m in Sources */,
				57F06CEE1A87BFE400B9511F /* NPFloorLayer.m in Sources */,
				57F06D001A87C19F00B9511F /* NPMapView.m in Sources */,
				57F06D091A87C1C800B9511F /* NPRouteLayer.m in Sources */,
				574443F01AAED36300E6232C /* FMDatabasePool.m in Sources */,
				574443F71AAEE1D500E6232C /* CreatePOIDatabaseVC.m in Sources */,
				57AD3FA31ACCE37A0013B1E0 /* NPGeometry.m in Sources */,
				574443EE1AAED36300E6232C /* FMDatabase.m in Sources */,
				574443D01AAED31000E6232C /* CreatingPOIDBAdapter.m in Sources */,
				57F06CFA1A87C18D00B9511F /* NPRenderingScheme.m in Sources */,
				574443F11AAED36300E6232C /* FMDatabaseQueue.m in Sources */,
				574443F21AAED36300E6232C /* FMResultSet.m in Sources */,
				570DB3EC1A890634001D137E /* MapTableVC.m in Sources */,
				57F06CFD1A87C19600B9511F /* NPMapInfo.m in Sources */,
				570DB3E61A8903BF001D137E /* NPUserDefaults.m in Sources */,
				570923CE1AB01120009A3F04 /* NPPoiDBAdapter.m in Sources */,
				57F06D061A87C1B700B9511F /* NPMapEnviroment.m in Sources */,
				57F06CF41A87BFFA00B9511F /* NPAssetLayer.m in Sources */,
				574443EF1AAED36300E6232C /* FMDatabaseAdditions.m in Sources */,
				57AD3F841ACCD9810013B1E0 /* NPCredential.m in Sources */,
				57F06C261A87BC7500B9511F /* AppDelegate.m in Sources */,
				57AD3F941ACCDE710013B1E0 /* NPMarkerSymbol.m in Sources */,
				57AD3F691ACBE0C30013B1E0 /* NPPathCalibration.m in Sources */,
				57F06C231A87BC7500B9511F /* main.m in Sources */,
				57F06CE51A87BF1900B9511F /* BaseControllerTableVC.m in Sources */,
				57AD403D1ACCFC390013B1E0 /* NPLocationDisplay.m in Sources */,
				57E2C9F41AC1175A00EBEF9B /* NPAreaAnalysis.m in Sources */,
				57AD3FA61ACCE4C80013B1E0 /* NPPolyline.m in Sources */,
				570DB3EF1A890641001D137E /* NephogramMapVC.m in Sources */,
				57AD3F9D1ACCE0B30013B1E0 /* NPEnvelope.m in Sources */,
			);
			runOnlyForDeploymentPostprocessing = 0;
		};
/* End PBXSourcesBuildPhase section */

/* Begin PBXVariantGroup section */
		57F06C2A1A87BC7500B9511F /* Main.storyboard */ = {
			isa = PBXVariantGroup;
			children = (
				57F06C2B1A87BC7500B9511F /* Base */,
			);
			name = Main.storyboard;
			sourceTree = "<group>";
		};
		57F06C2F1A87BC7500B9511F /* LaunchScreen.xib */ = {
			isa = PBXVariantGroup;
			children = (
				57F06C301A87BC7500B9511F /* Base */,
			);
			name = LaunchScreen.xib;
			sourceTree = "<group>";
		};
/* End PBXVariantGroup section */

/* Begin XCBuildConfiguration section */
		57F06C3E1A87BC7500B9511F /* Debug */ = {
			isa = XCBuildConfiguration;
			buildSettings = {
				ALWAYS_SEARCH_USER_PATHS = NO;
				CLANG_CXX_LANGUAGE_STANDARD = "gnu++0x";
				CLANG_CXX_LIBRARY = "libc++";
				CLANG_ENABLE_MODULES = YES;
				CLANG_ENABLE_OBJC_ARC = YES;
				CLANG_WARN_BOOL_CONVERSION = YES;
				CLANG_WARN_CONSTANT_CONVERSION = YES;
				CLANG_WARN_DIRECT_OBJC_ISA_USAGE = YES_ERROR;
				CLANG_WARN_EMPTY_BODY = YES;
				CLANG_WARN_ENUM_CONVERSION = YES;
				CLANG_WARN_INT_CONVERSION = YES;
				CLANG_WARN_OBJC_ROOT_CLASS = YES_ERROR;
				CLANG_WARN_UNREACHABLE_CODE = YES;
				CLANG_WARN__DUPLICATE_METHOD_MATCH = YES;
				"CODE_SIGN_IDENTITY[sdk=iphoneos*]" = "iPhone Developer";
				COPY_PHASE_STRIP = NO;
				ENABLE_STRICT_OBJC_MSGSEND = YES;
				GCC_C_LANGUAGE_STANDARD = gnu99;
				GCC_DYNAMIC_NO_PIC = NO;
				GCC_OPTIMIZATION_LEVEL = 0;
				GCC_PREPROCESSOR_DEFINITIONS = (
					"DEBUG=1",
					"$(inherited)",
				);
				GCC_SYMBOLS_PRIVATE_EXTERN = NO;
				GCC_WARN_64_TO_32_BIT_CONVERSION = YES;
				GCC_WARN_ABOUT_RETURN_TYPE = YES_ERROR;
				GCC_WARN_UNDECLARED_SELECTOR = YES;
				GCC_WARN_UNINITIALIZED_AUTOS = YES_AGGRESSIVE;
				GCC_WARN_UNUSED_FUNCTION = YES;
				GCC_WARN_UNUSED_VARIABLE = YES;
				IPHONEOS_DEPLOYMENT_TARGET = 8.1;
				MTL_ENABLE_DEBUG_INFO = YES;
				ONLY_ACTIVE_ARCH = YES;
				SDKROOT = iphoneos;
			};
			name = Debug;
		};
		57F06C3F1A87BC7500B9511F /* Release */ = {
			isa = XCBuildConfiguration;
			buildSettings = {
				ALWAYS_SEARCH_USER_PATHS = NO;
				CLANG_CXX_LANGUAGE_STANDARD = "gnu++0x";
				CLANG_CXX_LIBRARY = "libc++";
				CLANG_ENABLE_MODULES = YES;
				CLANG_ENABLE_OBJC_ARC = YES;
				CLANG_WARN_BOOL_CONVERSION = YES;
				CLANG_WARN_CONSTANT_CONVERSION = YES;
				CLANG_WARN_DIRECT_OBJC_ISA_USAGE = YES_ERROR;
				CLANG_WARN_EMPTY_BODY = YES;
				CLANG_WARN_ENUM_CONVERSION = YES;
				CLANG_WARN_INT_CONVERSION = YES;
				CLANG_WARN_OBJC_ROOT_CLASS = YES_ERROR;
				CLANG_WARN_UNREACHABLE_CODE = YES;
				CLANG_WARN__DUPLICATE_METHOD_MATCH = YES;
				"CODE_SIGN_IDENTITY[sdk=iphoneos*]" = "iPhone Developer";
				COPY_PHASE_STRIP = YES;
				ENABLE_NS_ASSERTIONS = NO;
				ENABLE_STRICT_OBJC_MSGSEND = YES;
				GCC_C_LANGUAGE_STANDARD = gnu99;
				GCC_WARN_64_TO_32_BIT_CONVERSION = YES;
				GCC_WARN_ABOUT_RETURN_TYPE = YES_ERROR;
				GCC_WARN_UNDECLARED_SELECTOR = YES;
				GCC_WARN_UNINITIALIZED_AUTOS = YES_AGGRESSIVE;
				GCC_WARN_UNUSED_FUNCTION = YES;
				GCC_WARN_UNUSED_VARIABLE = YES;
				IPHONEOS_DEPLOYMENT_TARGET = 8.1;
				MTL_ENABLE_DEBUG_INFO = NO;
				SDKROOT = iphoneos;
				VALIDATE_PRODUCT = YES;
			};
			name = Release;
		};
		57F06C411A87BC7500B9511F /* Debug */ = {
			isa = XCBuildConfiguration;
			buildSettings = {
				ASSETCATALOG_COMPILER_APPICON_NAME = AppIcon;
				CLANG_WARN_DOCUMENTATION_COMMENTS = NO;
				FRAMEWORK_SEARCH_PATHS = (
					"$(HOME)/Library/SDKs/ArcGIS/iOS/",
					"$(PROJECT_DIR)/NephogramMapProject",
				);
				INFOPLIST_FILE = NephogramMapProject/Info.plist;
				LD_RUNPATH_SEARCH_PATHS = "$(inherited) @executable_path/Frameworks";
				OTHER_LDFLAGS = (
					"-ObjC",
					"-framework",
					ArcGIS,
					"-l",
					"c++",
				);
				PRODUCT_NAME = "$(TARGET_NAME)";
			};
			name = Debug;
		};
		57F06C421A87BC7500B9511F /* Release */ = {
			isa = XCBuildConfiguration;
			buildSettings = {
				ASSETCATALOG_COMPILER_APPICON_NAME = AppIcon;
				CLANG_WARN_DOCUMENTATION_COMMENTS = NO;
				FRAMEWORK_SEARCH_PATHS = (
					"$(HOME)/Library/SDKs/ArcGIS/iOS/",
					"$(PROJECT_DIR)/NephogramMapProject",
				);
				INFOPLIST_FILE = NephogramMapProject/Info.plist;
				LD_RUNPATH_SEARCH_PATHS = "$(inherited) @executable_path/Frameworks";
				OTHER_LDFLAGS = (
					"-ObjC",
					"-framework",
					ArcGIS,
					"-l",
					"c++",
				);
				PRODUCT_NAME = "$(TARGET_NAME)";
			};
			name = Release;
		};
/* End XCBuildConfiguration section */

/* Begin XCConfigurationList section */
		57F06C181A87BC7500B9511F /* Build configuration list for PBXProject "NephogramMapProject" */ = {
			isa = XCConfigurationList;
			buildConfigurations = (
				57F06C3E1A87BC7500B9511F /* Debug */,
				57F06C3F1A87BC7500B9511F /* Release */,
			);
			defaultConfigurationIsVisible = 0;
			defaultConfigurationName = Release;
		};
		57F06C401A87BC7500B9511F /* Build configuration list for PBXNativeTarget "NephogramMapProject" */ = {
			isa = XCConfigurationList;
			buildConfigurations = (
				57F06C411A87BC7500B9511F /* Debug */,
				57F06C421A87BC7500B9511F /* Release */,
			);
			defaultConfigurationIsVisible = 0;
			defaultConfigurationName = Release;
		};
/* End XCConfigurationList section */
	};
	rootObject = 57F06C151A87BC7500B9511F /* Project object */;
}
