// !$*UTF8*$!
{
	archiveVersion = 1;
	classes = {
	};
	objectVersion = 46;
	objects = {

/* Begin PBXBuildFile section */
		570923CE1AB01120009A3F04 /* NPPoiDBAdapter.m in Sources */ = {isa = PBXBuildFile; fileRef = 570923CD1AB01120009A3F04 /* NPPoiDBAdapter.m */; };
		570DB3E61A8903BF001D137E /* NPUserDefaults.m in Sources */ = {isa = PBXBuildFile; fileRef = 570DB3E51A8903BF001D137E /* NPUserDefaults.m */; };
		570DB3E91A8905E9001D137E /* BaseMapVC.m in Sources */ = {isa = PBXBuildFile; fileRef = 570DB3E81A8905E9001D137E /* BaseMapVC.m */; };
		570DB3EC1A890634001D137E /* MapTableVC.m in Sources */ = {isa = PBXBuildFile; fileRef = 570DB3EB1A890634001D137E /* MapTableVC.m */; };
		570DB3EF1A890641001D137E /* NephogramMapVC.m in Sources */ = {isa = PBXBuildFile; fileRef = 570DB3EE1A890641001D137E /* NephogramMapVC.m */; };
		570DB3F21A890649001D137E /* MapRouteVC.m in Sources */ = {isa = PBXBuildFile; fileRef = 570DB3F11A890649001D137E /* MapRouteVC.m */; };
		570DB3F51A890653001D137E /* MapCalloutVC.m in Sources */ = {isa = PBXBuildFile; fileRef = 570DB3F41A890653001D137E /* MapCalloutVC.m */; };
		570DB3F81A890664001D137E /* CustomCalloutVC.m in Sources */ = {isa = PBXBuildFile; fileRef = 570DB3F71A890664001D137E /* CustomCalloutVC.m */; };
		574443D01AAED31000E6232C /* CreatingPOIDBAdapter.m in Sources */ = {isa = PBXBuildFile; fileRef = 574443CF1AAED31000E6232C /* CreatingPOIDBAdapter.m */; };
		574443EE1AAED36300E6232C /* FMDatabase.m in Sources */ = {isa = PBXBuildFile; fileRef = 574443E51AAED36300E6232C /* FMDatabase.m */; };
		574443EF1AAED36300E6232C /* FMDatabaseAdditions.m in Sources */ = {isa = PBXBuildFile; fileRef = 574443E71AAED36300E6232C /* FMDatabaseAdditions.m */; };
		574443F01AAED36300E6232C /* FMDatabasePool.m in Sources */ = {isa = PBXBuildFile; fileRef = 574443E91AAED36300E6232C /* FMDatabasePool.m */; };
		574443F11AAED36300E6232C /* FMDatabaseQueue.m in Sources */ = {isa = PBXBuildFile; fileRef = 574443EB1AAED36300E6232C /* FMDatabaseQueue.m */; };
		574443F21AAED36300E6232C /* FMResultSet.m in Sources */ = {isa = PBXBuildFile; fileRef = 574443ED1AAED36300E6232C /* FMResultSet.m */; };
		574443F41AAEDEB600E6232C /* libsqlite3.0.dylib in Frameworks */ = {isa = PBXBuildFile; fileRef = 574443F31AAEDEB600E6232C /* libsqlite3.0.dylib */; };
		574443F71AAEE1D500E6232C /* CreatePOIDatabaseVC.m in Sources */ = {isa = PBXBuildFile; fileRef = 574443F61AAEE1D500E6232C /* CreatePOIDatabaseVC.m */; };
		574443FA1AAEE64600E6232C /* BaseLogVC.m in Sources */ = {isa = PBXBuildFile; fileRef = 574443F91AAEE64600E6232C /* BaseLogVC.m */; };
		57E4F2491AAD2CBD003B450B /* 002100002B01_FACILITY.json in Resources */ = {isa = PBXBuildFile; fileRef = 57E4F2301AAD2CBD003B450B /* 002100002B01_FACILITY.json */; };
		57E4F24A1AAD2CBD003B450B /* 002100002B01_FLOOR.json in Resources */ = {isa = PBXBuildFile; fileRef = 57E4F2311AAD2CBD003B450B /* 002100002B01_FLOOR.json */; };
		57E4F24B1AAD2CBD003B450B /* 002100002B01_LABEL.json in Resources */ = {isa = PBXBuildFile; fileRef = 57E4F2321AAD2CBD003B450B /* 002100002B01_LABEL.json */; };
		57E4F24C1AAD2CBD003B450B /* 002100002B01_ROOM.json in Resources */ = {isa = PBXBuildFile; fileRef = 57E4F2331AAD2CBD003B450B /* 002100002B01_ROOM.json */; };
		57E4F24D1AAD2CBD003B450B /* 002100002F01_ASSET.json in Resources */ = {isa = PBXBuildFile; fileRef = 57E4F2341AAD2CBD003B450B /* 002100002F01_ASSET.json */; };
		57E4F24E1AAD2CBD003B450B /* 002100002F01_FACILITY.json in Resources */ = {isa = PBXBuildFile; fileRef = 57E4F2351AAD2CBD003B450B /* 002100002F01_FACILITY.json */; };
		57E4F24F1AAD2CBD003B450B /* 002100002F01_FLOOR.json in Resources */ = {isa = PBXBuildFile; fileRef = 57E4F2361AAD2CBD003B450B /* 002100002F01_FLOOR.json */; };
		57E4F2501AAD2CBD003B450B /* 002100002F01_LABEL.json in Resources */ = {isa = PBXBuildFile; fileRef = 57E4F2371AAD2CBD003B450B /* 002100002F01_LABEL.json */; };
		57E4F2511AAD2CBD003B450B /* 002100002F01_ROOM.json in Resources */ = {isa = PBXBuildFile; fileRef = 57E4F2381AAD2CBD003B450B /* 002100002F01_ROOM.json */; };
		57E4F2521AAD2CBD003B450B /* 002100002F13_ASSET.json in Resources */ = {isa = PBXBuildFile; fileRef = 57E4F2391AAD2CBD003B450B /* 002100002F13_ASSET.json */; };
		57E4F2531AAD2CBD003B450B /* 002100002F13_FACILITY.json in Resources */ = {isa = PBXBuildFile; fileRef = 57E4F23A1AAD2CBD003B450B /* 002100002F13_FACILITY.json */; };
		57E4F2541AAD2CBD003B450B /* 002100002F13_FLOOR.json in Resources */ = {isa = PBXBuildFile; fileRef = 57E4F23B1AAD2CBD003B450B /* 002100002F13_FLOOR.json */; };
		57E4F2551AAD2CBD003B450B /* 002100002F13_LABEL.json in Resources */ = {isa = PBXBuildFile; fileRef = 57E4F23C1AAD2CBD003B450B /* 002100002F13_LABEL.json */; };
		57E4F2561AAD2CBD003B450B /* 002100002F13_ROOM.json in Resources */ = {isa = PBXBuildFile; fileRef = 57E4F23D1AAD2CBD003B450B /* 002100002F13_ROOM.json */; };
		57E4F2571AAD2CBD003B450B /* 002100002F19_ASSET.json in Resources */ = {isa = PBXBuildFile; fileRef = 57E4F23E1AAD2CBD003B450B /* 002100002F19_ASSET.json */; };
		57E4F2581AAD2CBD003B450B /* 002100002F19_FACILITY.json in Resources */ = {isa = PBXBuildFile; fileRef = 57E4F23F1AAD2CBD003B450B /* 002100002F19_FACILITY.json */; };
		57E4F2591AAD2CBD003B450B /* 002100002F19_FLOOR.json in Resources */ = {isa = PBXBuildFile; fileRef = 57E4F2401AAD2CBD003B450B /* 002100002F19_FLOOR.json */; };
		57E4F25A1AAD2CBD003B450B /* 002100002F19_LABEL.json in Resources */ = {isa = PBXBuildFile; fileRef = 57E4F2411AAD2CBD003B450B /* 002100002F19_LABEL.json */; };
		57E4F25B1AAD2CBD003B450B /* 002100002F19_ROOM.json in Resources */ = {isa = PBXBuildFile; fileRef = 57E4F2421AAD2CBD003B450B /* 002100002F19_ROOM.json */; };
		57E4F25C1AAD2CBD003B450B /* 002100002F20_ASSET.json in Resources */ = {isa = PBXBuildFile; fileRef = 57E4F2431AAD2CBD003B450B /* 002100002F20_ASSET.json */; };
		57E4F25D1AAD2CBD003B450B /* 002100002F20_FACILITY.json in Resources */ = {isa = PBXBuildFile; fileRef = 57E4F2441AAD2CBD003B450B /* 002100002F20_FACILITY.json */; };
		57E4F25E1AAD2CBD003B450B /* 002100002F20_LABEL.json in Resources */ = {isa = PBXBuildFile; fileRef = 57E4F2451AAD2CBD003B450B /* 002100002F20_LABEL.json */; };
		57E4F25F1AAD2CBD003B450B /* 002100002F20_ROOM.json in Resources */ = {isa = PBXBuildFile; fileRef = 57E4F2461AAD2CBD003B450B /* 002100002F20_ROOM.json */; };
		57E4F2601AAD2CBD003B450B /* MapInfo_Building_002100002.json in Resources */ = {isa = PBXBuildFile; fileRef = 57E4F2471AAD2CBD003B450B /* MapInfo_Building_002100002.json */; };
		57F06C231A87BC7500B9511F /* main.m in Sources */ = {isa = PBXBuildFile; fileRef = 57F06C221A87BC7500B9511F /* main.m */; };
		57F06C261A87BC7500B9511F /* AppDelegate.m in Sources */ = {isa = PBXBuildFile; fileRef = 57F06C251A87BC7500B9511F /* AppDelegate.m */; };
		57F06C2C1A87BC7500B9511F /* Main.storyboard in Resources */ = {isa = PBXBuildFile; fileRef = 57F06C2A1A87BC7500B9511F /* Main.storyboard */; };
		57F06C2E1A87BC7500B9511F /* Images.xcassets in Resources */ = {isa = PBXBuildFile; fileRef = 57F06C2D1A87BC7500B9511F /* Images.xcassets */; };
		57F06C311A87BC7500B9511F /* LaunchScreen.xib in Resources */ = {isa = PBXBuildFile; fileRef = 57F06C2F1A87BC7500B9511F /* LaunchScreen.xib */; };
		57F06CB81A87BE0500B9511F /* ArcGIS.bundle in Resources */ = {isa = PBXBuildFile; fileRef = 57F06C931A87BE0500B9511F /* ArcGIS.bundle */; };
		57F06CB91A87BE0500B9511F /* 002100001F04_ASSET.json in Resources */ = {isa = PBXBuildFile; fileRef = 57F06C951A87BE0500B9511F /* 002100001F04_ASSET.json */; };
		57F06CBA1A87BE0500B9511F /* 002100001F04_FACILITY.json in Resources */ = {isa = PBXBuildFile; fileRef = 57F06C961A87BE0500B9511F /* 002100001F04_FACILITY.json */; };
		57F06CBB1A87BE0500B9511F /* 002100001F04_FLOOR.json in Resources */ = {isa = PBXBuildFile; fileRef = 57F06C971A87BE0500B9511F /* 002100001F04_FLOOR.json */; };
		57F06CBC1A87BE0500B9511F /* 002100001F04_LABEL.json in Resources */ = {isa = PBXBuildFile; fileRef = 57F06C981A87BE0500B9511F /* 002100001F04_LABEL.json */; };
		57F06CBD1A87BE0500B9511F /* 002100001F04_ROOM.json in Resources */ = {isa = PBXBuildFile; fileRef = 57F06C991A87BE0500B9511F /* 002100001F04_ROOM.json */; };
		57F06CBE1A87BE0500B9511F /* 002100004F01_ASSET.json in Resources */ = {isa = PBXBuildFile; fileRef = 57F06C9A1A87BE0500B9511F /* 002100004F01_ASSET.json */; };
		57F06CBF1A87BE0500B9511F /* 002100004F01_FACILITY.json in Resources */ = {isa = PBXBuildFile; fileRef = 57F06C9B1A87BE0500B9511F /* 002100004F01_FACILITY.json */; };
		57F06CC01A87BE0500B9511F /* 002100004F01_FLOOR.json in Resources */ = {isa = PBXBuildFile; fileRef = 57F06C9C1A87BE0500B9511F /* 002100004F01_FLOOR.json */; };
		57F06CC11A87BE0500B9511F /* 002100004F01_LABEL.json in Resources */ = {isa = PBXBuildFile; fileRef = 57F06C9D1A87BE0500B9511F /* 002100004F01_LABEL.json */; };
		57F06CC21A87BE0500B9511F /* 002100004F01_ROOM.json in Resources */ = {isa = PBXBuildFile; fileRef = 57F06C9E1A87BE0500B9511F /* 002100004F01_ROOM.json */; };
		57F06CC31A87BE0500B9511F /* 002100004F02_ASSET.json in Resources */ = {isa = PBXBuildFile; fileRef = 57F06C9F1A87BE0500B9511F /* 002100004F02_ASSET.json */; };
		57F06CC41A87BE0500B9511F /* 002100004F02_FACILITY.json in Resources */ = {isa = PBXBuildFile; fileRef = 57F06CA01A87BE0500B9511F /* 002100004F02_FACILITY.json */; };
		57F06CC51A87BE0500B9511F /* 002100004F02_FLOOR.json in Resources */ = {isa = PBXBuildFile; fileRef = 57F06CA11A87BE0500B9511F /* 002100004F02_FLOOR.json */; };
		57F06CC61A87BE0500B9511F /* 002100004F02_LABEL.json in Resources */ = {isa = PBXBuildFile; fileRef = 57F06CA21A87BE0500B9511F /* 002100004F02_LABEL.json */; };
		57F06CC71A87BE0500B9511F /* 002100004F02_ROOM.json in Resources */ = {isa = PBXBuildFile; fileRef = 57F06CA31A87BE0500B9511F /* 002100004F02_ROOM.json */; };
		57F06CC81A87BE0500B9511F /* 002100004F03_ASSET.json in Resources */ = {isa = PBXBuildFile; fileRef = 57F06CA41A87BE0500B9511F /* 002100004F03_ASSET.json */; };
		57F06CC91A87BE0500B9511F /* 002100004F03_FACILITY.json in Resources */ = {isa = PBXBuildFile; fileRef = 57F06CA51A87BE0500B9511F /* 002100004F03_FACILITY.json */; };
		57F06CCA1A87BE0500B9511F /* 002100004F03_FLOOR.json in Resources */ = {isa = PBXBuildFile; fileRef = 57F06CA61A87BE0500B9511F /* 002100004F03_FLOOR.json */; };
		57F06CCB1A87BE0500B9511F /* 002100004F03_LABEL.json in Resources */ = {isa = PBXBuildFile; fileRef = 57F06CA71A87BE0500B9511F /* 002100004F03_LABEL.json */; };
		57F06CCD1A87BE0500B9511F /* 002199999F05_ASSET.json in Resources */ = {isa = PBXBuildFile; fileRef = 57F06CA91A87BE0500B9511F /* 002199999F05_ASSET.json */; };
		57F06CCE1A87BE0500B9511F /* 002199999F05_FACILITY.json in Resources */ = {isa = PBXBuildFile; fileRef = 57F06CAA1A87BE0500B9511F /* 002199999F05_FACILITY.json */; };
		57F06CCF1A87BE0500B9511F /* 002199999F05_FLOOR.json in Resources */ = {isa = PBXBuildFile; fileRef = 57F06CAB1A87BE0500B9511F /* 002199999F05_FLOOR.json */; };
		57F06CD01A87BE0500B9511F /* 002199999F05_LABEL.json in Resources */ = {isa = PBXBuildFile; fileRef = 57F06CAC1A87BE0500B9511F /* 002199999F05_LABEL.json */; };
		57F06CD11A87BE0500B9511F /* 002199999F05_ROOM.json in Resources */ = {isa = PBXBuildFile; fileRef = 57F06CAD1A87BE0500B9511F /* 002199999F05_ROOM.json */; };
		57F06CD31A87BE0500B9511F /* Buildings_City_0021.json in Resources */ = {isa = PBXBuildFile; fileRef = 57F06CAF1A87BE0500B9511F /* Buildings_City_0021.json */; };
		57F06CD41A87BE0500B9511F /* Cities.json in Resources */ = {isa = PBXBuildFile; fileRef = 57F06CB01A87BE0500B9511F /* Cities.json */; };
		57F06CD51A87BE0500B9511F /* icon_exit.png in Resources */ = {isa = PBXBuildFile; fileRef = 57F06CB11A87BE0500B9511F /* icon_exit.png */; };
		57F06CD61A87BE0500B9511F /* icon_lift.png in Resources */ = {isa = PBXBuildFile; fileRef = 57F06CB21A87BE0500B9511F /* icon_lift.png */; };
		57F06CD71A87BE0500B9511F /* icon_stair.png in Resources */ = {isa = PBXBuildFile; fileRef = 57F06CB31A87BE0500B9511F /* icon_stair.png */; };
		57F06CD81A87BE0500B9511F /* MapInfo_Building_002100001.json in Resources */ = {isa = PBXBuildFile; fileRef = 57F06CB41A87BE0500B9511F /* MapInfo_Building_002100001.json */; };
		57F06CD91A87BE0500B9511F /* MapInfo_Building_002100004.json in Resources */ = {isa = PBXBuildFile; fileRef = 57F06CB51A87BE0500B9511F /* MapInfo_Building_002100004.json */; };
		57F06CDA1A87BE0500B9511F /* MapInfo_Building_002199999.json in Resources */ = {isa = PBXBuildFile; fileRef = 57F06CB61A87BE0500B9511F /* MapInfo_Building_002199999.json */; };
		57F06CDB1A87BE0500B9511F /* RenderingScheme.json in Resources */ = {isa = PBXBuildFile; fileRef = 57F06CB71A87BE0500B9511F /* RenderingScheme.json */; };
		57F06CE51A87BF1900B9511F /* BaseControllerTableVC.m in Sources */ = {isa = PBXBuildFile; fileRef = 57F06CE41A87BF1900B9511F /* BaseControllerTableVC.m */; };
		57F06CE81A87BF8D00B9511F /* NPPoi.m in Sources */ = {isa = PBXBuildFile; fileRef = 57F06CE71A87BF8D00B9511F /* NPPoi.m */; };
		57F06CEB1A87BFD700B9511F /* NPFacilityLayer.m in Sources */ = {isa = PBXBuildFile; fileRef = 57F06CEA1A87BFD700B9511F /* NPFacilityLayer.m */; };
		57F06CEE1A87BFE400B9511F /* NPFloorLayer.m in Sources */ = {isa = PBXBuildFile; fileRef = 57F06CED1A87BFE400B9511F /* NPFloorLayer.m */; };
		57F06CF11A87BFEF00B9511F /* NPLabelLayer.m in Sources */ = {isa = PBXBuildFile; fileRef = 57F06CF01A87BFEF00B9511F /* NPLabelLayer.m */; };
		57F06CF41A87BFFA00B9511F /* NPAssetLayer.m in Sources */ = {isa = PBXBuildFile; fileRef = 57F06CF31A87BFFA00B9511F /* NPAssetLayer.m */; };
		57F06CF71A87C00500B9511F /* NPRoomLayer.m in Sources */ = {isa = PBXBuildFile; fileRef = 57F06CF61A87C00500B9511F /* NPRoomLayer.m */; };
		57F06CFA1A87C18D00B9511F /* NPRenderingScheme.m in Sources */ = {isa = PBXBuildFile; fileRef = 57F06CF91A87C18D00B9511F /* NPRenderingScheme.m */; };
		57F06CFD1A87C19600B9511F /* NPMapInfo.m in Sources */ = {isa = PBXBuildFile; fileRef = 57F06CFC1A87C19600B9511F /* NPMapInfo.m */; };
		57F06D001A87C19F00B9511F /* NPMapView.m in Sources */ = {isa = PBXBuildFile; fileRef = 57F06CFF1A87C19F00B9511F /* NPMapView.m */; };
		57F06D031A87C1A900B9511F /* NPArcGISDrawer.m in Sources */ = {isa = PBXBuildFile; fileRef = 57F06D021A87C1A900B9511F /* NPArcGISDrawer.m */; };
		57F06D061A87C1B700B9511F /* NPMapEnviroment.m in Sources */ = {isa = PBXBuildFile; fileRef = 57F06D051A87C1B700B9511F /* NPMapEnviroment.m */; };
		57F06D091A87C1C800B9511F /* NPRouteLayer.m in Sources */ = {isa = PBXBuildFile; fileRef = 57F06D081A87C1C800B9511F /* NPRouteLayer.m */; };
		57F06D0C1A87C1D500B9511F /* NPRouteManager.m in Sources */ = {isa = PBXBuildFile; fileRef = 57F06D0B1A87C1D500B9511F /* NPRouteManager.m */; };
/* End PBXBuildFile section */

/* Begin PBXFileReference section */
		570923CC1AB01120009A3F04 /* NPPoiDBAdapter.h */ = {isa = PBXFileReference; fileEncoding = 4; lastKnownFileType = sourcecode.c.h; path = NPPoiDBAdapter.h; sourceTree = "<group>"; };
		570923CD1AB01120009A3F04 /* NPPoiDBAdapter.m */ = {isa = PBXFileReference; fileEncoding = 4; lastKnownFileType = sourcecode.c.objc; path = NPPoiDBAdapter.m; sourceTree = "<group>"; };
		570DB3E41A8903BF001D137E /* NPUserDefaults.h */ = {isa = PBXFileReference; fileEncoding = 4; lastKnownFileType = sourcecode.c.h; path = NPUserDefaults.h; sourceTree = "<group>"; };
		570DB3E51A8903BF001D137E /* NPUserDefaults.m */ = {isa = PBXFileReference; fileEncoding = 4; lastKnownFileType = sourcecode.c.objc; path = NPUserDefaults.m; sourceTree = "<group>"; };
		570DB3E71A8905E9001D137E /* BaseMapVC.h */ = {isa = PBXFileReference; fileEncoding = 4; lastKnownFileType = sourcecode.c.h; path = BaseMapVC.h; sourceTree = "<group>"; };
		570DB3E81A8905E9001D137E /* BaseMapVC.m */ = {isa = PBXFileReference; fileEncoding = 4; lastKnownFileType = sourcecode.c.objc; path = BaseMapVC.m; sourceTree = "<group>"; };
		570DB3EA1A890634001D137E /* MapTableVC.h */ = {isa = PBXFileReference; fileEncoding = 4; lastKnownFileType = sourcecode.c.h; path = MapTableVC.h; sourceTree = "<group>"; };
		570DB3EB1A890634001D137E /* MapTableVC.m */ = {isa = PBXFileReference; fileEncoding = 4; lastKnownFileType = sourcecode.c.objc; path = MapTableVC.m; sourceTree = "<group>"; };
		570DB3ED1A890641001D137E /* NephogramMapVC.h */ = {isa = PBXFileReference; fileEncoding = 4; lastKnownFileType = sourcecode.c.h; path = NephogramMapVC.h; sourceTree = "<group>"; };
		570DB3EE1A890641001D137E /* NephogramMapVC.m */ = {isa = PBXFileReference; fileEncoding = 4; lastKnownFileType = sourcecode.c.objc; path = NephogramMapVC.m; sourceTree = "<group>"; };
		570DB3F01A890649001D137E /* MapRouteVC.h */ = {isa = PBXFileReference; fileEncoding = 4; lastKnownFileType = sourcecode.c.h; path = MapRouteVC.h; sourceTree = "<group>"; };
		570DB3F11A890649001D137E /* MapRouteVC.m */ = {isa = PBXFileReference; fileEncoding = 4; lastKnownFileType = sourcecode.c.objc; path = MapRouteVC.m; sourceTree = "<group>"; };
		570DB3F31A890653001D137E /* MapCalloutVC.h */ = {isa = PBXFileReference; fileEncoding = 4; lastKnownFileType = sourcecode.c.h; path = MapCalloutVC.h; sourceTree = "<group>"; };
		570DB3F41A890653001D137E /* MapCalloutVC.m */ = {isa = PBXFileReference; fileEncoding = 4; lastKnownFileType = sourcecode.c.objc; path = MapCalloutVC.m; sourceTree = "<group>"; };
		570DB3F61A890664001D137E /* CustomCalloutVC.h */ = {isa = PBXFileReference; fileEncoding = 4; lastKnownFileType = sourcecode.c.h; path = CustomCalloutVC.h; sourceTree = "<group>"; };
		570DB3F71A890664001D137E /* CustomCalloutVC.m */ = {isa = PBXFileReference; fileEncoding = 4; lastKnownFileType = sourcecode.c.objc; path = CustomCalloutVC.m; sourceTree = "<group>"; };
		57422E211AB018CB009065FB /* NPMapType.h */ = {isa = PBXFileReference; lastKnownFileType = sourcecode.c.h; path = NPMapType.h; sourceTree = "<group>"; };
		574443CE1AAED31000E6232C /* CreatingPOIDBAdapter.h */ = {isa = PBXFileReference; fileEncoding = 4; lastKnownFileType = sourcecode.c.h; path = CreatingPOIDBAdapter.h; sourceTree = "<group>"; };
		574443CF1AAED31000E6232C /* CreatingPOIDBAdapter.m */ = {isa = PBXFileReference; fileEncoding = 4; lastKnownFileType = sourcecode.c.objc; path = CreatingPOIDBAdapter.m; sourceTree = "<group>"; };
		574443E41AAED36300E6232C /* FMDatabase.h */ = {isa = PBXFileReference; fileEncoding = 4; lastKnownFileType = sourcecode.c.h; path = FMDatabase.h; sourceTree = "<group>"; };
		574443E51AAED36300E6232C /* FMDatabase.m */ = {isa = PBXFileReference; fileEncoding = 4; lastKnownFileType = sourcecode.c.objc; path = FMDatabase.m; sourceTree = "<group>"; };
		574443E61AAED36300E6232C /* FMDatabaseAdditions.h */ = {isa = PBXFileReference; fileEncoding = 4; lastKnownFileType = sourcecode.c.h; path = FMDatabaseAdditions.h; sourceTree = "<group>"; };
		574443E71AAED36300E6232C /* FMDatabaseAdditions.m */ = {isa = PBXFileReference; fileEncoding = 4; lastKnownFileType = sourcecode.c.objc; path = FMDatabaseAdditions.m; sourceTree = "<group>"; };
		574443E81AAED36300E6232C /* FMDatabasePool.h */ = {isa = PBXFileReference; fileEncoding = 4; lastKnownFileType = sourcecode.c.h; path = FMDatabasePool.h; sourceTree = "<group>"; };
		574443E91AAED36300E6232C /* FMDatabasePool.m */ = {isa = PBXFileReference; fileEncoding = 4; lastKnownFileType = sourcecode.c.objc; path = FMDatabasePool.m; sourceTree = "<group>"; };
		574443EA1AAED36300E6232C /* FMDatabaseQueue.h */ = {isa = PBXFileReference; fileEncoding = 4; lastKnownFileType = sourcecode.c.h; path = FMDatabaseQueue.h; sourceTree = "<group>"; };
		574443EB1AAED36300E6232C /* FMDatabaseQueue.m */ = {isa = PBXFileReference; fileEncoding = 4; lastKnownFileType = sourcecode.c.objc; path = FMDatabaseQueue.m; sourceTree = "<group>"; };
		574443EC1AAED36300E6232C /* FMResultSet.h */ = {isa = PBXFileReference; fileEncoding = 4; lastKnownFileType = sourcecode.c.h; path = FMResultSet.h; sourceTree = "<group>"; };
		574443ED1AAED36300E6232C /* FMResultSet.m */ = {isa = PBXFileReference; fileEncoding = 4; lastKnownFileType = sourcecode.c.objc; path = FMResultSet.m; sourceTree = "<group>"; };
		574443F31AAEDEB600E6232C /* libsqlite3.0.dylib */ = {isa = PBXFileReference; lastKnownFileType = "compiled.mach-o.dylib"; name = libsqlite3.0.dylib; path = usr/lib/libsqlite3.0.dylib; sourceTree = SDKROOT; };
		574443F51AAEE1D500E6232C /* CreatePOIDatabaseVC.h */ = {isa = PBXFileReference; fileEncoding = 4; lastKnownFileType = sourcecode.c.h; path = CreatePOIDatabaseVC.h; sourceTree = "<group>"; };
		574443F61AAEE1D500E6232C /* CreatePOIDatabaseVC.m */ = {isa = PBXFileReference; fileEncoding = 4; lastKnownFileType = sourcecode.c.objc; path = CreatePOIDatabaseVC.m; sourceTree = "<group>"; };
		574443F81AAEE64600E6232C /* BaseLogVC.h */ = {isa = PBXFileReference; fileEncoding = 4; lastKnownFileType = sourcecode.c.h; path = BaseLogVC.h; sourceTree = "<group>"; };
		574443F91AAEE64600E6232C /* BaseLogVC.m */ = {isa = PBXFileReference; fileEncoding = 4; lastKnownFileType = sourcecode.c.objc; path = BaseLogVC.m; sourceTree = "<group>"; };
		57E4F2301AAD2CBD003B450B /* 002100002B01_FACILITY.json */ = {isa = PBXFileReference; fileEncoding = 4; lastKnownFileType = text.json; path = 002100002B01_FACILITY.json; sourceTree = "<group>"; };
		57E4F2311AAD2CBD003B450B /* 002100002B01_FLOOR.json */ = {isa = PBXFileReference; fileEncoding = 4; lastKnownFileType = text.json; path = 002100002B01_FLOOR.json; sourceTree = "<group>"; };
		57E4F2321AAD2CBD003B450B /* 002100002B01_LABEL.json */ = {isa = PBXFileReference; fileEncoding = 4; lastKnownFileType = text.json; path = 002100002B01_LABEL.json; sourceTree = "<group>"; };
		57E4F2331AAD2CBD003B450B /* 002100002B01_ROOM.json */ = {isa = PBXFileReference; fileEncoding = 4; lastKnownFileType = text.json; path = 002100002B01_ROOM.json; sourceTree = "<group>"; };
		57E4F2341AAD2CBD003B450B /* 002100002F01_ASSET.json */ = {isa = PBXFileReference; fileEncoding = 4; lastKnownFileType = text.json; path = 002100002F01_ASSET.json; sourceTree = "<group>"; };
		57E4F2351AAD2CBD003B450B /* 002100002F01_FACILITY.json */ = {isa = PBXFileReference; fileEncoding = 4; lastKnownFileType = text.json; path = 002100002F01_FACILITY.json; sourceTree = "<group>"; };
		57E4F2361AAD2CBD003B450B /* 002100002F01_FLOOR.json */ = {isa = PBXFileReference; fileEncoding = 4; lastKnownFileType = text.json; path = 002100002F01_FLOOR.json; sourceTree = "<group>"; };
		57E4F2371AAD2CBD003B450B /* 002100002F01_LABEL.json */ = {isa = PBXFileReference; fileEncoding = 4; lastKnownFileType = text.json; path = 002100002F01_LABEL.json; sourceTree = "<group>"; };
		57E4F2381AAD2CBD003B450B /* 002100002F01_ROOM.json */ = {isa = PBXFileReference; fileEncoding = 4; lastKnownFileType = text.json; path = 002100002F01_ROOM.json; sourceTree = "<group>"; };
		57E4F2391AAD2CBD003B450B /* 002100002F13_ASSET.json */ = {isa = PBXFileReference; fileEncoding = 4; lastKnownFileType = text.json; path = 002100002F13_ASSET.json; sourceTree = "<group>"; };
		57E4F23A1AAD2CBD003B450B /* 002100002F13_FACILITY.json */ = {isa = PBXFileReference; fileEncoding = 4; lastKnownFileType = text.json; path = 002100002F13_FACILITY.json; sourceTree = "<group>"; };
		57E4F23B1AAD2CBD003B450B /* 002100002F13_FLOOR.json */ = {isa = PBXFileReference; fileEncoding = 4; lastKnownFileType = text.json; path = 002100002F13_FLOOR.json; sourceTree = "<group>"; };
		57E4F23C1AAD2CBD003B450B /* 002100002F13_LABEL.json */ = {isa = PBXFileReference; fileEncoding = 4; lastKnownFileType = text.json; path = 002100002F13_LABEL.json; sourceTree = "<group>"; };
		57E4F23D1AAD2CBD003B450B /* 002100002F13_ROOM.json */ = {isa = PBXFileReference; fileEncoding = 4; lastKnownFileType = text.json; path = 002100002F13_ROOM.json; sourceTree = "<group>"; };
		57E4F23E1AAD2CBD003B450B /* 002100002F19_ASSET.json */ = {isa = PBXFileReference; fileEncoding = 4; lastKnownFileType = text.json; path = 002100002F19_ASSET.json; sourceTree = "<group>"; };
		57E4F23F1AAD2CBD003B450B /* 002100002F19_FACILITY.json */ = {isa = PBXFileReference; fileEncoding = 4; lastKnownFileType = text.json; path = 002100002F19_FACILITY.json; sourceTree = "<group>"; };
		57E4F2401AAD2CBD003B450B /* 002100002F19_FLOOR.json */ = {isa = PBXFileReference; fileEncoding = 4; lastKnownFileType = text.json; path = 002100002F19_FLOOR.json; sourceTree = "<group>"; };
		57E4F2411AAD2CBD003B450B /* 002100002F19_LABEL.json */ = {isa = PBXFileReference; fileEncoding = 4; lastKnownFileType = text.json; path = 002100002F19_LABEL.json; sourceTree = "<group>"; };
		57E4F2421AAD2CBD003B450B /* 002100002F19_ROOM.json */ = {isa = PBXFileReference; fileEncoding = 4; lastKnownFileType = text.json; path = 002100002F19_ROOM.json; sourceTree = "<group>"; };
		57E4F2431AAD2CBD003B450B /* 002100002F20_ASSET.json */ = {isa = PBXFileReference; fileEncoding = 4; lastKnownFileType = text.json; path = 002100002F20_ASSET.json; sourceTree = "<group>"; };
		57E4F2441AAD2CBD003B450B /* 002100002F20_FACILITY.json */ = {isa = PBXFileReference; fileEncoding = 4; lastKnownFileType = text.json; path = 002100002F20_FACILITY.json; sourceTree = "<group>"; };
		57E4F2451AAD2CBD003B450B /* 002100002F20_LABEL.json */ = {isa = PBXFileReference; fileEncoding = 4; lastKnownFileType = text.json; path = 002100002F20_LABEL.json; sourceTree = "<group>"; };
		57E4F2461AAD2CBD003B450B /* 002100002F20_ROOM.json */ = {isa = PBXFileReference; fileEncoding = 4; lastKnownFileType = text.json; path = 002100002F20_ROOM.json; sourceTree = "<group>"; };
		57E4F2471AAD2CBD003B450B /* MapInfo_Building_002100002.json */ = {isa = PBXFileReference; fileEncoding = 4; lastKnownFileType = text.json; path = MapInfo_Building_002100002.json; sourceTree = "<group>"; };
		57F06C1D1A87BC7500B9511F /* NephogramMapProject.app */ = {isa = PBXFileReference; explicitFileType = wrapper.application; includeInIndex = 0; path = NephogramMapProject.app; sourceTree = BUILT_PRODUCTS_DIR; };
		57F06C211A87BC7500B9511F /* Info.plist */ = {isa = PBXFileReference; lastKnownFileType = text.plist.xml; path = Info.plist; sourceTree = "<group>"; };
		57F06C221A87BC7500B9511F /* main.m */ = {isa = PBXFileReference; lastKnownFileType = sourcecode.c.objc; path = main.m; sourceTree = "<group>"; };
		57F06C241A87BC7500B9511F /* AppDelegate.h */ = {isa = PBXFileReference; lastKnownFileType = sourcecode.c.h; path = AppDelegate.h; sourceTree = "<group>"; };
		57F06C251A87BC7500B9511F /* AppDelegate.m */ = {isa = PBXFileReference; lastKnownFileType = sourcecode.c.objc; path = AppDelegate.m; sourceTree = "<group>"; };
		57F06C2B1A87BC7500B9511F /* Base */ = {isa = PBXFileReference; lastKnownFileType = file.storyboard; name = Base; path = Base.lproj/Main.storyboard; sourceTree = "<group>"; };
		57F06C2D1A87BC7500B9511F /* Images.xcassets */ = {isa = PBXFileReference; lastKnownFileType = folder.assetcatalog; path = Images.xcassets; sourceTree = "<group>"; };
		57F06C301A87BC7500B9511F /* Base */ = {isa = PBXFileReference; lastKnownFileType = file.xib; name = Base; path = Base.lproj/LaunchScreen.xib; sourceTree = "<group>"; };
		57F06C931A87BE0500B9511F /* ArcGIS.bundle */ = {isa = PBXFileReference; lastKnownFileType = "wrapper.plug-in"; path = ArcGIS.bundle; sourceTree = "<group>"; };
		57F06C951A87BE0500B9511F /* 002100001F04_ASSET.json */ = {isa = PBXFileReference; fileEncoding = 4; lastKnownFileType = text.json; path = 002100001F04_ASSET.json; sourceTree = "<group>"; };
		57F06C961A87BE0500B9511F /* 002100001F04_FACILITY.json */ = {isa = PBXFileReference; fileEncoding = 4; lastKnownFileType = text.json; path = 002100001F04_FACILITY.json; sourceTree = "<group>"; };
		57F06C971A87BE0500B9511F /* 002100001F04_FLOOR.json */ = {isa = PBXFileReference; fileEncoding = 4; lastKnownFileType = text.json; path = 002100001F04_FLOOR.json; sourceTree = "<group>"; };
		57F06C981A87BE0500B9511F /* 002100001F04_LABEL.json */ = {isa = PBXFileReference; fileEncoding = 4; lastKnownFileType = text.json; path = 002100001F04_LABEL.json; sourceTree = "<group>"; };
		57F06C991A87BE0500B9511F /* 002100001F04_ROOM.json */ = {isa = PBXFileReference; fileEncoding = 4; lastKnownFileType = text.json; path = 002100001F04_ROOM.json; sourceTree = "<group>"; };
		57F06C9A1A87BE0500B9511F /* 002100004F01_ASSET.json */ = {isa = PBXFileReference; fileEncoding = 4; lastKnownFileType = text.json; path = 002100004F01_ASSET.json; sourceTree = "<group>"; };
		57F06C9B1A87BE0500B9511F /* 002100004F01_FACILITY.json */ = {isa = PBXFileReference; fileEncoding = 4; lastKnownFileType = text.json; path = 002100004F01_FACILITY.json; sourceTree = "<group>"; };
		57F06C9C1A87BE0500B9511F /* 002100004F01_FLOOR.json */ = {isa = PBXFileReference; fileEncoding = 4; lastKnownFileType = text.json; path = 002100004F01_FLOOR.json; sourceTree = "<group>"; };
		57F06C9D1A87BE0500B9511F /* 002100004F01_LABEL.json */ = {isa = PBXFileReference; fileEncoding = 4; lastKnownFileType = text.json; path = 002100004F01_LABEL.json; sourceTree = "<group>"; };
		57F06C9E1A87BE0500B9511F /* 002100004F01_ROOM.json */ = {isa = PBXFileReference; fileEncoding = 4; lastKnownFileType = text.json; path = 002100004F01_ROOM.json; sourceTree = "<group>"; };
		57F06C9F1A87BE0500B9511F /* 002100004F02_ASSET.json */ = {isa = PBXFileReference; fileEncoding = 4; lastKnownFileType = text.json; path = 002100004F02_ASSET.json; sourceTree = "<group>"; };
		57F06CA01A87BE0500B9511F /* 002100004F02_FACILITY.json */ = {isa = PBXFileReference; fileEncoding = 4; lastKnownFileType = text.json; path = 002100004F02_FACILITY.json; sourceTree = "<group>"; };
		57F06CA11A87BE0500B9511F /* 002100004F02_FLOOR.json */ = {isa = PBXFileReference; fileEncoding = 4; lastKnownFileType = text.json; path = 002100004F02_FLOOR.json; sourceTree = "<group>"; };
		57F06CA21A87BE0500B9511F /* 002100004F02_LABEL.json */ = {isa = PBXFileReference; fileEncoding = 4; lastKnownFileType = text.json; path = 002100004F02_LABEL.json; sourceTree = "<group>"; };
		57F06CA31A87BE0500B9511F /* 002100004F02_ROOM.json */ = {isa = PBXFileReference; fileEncoding = 4; lastKnownFileType = text.json; path = 002100004F02_ROOM.json; sourceTree = "<group>"; };
		57F06CA41A87BE0500B9511F /* 002100004F03_ASSET.json */ = {isa = PBXFileReference; fileEncoding = 4; lastKnownFileType = text.json; path = 002100004F03_ASSET.json; sourceTree = "<group>"; };
		57F06CA51A87BE0500B9511F /* 002100004F03_FACILITY.json */ = {isa = PBXFileReference; fileEncoding = 4; lastKnownFileType = text.json; path = 002100004F03_FACILITY.json; sourceTree = "<group>"; };
		57F06CA61A87BE0500B9511F /* 002100004F03_FLOOR.json */ = {isa = PBXFileReference; fileEncoding = 4; lastKnownFileType = text.json; path = 002100004F03_FLOOR.json; sourceTree = "<group>"; };
		57F06CA71A87BE0500B9511F /* 002100004F03_LABEL.json */ = {isa = PBXFileReference; fileEncoding = 4; lastKnownFileType = text.json; path = 002100004F03_LABEL.json; sourceTree = "<group>"; };
		57F06CA91A87BE0500B9511F /* 002199999F05_ASSET.json */ = {isa = PBXFileReference; fileEncoding = 4; lastKnownFileType = text.json; path = 002199999F05_ASSET.json; sourceTree = "<group>"; };
		57F06CAA1A87BE0500B9511F /* 002199999F05_FACILITY.json */ = {isa = PBXFileReference; fileEncoding = 4; lastKnownFileType = text.json; path = 002199999F05_FACILITY.json; sourceTree = "<group>"; };
		57F06CAB1A87BE0500B9511F /* 002199999F05_FLOOR.json */ = {isa = PBXFileReference; fileEncoding = 4; lastKnownFileType = text.json; path = 002199999F05_FLOOR.json; sourceTree = "<group>"; };
		57F06CAC1A87BE0500B9511F /* 002199999F05_LABEL.json */ = {isa = PBXFileReference; fileEncoding = 4; lastKnownFileType = text.json; path = 002199999F05_LABEL.json; sourceTree = "<group>"; };
		57F06CAD1A87BE0500B9511F /* 002199999F05_ROOM.json */ = {isa = PBXFileReference; fileEncoding = 4; lastKnownFileType = text.json; path = 002199999F05_ROOM.json; sourceTree = "<group>"; };
		57F06CAF1A87BE0500B9511F /* Buildings_City_0021.json */ = {isa = PBXFileReference; fileEncoding = 4; lastKnownFileType = text.json; path = Buildings_City_0021.json; sourceTree = "<group>"; };
		57F06CB01A87BE0500B9511F /* Cities.json */ = {isa = PBXFileReference; fileEncoding = 4; lastKnownFileType = text.json; path = Cities.json; sourceTree = "<group>"; };
		57F06CB11A87BE0500B9511F /* icon_exit.png */ = {isa = PBXFileReference; lastKnownFileType = image.png; path = icon_exit.png; sourceTree = "<group>"; };
		57F06CB21A87BE0500B9511F /* icon_lift.png */ = {isa = PBXFileReference; lastKnownFileType = image.png; path = icon_lift.png; sourceTree = "<group>"; };
		57F06CB31A87BE0500B9511F /* icon_stair.png */ = {isa = PBXFileReference; lastKnownFileType = image.png; path = icon_stair.png; sourceTree = "<group>"; };
		57F06CB41A87BE0500B9511F /* MapInfo_Building_002100001.json */ = {isa = PBXFileReference; fileEncoding = 4; lastKnownFileType = text.json; path = MapInfo_Building_002100001.json; sourceTree = "<group>"; };
		57F06CB51A87BE0500B9511F /* MapInfo_Building_002100004.json */ = {isa = PBXFileReference; fileEncoding = 4; lastKnownFileType = text.json; path = MapInfo_Building_002100004.json; sourceTree = "<group>"; };
		57F06CB61A87BE0500B9511F /* MapInfo_Building_002199999.json */ = {isa = PBXFileReference; fileEncoding = 4; lastKnownFileType = text.json; path = MapInfo_Building_002199999.json; sourceTree = "<group>"; };
		57F06CB71A87BE0500B9511F /* RenderingScheme.json */ = {isa = PBXFileReference; fileEncoding = 4; lastKnownFileType = text.json; path = RenderingScheme.json; sourceTree = "<group>"; };
		57F06CE31A87BF1900B9511F /* BaseControllerTableVC.h */ = {isa = PBXFileReference; fileEncoding = 4; lastKnownFileType = sourcecode.c.h; path = BaseControllerTableVC.h; sourceTree = "<group>"; };
		57F06CE41A87BF1900B9511F /* BaseControllerTableVC.m */ = {isa = PBXFileReference; fileEncoding = 4; lastKnownFileType = sourcecode.c.objc; path = BaseControllerTableVC.m; sourceTree = "<group>"; };
		57F06CE61A87BF8D00B9511F /* NPPoi.h */ = {isa = PBXFileReference; fileEncoding = 4; lastKnownFileType = sourcecode.c.h; path = NPPoi.h; sourceTree = "<group>"; };
		57F06CE71A87BF8D00B9511F /* NPPoi.m */ = {isa = PBXFileReference; fileEncoding = 4; lastKnownFileType = sourcecode.c.objc; path = NPPoi.m; sourceTree = "<group>"; };
		57F06CE91A87BFD700B9511F /* NPFacilityLayer.h */ = {isa = PBXFileReference; fileEncoding = 4; lastKnownFileType = sourcecode.c.h; path = NPFacilityLayer.h; sourceTree = "<group>"; };
		57F06CEA1A87BFD700B9511F /* NPFacilityLayer.m */ = {isa = PBXFileReference; fileEncoding = 4; lastKnownFileType = sourcecode.c.objc; path = NPFacilityLayer.m; sourceTree = "<group>"; };
		57F06CEC1A87BFE400B9511F /* NPFloorLayer.h */ = {isa = PBXFileReference; fileEncoding = 4; lastKnownFileType = sourcecode.c.h; path = NPFloorLayer.h; sourceTree = "<group>"; };
		57F06CED1A87BFE400B9511F /* NPFloorLayer.m */ = {isa = PBXFileReference; fileEncoding = 4; lastKnownFileType = sourcecode.c.objc; path = NPFloorLayer.m; sourceTree = "<group>"; };
		57F06CEF1A87BFEF00B9511F /* NPLabelLayer.h */ = {isa = PBXFileReference; fileEncoding = 4; lastKnownFileType = sourcecode.c.h; path = NPLabelLayer.h; sourceTree = "<group>"; };
		57F06CF01A87BFEF00B9511F /* NPLabelLayer.m */ = {isa = PBXFileReference; fileEncoding = 4; lastKnownFileType = sourcecode.c.objc; path = NPLabelLayer.m; sourceTree = "<group>"; };
		57F06CF21A87BFFA00B9511F /* NPAssetLayer.h */ = {isa = PBXFileReference; fileEncoding = 4; lastKnownFileType = sourcecode.c.h; path = NPAssetLayer.h; sourceTree = "<group>"; };
		57F06CF31A87BFFA00B9511F /* NPAssetLayer.m */ = {isa = PBXFileReference; fileEncoding = 4; lastKnownFileType = sourcecode.c.objc; path = NPAssetLayer.m; sourceTree = "<group>"; };
		57F06CF51A87C00500B9511F /* NPRoomLayer.h */ = {isa = PBXFileReference; fileEncoding = 4; lastKnownFileType = sourcecode.c.h; path = NPRoomLayer.h; sourceTree = "<group>"; };
		57F06CF61A87C00500B9511F /* NPRoomLayer.m */ = {isa = PBXFileReference; fileEncoding = 4; lastKnownFileType = sourcecode.c.objc; path = NPRoomLayer.m; sourceTree = "<group>"; };
		57F06CF81A87C18D00B9511F /* NPRenderingScheme.h */ = {isa = PBXFileReference; fileEncoding = 4; lastKnownFileType = sourcecode.c.h; path = NPRenderingScheme.h; sourceTree = "<group>"; };
		57F06CF91A87C18D00B9511F /* NPRenderingScheme.m */ = {isa = PBXFileReference; fileEncoding = 4; lastKnownFileType = sourcecode.c.objc; path = NPRenderingScheme.m; sourceTree = "<group>"; };
		57F06CFB1A87C19600B9511F /* NPMapInfo.h */ = {isa = PBXFileReference; fileEncoding = 4; lastKnownFileType = sourcecode.c.h; path = NPMapInfo.h; sourceTree = "<group>"; };
		57F06CFC1A87C19600B9511F /* NPMapInfo.m */ = {isa = PBXFileReference; fileEncoding = 4; lastKnownFileType = sourcecode.c.objc; path = NPMapInfo.m; sourceTree = "<group>"; };
		57F06CFE1A87C19F00B9511F /* NPMapView.h */ = {isa = PBXFileReference; fileEncoding = 4; lastKnownFileType = sourcecode.c.h; path = NPMapView.h; sourceTree = "<group>"; };
		57F06CFF1A87C19F00B9511F /* NPMapView.m */ = {isa = PBXFileReference; fileEncoding = 4; lastKnownFileType = sourcecode.c.objc; path = NPMapView.m; sourceTree = "<group>"; };
		57F06D011A87C1A900B9511F /* NPArcGISDrawer.h */ = {isa = PBXFileReference; fileEncoding = 4; lastKnownFileType = sourcecode.c.h; path = NPArcGISDrawer.h; sourceTree = "<group>"; };
		57F06D021A87C1A900B9511F /* NPArcGISDrawer.m */ = {isa = PBXFileReference; fileEncoding = 4; lastKnownFileType = sourcecode.c.objc; path = NPArcGISDrawer.m; sourceTree = "<group>"; };
		57F06D041A87C1B700B9511F /* NPMapEnviroment.h */ = {isa = PBXFileReference; fileEncoding = 4; lastKnownFileType = sourcecode.c.h; path = NPMapEnviroment.h; sourceTree = "<group>"; };
		57F06D051A87C1B700B9511F /* NPMapEnviroment.m */ = {isa = PBXFileReference; fileEncoding = 4; lastKnownFileType = sourcecode.c.objc; path = NPMapEnviroment.m; sourceTree = "<group>"; };
		57F06D071A87C1C800B9511F /* NPRouteLayer.h */ = {isa = PBXFileReference; fileEncoding = 4; lastKnownFileType = sourcecode.c.h; path = NPRouteLayer.h; sourceTree = "<group>"; };
		57F06D081A87C1C800B9511F /* NPRouteLayer.m */ = {isa = PBXFileReference; fileEncoding = 4; lastKnownFileType = sourcecode.c.objc; path = NPRouteLayer.m; sourceTree = "<group>"; };
		57F06D0A1A87C1D500B9511F /* NPRouteManager.h */ = {isa = PBXFileReference; fileEncoding = 4; lastKnownFileType = sourcecode.c.h; path = NPRouteManager.h; sourceTree = "<group>"; };
		57F06D0B1A87C1D500B9511F /* NPRouteManager.m */ = {isa = PBXFileReference; fileEncoding = 4; lastKnownFileType = sourcecode.c.objc; path = NPRouteManager.m; sourceTree = "<group>"; };
/* End PBXFileReference section */

/* Begin PBXFrameworksBuildPhase section */
		57F06C1A1A87BC7500B9511F /* Frameworks */ = {
			isa = PBXFrameworksBuildPhase;
			buildActionMask = 2147483647;
			files = (
				574443F41AAEDEB600E6232C /* libsqlite3.0.dylib in Frameworks */,
			);
			runOnlyForDeploymentPostprocessing = 0;
		};
/* End PBXFrameworksBuildPhase section */

/* Begin PBXGroup section */
		574443CD1AAED2CE00E6232C /* MapTools */ = {
			isa = PBXGroup;
			children = (
				570923CC1AB01120009A3F04 /* NPPoiDBAdapter.h */,
				570923CD1AB01120009A3F04 /* NPPoiDBAdapter.m */,
				574443CE1AAED31000E6232C /* CreatingPOIDBAdapter.h */,
				574443CF1AAED31000E6232C /* CreatingPOIDBAdapter.m */,
			);
			path = MapTools;
			sourceTree = "<group>";
		};
		574443E21AAED36300E6232C /* libs */ = {
			isa = PBXGroup;
			children = (
				574443E31AAED36300E6232C /* FMDB */,
			);
			path = libs;
			sourceTree = "<group>";
		};
		574443E31AAED36300E6232C /* FMDB */ = {
			isa = PBXGroup;
			children = (
				574443E41AAED36300E6232C /* FMDatabase.h */,
				574443E51AAED36300E6232C /* FMDatabase.m */,
				574443E61AAED36300E6232C /* FMDatabaseAdditions.h */,
				574443E71AAED36300E6232C /* FMDatabaseAdditions.m */,
				574443E81AAED36300E6232C /* FMDatabasePool.h */,
				574443E91AAED36300E6232C /* FMDatabasePool.m */,
				574443EA1AAED36300E6232C /* FMDatabaseQueue.h */,
				574443EB1AAED36300E6232C /* FMDatabaseQueue.m */,
				574443EC1AAED36300E6232C /* FMResultSet.h */,
				574443ED1AAED36300E6232C /* FMResultSet.m */,
			);
			path = FMDB;
			sourceTree = "<group>";
		};
		57F06C141A87BC7500B9511F = {
			isa = PBXGroup;
			children = (
				57F06C1F1A87BC7500B9511F /* NephogramMapProject */,
				57F06C1E1A87BC7500B9511F /* Products */,
			);
			sourceTree = "<group>";
		};
		57F06C1E1A87BC7500B9511F /* Products */ = {
			isa = PBXGroup;
			children = (
				57F06C1D1A87BC7500B9511F /* NephogramMapProject.app */,
			);
			name = Products;
			sourceTree = "<group>";
		};
		57F06C1F1A87BC7500B9511F /* NephogramMapProject */ = {
			isa = PBXGroup;
			children = (
				574443CD1AAED2CE00E6232C /* MapTools */,
				57F06C241A87BC7500B9511F /* AppDelegate.h */,
				57F06C251A87BC7500B9511F /* AppDelegate.m */,
				57F06CDC1A87BE4B00B9511F /* GlobalSettings */,
				57F06CE21A87BE4B00B9511F /* ViewControllers */,
				57F06CDD1A87BE4B00B9511F /* NephogramMap */,
				57F06C2A1A87BC7500B9511F /* Main.storyboard */,
				57F06C2D1A87BC7500B9511F /* Images.xcassets */,
				57F06C2F1A87BC7500B9511F /* LaunchScreen.xib */,
				574443E21AAED36300E6232C /* libs */,
				57F06C921A87BE0500B9511F /* Resources */,
				57F06C201A87BC7500B9511F /* Supporting Files */,
			);
			path = NephogramMapProject;
			sourceTree = "<group>";
		};
		57F06C201A87BC7500B9511F /* Supporting Files */ = {
			isa = PBXGroup;
			children = (
				574443F31AAEDEB600E6232C /* libsqlite3.0.dylib */,
				57F06C211A87BC7500B9511F /* Info.plist */,
				57F06C221A87BC7500B9511F /* main.m */,
			);
			name = "Supporting Files";
			sourceTree = "<group>";
		};
		57F06C921A87BE0500B9511F /* Resources */ = {
			isa = PBXGroup;
			children = (
				57F06C931A87BE0500B9511F /* ArcGIS.bundle */,
				57F06C941A87BE0500B9511F /* MapFiles */,
			);
			path = Resources;
			sourceTree = "<group>";
		};
		57F06C941A87BE0500B9511F /* MapFiles */ = {
			isa = PBXGroup;
			children = (
				57E4F2301AAD2CBD003B450B /* 002100002B01_FACILITY.json */,
				57E4F2311AAD2CBD003B450B /* 002100002B01_FLOOR.json */,
				57E4F2321AAD2CBD003B450B /* 002100002B01_LABEL.json */,
				57E4F2331AAD2CBD003B450B /* 002100002B01_ROOM.json */,
				57E4F2341AAD2CBD003B450B /* 002100002F01_ASSET.json */,
				57E4F2351AAD2CBD003B450B /* 002100002F01_FACILITY.json */,
				57E4F2361AAD2CBD003B450B /* 002100002F01_FLOOR.json */,
				57E4F2371AAD2CBD003B450B /* 002100002F01_LABEL.json */,
				57E4F2381AAD2CBD003B450B /* 002100002F01_ROOM.json */,
				57E4F2391AAD2CBD003B450B /* 002100002F13_ASSET.json */,
				57E4F23A1AAD2CBD003B450B /* 002100002F13_FACILITY.json */,
				57E4F23B1AAD2CBD003B450B /* 002100002F13_FLOOR.json */,
				57E4F23C1AAD2CBD003B450B /* 002100002F13_LABEL.json */,
				57E4F23D1AAD2CBD003B450B /* 002100002F13_ROOM.json */,
				57E4F23E1AAD2CBD003B450B /* 002100002F19_ASSET.json */,
				57E4F23F1AAD2CBD003B450B /* 002100002F19_FACILITY.json */,
				57E4F2401AAD2CBD003B450B /* 002100002F19_FLOOR.json */,
				57E4F2411AAD2CBD003B450B /* 002100002F19_LABEL.json */,
				57E4F2421AAD2CBD003B450B /* 002100002F19_ROOM.json */,
				57E4F2431AAD2CBD003B450B /* 002100002F20_ASSET.json */,
				57E4F2441AAD2CBD003B450B /* 002100002F20_FACILITY.json */,
				57E4F2451AAD2CBD003B450B /* 002100002F20_LABEL.json */,
				57E4F2461AAD2CBD003B450B /* 002100002F20_ROOM.json */,
				57E4F2471AAD2CBD003B450B /* MapInfo_Building_002100002.json */,
				57F06C951A87BE0500B9511F /* 002100001F04_ASSET.json */,
				57F06C961A87BE0500B9511F /* 002100001F04_FACILITY.json */,
				57F06C971A87BE0500B9511F /* 002100001F04_FLOOR.json */,
				57F06C981A87BE0500B9511F /* 002100001F04_LABEL.json */,
				57F06C991A87BE0500B9511F /* 002100001F04_ROOM.json */,
				57F06C9A1A87BE0500B9511F /* 002100004F01_ASSET.json */,
				57F06C9B1A87BE0500B9511F /* 002100004F01_FACILITY.json */,
				57F06C9C1A87BE0500B9511F /* 002100004F01_FLOOR.json */,
				57F06C9D1A87BE0500B9511F /* 002100004F01_LABEL.json */,
				57F06C9E1A87BE0500B9511F /* 002100004F01_ROOM.json */,
				57F06C9F1A87BE0500B9511F /* 002100004F02_ASSET.json */,
				57F06CA01A87BE0500B9511F /* 002100004F02_FACILITY.json */,
				57F06CA11A87BE0500B9511F /* 002100004F02_FLOOR.json */,
				57F06CA21A87BE0500B9511F /* 002100004F02_LABEL.json */,
				57F06CA31A87BE0500B9511F /* 002100004F02_ROOM.json */,
				57F06CA41A87BE0500B9511F /* 002100004F03_ASSET.json */,
				57F06CA51A87BE0500B9511F /* 002100004F03_FACILITY.json */,
				57F06CA61A87BE0500B9511F /* 002100004F03_FLOOR.json */,
				57F06CA71A87BE0500B9511F /* 002100004F03_LABEL.json */,
				57F06CA91A87BE0500B9511F /* 002199999F05_ASSET.json */,
				57F06CAA1A87BE0500B9511F /* 002199999F05_FACILITY.json */,
				57F06CAB1A87BE0500B9511F /* 002199999F05_FLOOR.json */,
				57F06CAC1A87BE0500B9511F /* 002199999F05_LABEL.json */,
				57F06CAD1A87BE0500B9511F /* 002199999F05_ROOM.json */,
				57F06CAF1A87BE0500B9511F /* Buildings_City_0021.json */,
				57F06CB01A87BE0500B9511F /* Cities.json */,
				57F06CB11A87BE0500B9511F /* icon_exit.png */,
				57F06CB21A87BE0500B9511F /* icon_lift.png */,
				57F06CB31A87BE0500B9511F /* icon_stair.png */,
				57F06CB41A87BE0500B9511F /* MapInfo_Building_002100001.json */,
				57F06CB51A87BE0500B9511F /* MapInfo_Building_002100004.json */,
				57F06CB61A87BE0500B9511F /* MapInfo_Building_002199999.json */,
				57F06CB71A87BE0500B9511F /* RenderingScheme.json */,
			);
			path = MapFiles;
			sourceTree = "<group>";
		};
		57F06CDC1A87BE4B00B9511F /* GlobalSettings */ = {
			isa = PBXGroup;
			children = (
				570DB3E41A8903BF001D137E /* NPUserDefaults.h */,
				570DB3E51A8903BF001D137E /* NPUserDefaults.m */,
			);
			path = GlobalSettings;
			sourceTree = "<group>";
		};
		57F06CDD1A87BE4B00B9511F /* NephogramMap */ = {
			isa = PBXGroup;
			children = (
				57F06CDE1A87BE4B00B9511F /* Layers */,
				57F06CDF1A87BE4B00B9511F /* MapView */,
				57F06CE01A87BE4B00B9511F /* POI */,
				57F06CE11A87BE4B00B9511F /* Route */,
			);
			path = NephogramMap;
			sourceTree = "<group>";
		};
		57F06CDE1A87BE4B00B9511F /* Layers */ = {
			isa = PBXGroup;
			children = (
				57F06CE91A87BFD700B9511F /* NPFacilityLayer.h */,
				57F06CEA1A87BFD700B9511F /* NPFacilityLayer.m */,
				57F06CEC1A87BFE400B9511F /* NPFloorLayer.h */,
				57F06CED1A87BFE400B9511F /* NPFloorLayer.m */,
				57F06CEF1A87BFEF00B9511F /* NPLabelLayer.h */,
				57F06CF01A87BFEF00B9511F /* NPLabelLayer.m */,
				57F06CF21A87BFFA00B9511F /* NPAssetLayer.h */,
				57F06CF31A87BFFA00B9511F /* NPAssetLayer.m */,
				57F06CF51A87C00500B9511F /* NPRoomLayer.h */,
				57F06CF61A87C00500B9511F /* NPRoomLayer.m */,
			);
			path = Layers;
			sourceTree = "<group>";
		};
		57F06CDF1A87BE4B00B9511F /* MapView */ = {
			isa = PBXGroup;
			children = (
				57F06CF81A87C18D00B9511F /* NPRenderingScheme.h */,
				57F06CF91A87C18D00B9511F /* NPRenderingScheme.m */,
				57F06CFB1A87C19600B9511F /* NPMapInfo.h */,
				57F06CFC1A87C19600B9511F /* NPMapInfo.m */,
				57F06CFE1A87C19F00B9511F /* NPMapView.h */,
				57F06CFF1A87C19F00B9511F /* NPMapView.m */,
				57F06D011A87C1A900B9511F /* NPArcGISDrawer.h */,
				57F06D021A87C1A900B9511F /* NPArcGISDrawer.m */,
				57F06D041A87C1B700B9511F /* NPMapEnviroment.h */,
				57F06D051A87C1B700B9511F /* NPMapEnviroment.m */,
				57422E211AB018CB009065FB /* NPMapType.h */,
			);
			path = MapView;
			sourceTree = "<group>";
		};
		57F06CE01A87BE4B00B9511F /* POI */ = {
			isa = PBXGroup;
			children = (
				57F06CE61A87BF8D00B9511F /* NPPoi.h */,
				57F06CE71A87BF8D00B9511F /* NPPoi.m */,
			);
			path = POI;
			sourceTree = "<group>";
		};
		57F06CE11A87BE4B00B9511F /* Route */ = {
			isa = PBXGroup;
			children = (
				57F06D071A87C1C800B9511F /* NPRouteLayer.h */,
				57F06D081A87C1C800B9511F /* NPRouteLayer.m */,
				57F06D0A1A87C1D500B9511F /* NPRouteManager.h */,
				57F06D0B1A87C1D500B9511F /* NPRouteManager.m */,
			);
			path = Route;
			sourceTree = "<group>";
		};
		57F06CE21A87BE4B00B9511F /* ViewControllers */ = {
			isa = PBXGroup;
			children = (
				574443F81AAEE64600E6232C /* BaseLogVC.h */,
				574443F91AAEE64600E6232C /* BaseLogVC.m */,
				57F06CE31A87BF1900B9511F /* BaseControllerTableVC.h */,
				57F06CE41A87BF1900B9511F /* BaseControllerTableVC.m */,
				570DB3E71A8905E9001D137E /* BaseMapVC.h */,
				570DB3E81A8905E9001D137E /* BaseMapVC.m */,
				570DB3EA1A890634001D137E /* MapTableVC.h */,
				570DB3EB1A890634001D137E /* MapTableVC.m */,
				570DB3ED1A890641001D137E /* NephogramMapVC.h */,
				570DB3EE1A890641001D137E /* NephogramMapVC.m */,
				570DB3F01A890649001D137E /* MapRouteVC.h */,
				570DB3F11A890649001D137E /* MapRouteVC.m */,
				570DB3F31A890653001D137E /* MapCalloutVC.h */,
				570DB3F41A890653001D137E /* MapCalloutVC.m */,
				570DB3F61A890664001D137E /* CustomCalloutVC.h */,
				570DB3F71A890664001D137E /* CustomCalloutVC.m */,
				574443F51AAEE1D500E6232C /* CreatePOIDatabaseVC.h */,
				574443F61AAEE1D500E6232C /* CreatePOIDatabaseVC.m */,
			);
			path = ViewControllers;
			sourceTree = "<group>";
		};
/* End PBXGroup section */

/* Begin PBXNativeTarget section */
		57F06C1C1A87BC7500B9511F /* NephogramMapProject */ = {
			isa = PBXNativeTarget;
			buildConfigurationList = 57F06C401A87BC7500B9511F /* Build configuration list for PBXNativeTarget "NephogramMapProject" */;
			buildPhases = (
				57F06C191A87BC7500B9511F /* Sources */,
				57F06C1A1A87BC7500B9511F /* Frameworks */,
				57F06C1B1A87BC7500B9511F /* Resources */,
			);
			buildRules = (
			);
			dependencies = (
			);
			name = NephogramMapProject;
			productName = NephogramMapProject;
			productReference = 57F06C1D1A87BC7500B9511F /* NephogramMapProject.app */;
			productType = "com.apple.product-type.application";
		};
/* End PBXNativeTarget section */

/* Begin PBXProject section */
		57F06C151A87BC7500B9511F /* Project object */ = {
			isa = PBXProject;
			attributes = {
				LastUpgradeCheck = 0610;
				ORGANIZATIONNAME = innerpeacer;
				TargetAttributes = {
					57F06C1C1A87BC7500B9511F = {
						CreatedOnToolsVersion = 6.1.1;
					};
				};
			};
			buildConfigurationList = 57F06C181A87BC7500B9511F /* Build configuration list for PBXProject "NephogramMapProject" */;
			compatibilityVersion = "Xcode 3.2";
			developmentRegion = English;
			hasScannedForEncodings = 0;
			knownRegions = (
				en,
				Base,
			);
			mainGroup = 57F06C141A87BC7500B9511F;
			productRefGroup = 57F06C1E1A87BC7500B9511F /* Products */;
			projectDirPath = "";
			projectRoot = "";
			targets = (
				57F06C1C1A87BC7500B9511F /* NephogramMapProject */,
			);
		};
/* End PBXProject section */

/* Begin PBXResourcesBuildPhase section */
		57F06C1B1A87BC7500B9511F /* Resources */ = {
			isa = PBXResourcesBuildPhase;
			buildActionMask = 2147483647;
			files = (
				57E4F24D1AAD2CBD003B450B /* 002100002F01_ASSET.json in Resources */,
				57E4F2561AAD2CBD003B450B /* 002100002F13_ROOM.json in Resources */,
				57E4F2521AAD2CBD003B450B /* 002100002F13_ASSET.json in Resources */,
				57F06CC11A87BE0500B9511F /* 002100004F01_LABEL.json in Resources */,
				57F06CDA1A87BE0500B9511F /* MapInfo_Building_002199999.json in Resources */,
				57F06CBB1A87BE0500B9511F /* 002100001F04_FLOOR.json in Resources */,
				57E4F25D1AAD2CBD003B450B /* 002100002F20_FACILITY.json in Resources */,
				57F06CCF1A87BE0500B9511F /* 002199999F05_FLOOR.json in Resources */,
				57F06CC21A87BE0500B9511F /* 002100004F01_ROOM.json in Resources */,
				57F06CC31A87BE0500B9511F /* 002100004F02_ASSET.json in Resources */,
				57E4F2571AAD2CBD003B450B /* 002100002F19_ASSET.json in Resources */,
				57E4F25F1AAD2CBD003B450B /* 002100002F20_ROOM.json in Resources */,
				57E4F25E1AAD2CBD003B450B /* 002100002F20_LABEL.json in Resources */,
				57F06CD31A87BE0500B9511F /* Buildings_City_0021.json in Resources */,
				57F06CB91A87BE0500B9511F /* 002100001F04_ASSET.json in Resources */,
				57E4F25B1AAD2CBD003B450B /* 002100002F19_ROOM.json in Resources */,
				57F06CCE1A87BE0500B9511F /* 002199999F05_FACILITY.json in Resources */,
				57E4F2501AAD2CBD003B450B /* 002100002F01_LABEL.json in Resources */,
				57E4F2601AAD2CBD003B450B /* MapInfo_Building_002100002.json in Resources */,
				57F06CC41A87BE0500B9511F /* 002100004F02_FACILITY.json in Resources */,
				57F06CBF1A87BE0500B9511F /* 002100004F01_FACILITY.json in Resources */,
				57F06CBE1A87BE0500B9511F /* 002100004F01_ASSET.json in Resources */,
				57F06C2C1A87BC7500B9511F /* Main.storyboard in Resources */,
				57E4F24B1AAD2CBD003B450B /* 002100002B01_LABEL.json in Resources */,
				57E4F2581AAD2CBD003B450B /* 002100002F19_FACILITY.json in Resources */,
				57E4F2591AAD2CBD003B450B /* 002100002F19_FLOOR.json in Resources */,
				57E4F2511AAD2CBD003B450B /* 002100002F01_ROOM.json in Resources */,
				57F06CC51A87BE0500B9511F /* 002100004F02_FLOOR.json in Resources */,
				57F06CCA1A87BE0500B9511F /* 002100004F03_FLOOR.json in Resources */,
				57F06C311A87BC7500B9511F /* LaunchScreen.xib in Resources */,
				57F06CD61A87BE0500B9511F /* icon_lift.png in Resources */,
				57F06CC61A87BE0500B9511F /* 002100004F02_LABEL.json in Resources */,
				57F06CBC1A87BE0500B9511F /* 002100001F04_LABEL.json in Resources */,
				57E4F24F1AAD2CBD003B450B /* 002100002F01_FLOOR.json in Resources */,
				57F06CC71A87BE0500B9511F /* 002100004F02_ROOM.json in Resources */,
				57E4F24C1AAD2CBD003B450B /* 002100002B01_ROOM.json in Resources */,
				57F06CC81A87BE0500B9511F /* 002100004F03_ASSET.json in Resources */,
				57F06CD51A87BE0500B9511F /* icon_exit.png in Resources */,
				57F06CBD1A87BE0500B9511F /* 002100001F04_ROOM.json in Resources */,
				57F06CD41A87BE0500B9511F /* Cities.json in Resources */,
				57F06CD11A87BE0500B9511F /* 002199999F05_ROOM.json in Resources */,
				57F06CD71A87BE0500B9511F /* icon_stair.png in Resources */,
				57E4F2491AAD2CBD003B450B /* 002100002B01_FACILITY.json in Resources */,
				57E4F2531AAD2CBD003B450B /* 002100002F13_FACILITY.json in Resources */,
				57F06CD81A87BE0500B9511F /* MapInfo_Building_002100001.json in Resources */,
				57E4F2551AAD2CBD003B450B /* 002100002F13_LABEL.json in Resources */,
				57E4F24E1AAD2CBD003B450B /* 002100002F01_FACILITY.json in Resources */,
				57E4F25A1AAD2CBD003B450B /* 002100002F19_LABEL.json in Resources */,
				57F06CC91A87BE0500B9511F /* 002100004F03_FACILITY.json in Resources */,
				57F06CD91A87BE0500B9511F /* MapInfo_Building_002100004.json in Resources */,
				57F06CCD1A87BE0500B9511F /* 002199999F05_ASSET.json in Resources */,
				57F06CB81A87BE0500B9511F /* ArcGIS.bundle in Resources */,
				57F06CBA1A87BE0500B9511F /* 002100001F04_FACILITY.json in Resources */,
				57F06CC01A87BE0500B9511F /* 002100004F01_FLOOR.json in Resources */,
				57F06CD01A87BE0500B9511F /* 002199999F05_LABEL.json in Resources */,
				57E4F2541AAD2CBD003B450B /* 002100002F13_FLOOR.json in Resources */,
				57E4F25C1AAD2CBD003B450B /* 002100002F20_ASSET.json in Resources */,
				57E4F24A1AAD2CBD003B450B /* 002100002B01_FLOOR.json in Resources */,
				57F06C2E1A87BC7500B9511F /* Images.xcassets in Resources */,
				57F06CDB1A87BE0500B9511F /* RenderingScheme.json in Resources */,
				57F06CCB1A87BE0500B9511F /* 002100004F03_LABEL.json in Resources */,
			);
			runOnlyForDeploymentPostprocessing = 0;
		};
/* End PBXResourcesBuildPhase section */

/* Begin PBXSourcesBuildPhase section */
		57F06C191A87BC7500B9511F /* Sources */ = {
			isa = PBXSourcesBuildPhase;
			buildActionMask = 2147483647;
			files = (
				570DB3E91A8905E9001D137E /* BaseMapVC.m in Sources */,
				57F06CF71A87C00500B9511F /* NPRoomLayer.m in Sources */,
				57F06CEB1A87BFD700B9511F /* NPFacilityLayer.m in Sources */,
				574443FA1AAEE64600E6232C /* BaseLogVC.m in Sources */,
				57F06D031A87C1A900B9511F /* NPArcGISDrawer.m in Sources */,
				57F06D0C1A87C1D500B9511F /* NPRouteManager.m in Sources */,
				57F06CF11A87BFEF00B9511F /* NPLabelLayer.m in Sources */,
				570DB3F21A890649001D137E /* MapRouteVC.m in Sources */,
				570DB3F81A890664001D137E /* CustomCalloutVC.m in Sources */,
				57F06CE81A87BF8D00B9511F /* NPPoi.m in Sources */,
				570DB3F51A890653001D137E /* MapCalloutVC.m in Sources */,
				57F06CEE1A87BFE400B9511F /* NPFloorLayer.m in Sources */,
				57F06D001A87C19F00B9511F /* NPMapView.m in Sources */,
				57F06D091A87C1C800B9511F /* NPRouteLayer.m in Sources */,
				574443F01AAED36300E6232C /* FMDatabasePool.m in Sources */,
				574443F71AAEE1D500E6232C /* CreatePOIDatabaseVC.m in Sources */,
				574443EE1AAED36300E6232C /* FMDatabase.m in Sources */,
				574443D01AAED31000E6232C /* CreatingPOIDBAdapter.m in Sources */,
				57F06CFA1A87C18D00B9511F /* NPRenderingScheme.m in Sources */,
				574443F11AAED36300E6232C /* FMDatabaseQueue.m in Sources */,
				574443F21AAED36300E6232C /* FMResultSet.m in Sources */,
				570DB3EC1A890634001D137E /* MapTableVC.m in Sources */,
				57F06CFD1A87C19600B9511F /* NPMapInfo.m in Sources */,
				570DB3E61A8903BF001D137E /* NPUserDefaults.m in Sources */,
				570923CE1AB01120009A3F04 /* NPPoiDBAdapter.m in Sources */,
				57F06D061A87C1B700B9511F /* NPMapEnviroment.m in Sources */,
				57F06CF41A87BFFA00B9511F /* NPAssetLayer.m in Sources */,
				574443EF1AAED36300E6232C /* FMDatabaseAdditions.m in Sources */,
				57F06C261A87BC7500B9511F /* AppDelegate.m in Sources */,
				57F06C231A87BC7500B9511F /* main.m in Sources */,
				57F06CE51A87BF1900B9511F /* BaseControllerTableVC.m in Sources */,
				570DB3EF1A890641001D137E /* NephogramMapVC.m in Sources */,
			);
			runOnlyForDeploymentPostprocessing = 0;
		};
/* End PBXSourcesBuildPhase section */

/* Begin PBXVariantGroup section */
		57F06C2A1A87BC7500B9511F /* Main.storyboard */ = {
			isa = PBXVariantGroup;
			children = (
				57F06C2B1A87BC7500B9511F /* Base */,
			);
			name = Main.storyboard;
			sourceTree = "<group>";
		};
		57F06C2F1A87BC7500B9511F /* LaunchScreen.xib */ = {
			isa = PBXVariantGroup;
			children = (
				57F06C301A87BC7500B9511F /* Base */,
			);
			name = LaunchScreen.xib;
			sourceTree = "<group>";
		};
/* End PBXVariantGroup section */

/* Begin XCBuildConfiguration section */
		57F06C3E1A87BC7500B9511F /* Debug */ = {
			isa = XCBuildConfiguration;
			buildSettings = {
				ALWAYS_SEARCH_USER_PATHS = NO;
				CLANG_CXX_LANGUAGE_STANDARD = "gnu++0x";
				CLANG_CXX_LIBRARY = "libc++";
				CLANG_ENABLE_MODULES = YES;
				CLANG_ENABLE_OBJC_ARC = YES;
				CLANG_WARN_BOOL_CONVERSION = YES;
				CLANG_WARN_CONSTANT_CONVERSION = YES;
				CLANG_WARN_DIRECT_OBJC_ISA_USAGE = YES_ERROR;
				CLANG_WARN_EMPTY_BODY = YES;
				CLANG_WARN_ENUM_CONVERSION = YES;
				CLANG_WARN_INT_CONVERSION = YES;
				CLANG_WARN_OBJC_ROOT_CLASS = YES_ERROR;
				CLANG_WARN_UNREACHABLE_CODE = YES;
				CLANG_WARN__DUPLICATE_METHOD_MATCH = YES;
				"CODE_SIGN_IDENTITY[sdk=iphoneos*]" = "iPhone Developer";
				COPY_PHASE_STRIP = NO;
				ENABLE_STRICT_OBJC_MSGSEND = YES;
				GCC_C_LANGUAGE_STANDARD = gnu99;
				GCC_DYNAMIC_NO_PIC = NO;
				GCC_OPTIMIZATION_LEVEL = 0;
				GCC_PREPROCESSOR_DEFINITIONS = (
					"DEBUG=1",
					"$(inherited)",
				);
				GCC_SYMBOLS_PRIVATE_EXTERN = NO;
				GCC_WARN_64_TO_32_BIT_CONVERSION = YES;
				GCC_WARN_ABOUT_RETURN_TYPE = YES_ERROR;
				GCC_WARN_UNDECLARED_SELECTOR = YES;
				GCC_WARN_UNINITIALIZED_AUTOS = YES_AGGRESSIVE;
				GCC_WARN_UNUSED_FUNCTION = YES;
				GCC_WARN_UNUSED_VARIABLE = YES;
				IPHONEOS_DEPLOYMENT_TARGET = 8.1;
				MTL_ENABLE_DEBUG_INFO = YES;
				ONLY_ACTIVE_ARCH = YES;
				SDKROOT = iphoneos;
			};
			name = Debug;
		};
		57F06C3F1A87BC7500B9511F /* Release */ = {
			isa = XCBuildConfiguration;
			buildSettings = {
				ALWAYS_SEARCH_USER_PATHS = NO;
				CLANG_CXX_LANGUAGE_STANDARD = "gnu++0x";
				CLANG_CXX_LIBRARY = "libc++";
				CLANG_ENABLE_MODULES = YES;
				CLANG_ENABLE_OBJC_ARC = YES;
				CLANG_WARN_BOOL_CONVERSION = YES;
				CLANG_WARN_CONSTANT_CONVERSION = YES;
				CLANG_WARN_DIRECT_OBJC_ISA_USAGE = YES_ERROR;
				CLANG_WARN_EMPTY_BODY = YES;
				CLANG_WARN_ENUM_CONVERSION = YES;
				CLANG_WARN_INT_CONVERSION = YES;
				CLANG_WARN_OBJC_ROOT_CLASS = YES_ERROR;
				CLANG_WARN_UNREACHABLE_CODE = YES;
				CLANG_WARN__DUPLICATE_METHOD_MATCH = YES;
				"CODE_SIGN_IDENTITY[sdk=iphoneos*]" = "iPhone Developer";
				COPY_PHASE_STRIP = YES;
				ENABLE_NS_ASSERTIONS = NO;
				ENABLE_STRICT_OBJC_MSGSEND = YES;
				GCC_C_LANGUAGE_STANDARD = gnu99;
				GCC_WARN_64_TO_32_BIT_CONVERSION = YES;
				GCC_WARN_ABOUT_RETURN_TYPE = YES_ERROR;
				GCC_WARN_UNDECLARED_SELECTOR = YES;
				GCC_WARN_UNINITIALIZED_AUTOS = YES_AGGRESSIVE;
				GCC_WARN_UNUSED_FUNCTION = YES;
				GCC_WARN_UNUSED_VARIABLE = YES;
				IPHONEOS_DEPLOYMENT_TARGET = 8.1;
				MTL_ENABLE_DEBUG_INFO = NO;
				SDKROOT = iphoneos;
				VALIDATE_PRODUCT = YES;
			};
			name = Release;
		};
		57F06C411A87BC7500B9511F /* Debug */ = {
			isa = XCBuildConfiguration;
			buildSettings = {
				ASSETCATALOG_COMPILER_APPICON_NAME = AppIcon;
				CLANG_WARN_DOCUMENTATION_COMMENTS = NO;
				FRAMEWORK_SEARCH_PATHS = "$(HOME)/Library/SDKs/ArcGIS/iOS/";
				INFOPLIST_FILE = NephogramMapProject/Info.plist;
				LD_RUNPATH_SEARCH_PATHS = "$(inherited) @executable_path/Frameworks";
				OTHER_LDFLAGS = (
					"-ObjC",
					"-framework",
					ArcGIS,
					"-l",
					"c++",
				);
				PRODUCT_NAME = "$(TARGET_NAME)";
			};
			name = Debug;
		};
		57F06C421A87BC7500B9511F /* Release */ = {
			isa = XCBuildConfiguration;
			buildSettings = {
				ASSETCATALOG_COMPILER_APPICON_NAME = AppIcon;
				CLANG_WARN_DOCUMENTATION_COMMENTS = NO;
				FRAMEWORK_SEARCH_PATHS = "$(HOME)/Library/SDKs/ArcGIS/iOS/";
				INFOPLIST_FILE = NephogramMapProject/Info.plist;
				LD_RUNPATH_SEARCH_PATHS = "$(inherited) @executable_path/Frameworks";
				OTHER_LDFLAGS = (
					"-ObjC",
					"-framework",
					ArcGIS,
					"-l",
					"c++",
				);
				PRODUCT_NAME = "$(TARGET_NAME)";
			};
			name = Release;
		};
/* End XCBuildConfiguration section */

/* Begin XCConfigurationList section */
		57F06C181A87BC7500B9511F /* Build configuration list for PBXProject "NephogramMapProject" */ = {
			isa = XCConfigurationList;
			buildConfigurations = (
				57F06C3E1A87BC7500B9511F /* Debug */,
				57F06C3F1A87BC7500B9511F /* Release */,
			);
			defaultConfigurationIsVisible = 0;
			defaultConfigurationName = Release;
		};
		57F06C401A87BC7500B9511F /* Build configuration list for PBXNativeTarget "NephogramMapProject" */ = {
			isa = XCConfigurationList;
			buildConfigurations = (
				57F06C411A87BC7500B9511F /* Debug */,
				57F06C421A87BC7500B9511F /* Release */,
			);
			defaultConfigurationIsVisible = 0;
			defaultConfigurationName = Release;
		};
/* End XCConfigurationList section */
	};
	rootObject = 57F06C151A87BC7500B9511F /* Project object */;
}
