// !$*UTF8*$!
{
	archiveVersion = 1;
	classes = {
	};
	objectVersion = 46;
	objects = {

/* Begin PBXBuildFile section */
		5709281E1B705A0A00410B8C /* IPMemery.cpp in Sources */ = {isa = PBXBuildFile; fileRef = 5709281D1B705A0A00410B8C /* IPMemery.cpp */; };
		570928201B70603800410B8C /* 002100001F04_FLOOR.json in Resources */ = {isa = PBXBuildFile; fileRef = 5709281F1B70603800410B8C /* 002100001F04_FLOOR.json */; };
		570928271B70646D00410B8C /* MD5.cpp in Sources */ = {isa = PBXBuildFile; fileRef = 570928211B70646D00410B8C /* MD5.cpp */; };
		570928281B70646D00410B8C /* MD5Utils.mm in Sources */ = {isa = PBXBuildFile; fileRef = 570928241B70646D00410B8C /* MD5Utils.mm */; };
		570928291B70646D00410B8C /* TYEncryption.m in Sources */ = {isa = PBXBuildFile; fileRef = 570928261B70646D00410B8C /* TYEncryption.m */; };
		571AC4711B55FED900E9FF7D /* AppDelegate.mm in Sources */ = {isa = PBXBuildFile; fileRef = 571AC4701B55FED900E9FF7D /* AppDelegate.mm */; };
		574319161B70588D00234A63 /* IPEncryption.cpp in Sources */ = {isa = PBXBuildFile; fileRef = 574319141B70588D00234A63 /* IPEncryption.cpp */; };
		57494DDA1B61DAE7000B6F2C /* BaseControllerTableVC.m in Sources */ = {isa = PBXBuildFile; fileRef = 57494DD31B61DAE7000B6F2C /* BaseControllerTableVC.m */; };
		57494DDB1B61DAE7000B6F2C /* BaseLogVC.m in Sources */ = {isa = PBXBuildFile; fileRef = 57494DD51B61DAE7000B6F2C /* BaseLogVC.m */; };
		57494DDD1B61DAE7000B6F2C /* CityTableVC.m in Sources */ = {isa = PBXBuildFile; fileRef = 57494DD91B61DAE7000B6F2C /* CityTableVC.m */; };
		57494DE01B61DB08000B6F2C /* EncyptedCityVC.m in Sources */ = {isa = PBXBuildFile; fileRef = 57494DDF1B61DB08000B6F2C /* EncyptedCityVC.m */; };
		57494DE31B61DB17000B6F2C /* OriginalCityVC.m in Sources */ = {isa = PBXBuildFile; fileRef = 57494DE21B61DB17000B6F2C /* OriginalCityVC.m */; };
		57494DE61B61DDF4000B6F2C /* BuildingTableVC.m in Sources */ = {isa = PBXBuildFile; fileRef = 57494DE51B61DDF4000B6F2C /* BuildingTableVC.m */; };
		57494DE91B61E06C000B6F2C /* EncryptedBuildingVC.m in Sources */ = {isa = PBXBuildFile; fileRef = 57494DE81B61E06C000B6F2C /* EncryptedBuildingVC.m */; };
		57494DEC1B61E079000B6F2C /* OriginalBuildingVC.m in Sources */ = {isa = PBXBuildFile; fileRef = 57494DEB1B61E079000B6F2C /* OriginalBuildingVC.m */; };
		57494DEF1B61E1D1000B6F2C /* EncryptedMapVC.m in Sources */ = {isa = PBXBuildFile; fileRef = 57494DEE1B61E1D1000B6F2C /* EncryptedMapVC.m */; };
		57494DF21B61E1DF000B6F2C /* OriginalMapVC.m in Sources */ = {isa = PBXBuildFile; fileRef = 57494DF11B61E1DF000B6F2C /* OriginalMapVC.m */; };
		57494DF51B61E730000B6F2C /* EnviromentManager.m in Sources */ = {isa = PBXBuildFile; fileRef = 57494DF41B61E730000B6F2C /* EnviromentManager.m */; };
		575442A61B5DF11900EA3A1F /* MapEncrypted in Resources */ = {isa = PBXBuildFile; fileRef = 575442A51B5DF11900EA3A1F /* MapEncrypted */; };
		57672D071B55FF4A00DAD219 /* CreatingPOIDBAdapter.m in Sources */ = {isa = PBXBuildFile; fileRef = 57672C911B55FF4A00DAD219 /* CreatingPOIDBAdapter.m */; };
		57672D081B55FF4A00DAD219 /* TYPoiDBAdapter.m in Sources */ = {isa = PBXBuildFile; fileRef = 57672C931B55FF4A00DAD219 /* TYPoiDBAdapter.m */; };
		57672D5D1B55FF9900DAD219 /* TYUserDefaults.m in Sources */ = {isa = PBXBuildFile; fileRef = 57672D5C1B55FF9900DAD219 /* TYUserDefaults.m */; };
		57672E2F1B55FFF900DAD219 /* FMDatabase.m in Sources */ = {isa = PBXBuildFile; fileRef = 57672D611B55FFF900DAD219 /* FMDatabase.m */; };
		57672E301B55FFF900DAD219 /* FMDatabaseAdditions.m in Sources */ = {isa = PBXBuildFile; fileRef = 57672D631B55FFF900DAD219 /* FMDatabaseAdditions.m */; };
		57672E311B55FFF900DAD219 /* FMDatabasePool.m in Sources */ = {isa = PBXBuildFile; fileRef = 57672D651B55FFF900DAD219 /* FMDatabasePool.m */; };
		57672E321B55FFF900DAD219 /* FMDatabaseQueue.m in Sources */ = {isa = PBXBuildFile; fileRef = 57672D671B55FFF900DAD219 /* FMDatabaseQueue.m */; };
		57672E331B55FFF900DAD219 /* FMResultSet.m in Sources */ = {isa = PBXBuildFile; fileRef = 57672D691B55FFF900DAD219 /* FMResultSet.m */; };
		57672E341B55FFF900DAD219 /* ArcGIS.bundle in Resources */ = {isa = PBXBuildFile; fileRef = 57672D6B1B55FFF900DAD219 /* ArcGIS.bundle */; };
		57672E351B55FFF900DAD219 /* AOI.json in Resources */ = {isa = PBXBuildFile; fileRef = 57672D6D1B55FFF900DAD219 /* AOI.json */; };
		57672E361B55FFF900DAD219 /* beacon-hm.db in Resources */ = {isa = PBXBuildFile; fileRef = 57672D6E1B55FFF900DAD219 /* beacon-hm.db */; };
		57672E371B55FFF900DAD219 /* beacon-jz.db in Resources */ = {isa = PBXBuildFile; fileRef = 57672D6F1B55FFF900DAD219 /* beacon-jz.db */; };
		57672E381B55FFF900DAD219 /* beacon-of.db in Resources */ = {isa = PBXBuildFile; fileRef = 57672D701B55FFF900DAD219 /* beacon-of.db */; };
		57672EEE1B56002900DAD219 /* LaunchScreen.xib in Resources */ = {isa = PBXBuildFile; fileRef = 57672EE91B56002900DAD219 /* LaunchScreen.xib */; };
		57672EEF1B56002900DAD219 /* Main.storyboard in Resources */ = {isa = PBXBuildFile; fileRef = 57672EEB1B56002900DAD219 /* Main.storyboard */; };
		57672EF01B56002900DAD219 /* Images.xcassets in Resources */ = {isa = PBXBuildFile; fileRef = 57672EED1B56002900DAD219 /* Images.xcassets */; };
		57672EF51B56006700DAD219 /* main.m in Sources */ = {isa = PBXBuildFile; fileRef = 57672EF21B56006700DAD219 /* main.m */; };
		57672EF91B56009700DAD219 /* libsqlite3.0.dylib in Frameworks */ = {isa = PBXBuildFile; fileRef = 57672EF81B56009700DAD219 /* libsqlite3.0.dylib */; };
		57672EFD1B5600B900DAD219 /* Default-568h@2x.png in Resources */ = {isa = PBXBuildFile; fileRef = 57672EFC1B5600B900DAD219 /* Default-568h@2x.png */; };
		57672EFF1B56046300DAD219 /* MapResource in Resources */ = {isa = PBXBuildFile; fileRef = 57672EFE1B56046300DAD219 /* MapResource */; };
		576AEEA71B61D97100D55CA4 /* CreatePOIDatabaseVC.m in Sources */ = {isa = PBXBuildFile; fileRef = 576AEE991B61D97100D55CA4 /* CreatePOIDatabaseVC.m */; };
		576AEEA81B61D97100D55CA4 /* MapCalloutVC.m in Sources */ = {isa = PBXBuildFile; fileRef = 576AEE9B1B61D97100D55CA4 /* MapCalloutVC.m */; };
		576AEEA91B61D97100D55CA4 /* MapEncryptionVC.mm in Sources */ = {isa = PBXBuildFile; fileRef = 576AEE9D1B61D97100D55CA4 /* MapEncryptionVC.mm */; };
		576AEEAA1B61D97100D55CA4 /* MapRouteVC.m in Sources */ = {isa = PBXBuildFile; fileRef = 576AEE9F1B61D97100D55CA4 /* MapRouteVC.m */; };
		576AEEAB1B61D97100D55CA4 /* MapDevVC.m in Sources */ = {isa = PBXBuildFile; fileRef = 576AEEA11B61D97100D55CA4 /* MapDevVC.m */; };
		576AEEAC1B61D97100D55CA4 /* MapVC.m in Sources */ = {isa = PBXBuildFile; fileRef = 576AEEA31B61D97100D55CA4 /* MapVC.m */; };
		576AEEB21B61D9E400D55CA4 /* CustomCalloutVC.m in Sources */ = {isa = PBXBuildFile; fileRef = 576AEEB01B61D9E400D55CA4 /* CustomCalloutVC.m */; };
		5794C0C11B560558002DCE9F /* TYCallout.m in Sources */ = {isa = PBXBuildFile; fileRef = 5794C0511B560558002DCE9F /* TYCallout.m */; };
		5794C0C21B560558002DCE9F /* TYCredential.m in Sources */ = {isa = PBXBuildFile; fileRef = 5794C0531B560558002DCE9F /* TYCredential.m */; };
		5794C0C31B560558002DCE9F /* TYEnvelope.m in Sources */ = {isa = PBXBuildFile; fileRef = 5794C0551B560558002DCE9F /* TYEnvelope.m */; };
		5794C0C41B560558002DCE9F /* TYGeometry.m in Sources */ = {isa = PBXBuildFile; fileRef = 5794C0571B560558002DCE9F /* TYGeometry.m */; };
		5794C0C51B560558002DCE9F /* TYGeometryEngine.m in Sources */ = {isa = PBXBuildFile; fileRef = 5794C0591B560558002DCE9F /* TYGeometryEngine.m */; };
		5794C0C61B560558002DCE9F /* TYGraphic.m in Sources */ = {isa = PBXBuildFile; fileRef = 5794C05B1B560558002DCE9F /* TYGraphic.m */; };
		5794C0C71B560558002DCE9F /* TYGraphicsLayer.m in Sources */ = {isa = PBXBuildFile; fileRef = 5794C05D1B560558002DCE9F /* TYGraphicsLayer.m */; };
		5794C0C81B560558002DCE9F /* TYLocationDisplay.m in Sources */ = {isa = PBXBuildFile; fileRef = 5794C05F1B560558002DCE9F /* TYLocationDisplay.m */; };
		5794C0C91B560558002DCE9F /* TYMarkerSymbol.m in Sources */ = {isa = PBXBuildFile; fileRef = 5794C0611B560558002DCE9F /* TYMarkerSymbol.m */; };
		5794C0CA1B560558002DCE9F /* TYPictureMarkerSymbol.m in Sources */ = {isa = PBXBuildFile; fileRef = 5794C0631B560558002DCE9F /* TYPictureMarkerSymbol.m */; };
		5794C0CB1B560558002DCE9F /* TYPoint.m in Sources */ = {isa = PBXBuildFile; fileRef = 5794C0651B560558002DCE9F /* TYPoint.m */; };
		5794C0CC1B560558002DCE9F /* TYPolygon.m in Sources */ = {isa = PBXBuildFile; fileRef = 5794C0671B560558002DCE9F /* TYPolygon.m */; };
		5794C0CD1B560558002DCE9F /* TYPolyline.m in Sources */ = {isa = PBXBuildFile; fileRef = 5794C0691B560558002DCE9F /* TYPolyline.m */; };
		5794C0CE1B560558002DCE9F /* TYSimpleFillSymbol.m in Sources */ = {isa = PBXBuildFile; fileRef = 5794C06B1B560558002DCE9F /* TYSimpleFillSymbol.m */; };
		5794C0CF1B560558002DCE9F /* TYSimpleLineSymbol.m in Sources */ = {isa = PBXBuildFile; fileRef = 5794C06D1B560558002DCE9F /* TYSimpleLineSymbol.m */; };
		5794C0D01B560558002DCE9F /* TYSimpleMarkerSymbol.m in Sources */ = {isa = PBXBuildFile; fileRef = 5794C06F1B560558002DCE9F /* TYSimpleMarkerSymbol.m */; };
		5794C0D11B560558002DCE9F /* TYSpatialReference.m in Sources */ = {isa = PBXBuildFile; fileRef = 5794C0711B560558002DCE9F /* TYSpatialReference.m */; };
		5794C0D21B560558002DCE9F /* TYAnimatedRouteArrowLayer.m in Sources */ = {isa = PBXBuildFile; fileRef = 5794C0741B560558002DCE9F /* TYAnimatedRouteArrowLayer.m */; };
		5794C0D31B560558002DCE9F /* TYLocationLayer.m in Sources */ = {isa = PBXBuildFile; fileRef = 5794C0761B560558002DCE9F /* TYLocationLayer.m */; };
		5794C0D41B560558002DCE9F /* TYRouteArrowLayer.m in Sources */ = {isa = PBXBuildFile; fileRef = 5794C0781B560558002DCE9F /* TYRouteArrowLayer.m */; };
		5794C0D51B560558002DCE9F /* TYRouteHintLayer.m in Sources */ = {isa = PBXBuildFile; fileRef = 5794C07A1B560558002DCE9F /* TYRouteHintLayer.m */; };
		5794C0D61B560558002DCE9F /* TYRouteLayer.m in Sources */ = {isa = PBXBuildFile; fileRef = 5794C07C1B560558002DCE9F /* TYRouteLayer.m */; };
		5794C0D71B560558002DCE9F /* Vector2.m in Sources */ = {isa = PBXBuildFile; fileRef = 5794C07E1B560558002DCE9F /* Vector2.m */; };
		5794C0D81B560558002DCE9F /* TYFacilityLabel.m in Sources */ = {isa = PBXBuildFile; fileRef = 5794C0811B560558002DCE9F /* TYFacilityLabel.m */; };
		5794C0D91B560558002DCE9F /* TYFacilityLayer.m in Sources */ = {isa = PBXBuildFile; fileRef = 5794C0831B560558002DCE9F /* TYFacilityLayer.m */; };
		5794C0DA1B560558002DCE9F /* TYLabelBorder.m in Sources */ = {isa = PBXBuildFile; fileRef = 5794C0851B560558002DCE9F /* TYLabelBorder.m */; };
		5794C0DB1B560558002DCE9F /* TYLabelBorderCalculator.m in Sources */ = {isa = PBXBuildFile; fileRef = 5794C0871B560558002DCE9F /* TYLabelBorderCalculator.m */; };
		5794C0DC1B560558002DCE9F /* TYLabelGroupLayer.m in Sources */ = {isa = PBXBuildFile; fileRef = 5794C0891B560558002DCE9F /* TYLabelGroupLayer.m */; };
		5794C0DD1B560558002DCE9F /* TYTextLabel.m in Sources */ = {isa = PBXBuildFile; fileRef = 5794C08B1B560558002DCE9F /* TYTextLabel.m */; };
		5794C0DE1B560558002DCE9F /* TYTextLabelLayer.m in Sources */ = {isa = PBXBuildFile; fileRef = 5794C08D1B560558002DCE9F /* TYTextLabelLayer.m */; };
		5794C0DF1B560558002DCE9F /* TYArcGISDrawer.m in Sources */ = {isa = PBXBuildFile; fileRef = 5794C0901B560558002DCE9F /* TYArcGISDrawer.m */; };
		5794C0E01B560558002DCE9F /* TYAreaAnalysis.m in Sources */ = {isa = PBXBuildFile; fileRef = 5794C0921B560558002DCE9F /* TYAreaAnalysis.m */; };
		5794C0E11B560558002DCE9F /* TYBuilding.m in Sources */ = {isa = PBXBuildFile; fileRef = 5794C0941B560558002DCE9F /* TYBuilding.m */; };
		5794C0E21B560558002DCE9F /* TYCity.m in Sources */ = {isa = PBXBuildFile; fileRef = 5794C0961B560558002DCE9F /* TYCity.m */; };
		5794C0E31B560558002DCE9F /* TYMapEnviroment.m in Sources */ = {isa = PBXBuildFile; fileRef = 5794C0981B560558002DCE9F /* TYMapEnviroment.m */; };
		5794C0E41B560558002DCE9F /* TYMapFileManager.mm in Sources */ = {isa = PBXBuildFile; fileRef = 5794C09A1B560558002DCE9F /* TYMapFileManager.mm */; };
		5794C0E51B560558002DCE9F /* TYMapInfo.m in Sources */ = {isa = PBXBuildFile; fileRef = 5794C09C1B560558002DCE9F /* TYMapInfo.m */; };
		5794C0E61B560558002DCE9F /* TYMapView.m in Sources */ = {isa = PBXBuildFile; fileRef = 5794C09F1B560558002DCE9F /* TYMapView.m */; };
		5794C0E71B560558002DCE9F /* TYRenderingScheme.m in Sources */ = {isa = PBXBuildFile; fileRef = 5794C0A11B560558002DCE9F /* TYRenderingScheme.m */; };
		5794C0E81B560558002DCE9F /* TYPathCalibration.m in Sources */ = {isa = PBXBuildFile; fileRef = 5794C0A31B560558002DCE9F /* TYPathCalibration.m */; };
		5794C0E91B560558002DCE9F /* TYBrand.m in Sources */ = {isa = PBXBuildFile; fileRef = 5794C0A61B560558002DCE9F /* TYBrand.m */; };
		5794C0EA1B560558002DCE9F /* TYPoi.m in Sources */ = {isa = PBXBuildFile; fileRef = 5794C0A81B560558002DCE9F /* TYPoi.m */; };
		5794C0EB1B560558002DCE9F /* TYDirectionalHint.m in Sources */ = {isa = PBXBuildFile; fileRef = 5794C0AB1B560558002DCE9F /* TYDirectionalHint.m */; };
		5794C0EC1B560558002DCE9F /* TYLandmark.m in Sources */ = {isa = PBXBuildFile; fileRef = 5794C0AD1B560558002DCE9F /* TYLandmark.m */; };
		5794C0ED1B560558002DCE9F /* TYLandmarkManager.m in Sources */ = {isa = PBXBuildFile; fileRef = 5794C0AF1B560558002DCE9F /* TYLandmarkManager.m */; };
		5794C0EE1B560558002DCE9F /* TYRouteManager.m in Sources */ = {isa = PBXBuildFile; fileRef = 5794C0B11B560558002DCE9F /* TYRouteManager.m */; };
		5794C0EF1B560558002DCE9F /* TYRoutePart.m in Sources */ = {isa = PBXBuildFile; fileRef = 5794C0B31B560558002DCE9F /* TYRoutePart.m */; };
		5794C0F01B560558002DCE9F /* TYRoutePointConverter.m in Sources */ = {isa = PBXBuildFile; fileRef = 5794C0B51B560558002DCE9F /* TYRoutePointConverter.m */; };
		5794C0F11B560558002DCE9F /* TYRouteResult.m in Sources */ = {isa = PBXBuildFile; fileRef = 5794C0B71B560558002DCE9F /* TYRouteResult.m */; };
		5794C0F21B560558002DCE9F /* TYAssetLayer.m in Sources */ = {isa = PBXBuildFile; fileRef = 5794C0BA1B560558002DCE9F /* TYAssetLayer.m */; };
		5794C0F31B560558002DCE9F /* TYFloorLayer.m in Sources */ = {isa = PBXBuildFile; fileRef = 5794C0BC1B560558002DCE9F /* TYFloorLayer.m */; };
		5794C0F41B560558002DCE9F /* TYRoomLayer.m in Sources */ = {isa = PBXBuildFile; fileRef = 5794C0BE1B560558002DCE9F /* TYRoomLayer.m */; };
		5794C0F51B560558002DCE9F /* TYStructureGroupLayer.m in Sources */ = {isa = PBXBuildFile; fileRef = 5794C0C01B560558002DCE9F /* TYStructureGroupLayer.m */; };
		57B527531B56332300FD3C27 /* TYMapData.framework in Frameworks */ = {isa = PBXBuildFile; fileRef = 57B527521B56332300FD3C27 /* TYMapData.framework */; };
		57C03F5A1B61E19800490179 /* BaseMapVC.m in Sources */ = {isa = PBXBuildFile; fileRef = 57C03F591B61E19800490179 /* BaseMapVC.m */; };
/* End PBXBuildFile section */

/* Begin PBXFileReference section */
		5709281C1B705A0A00410B8C /* IPMemery.h */ = {isa = PBXFileReference; fileEncoding = 4; lastKnownFileType = sourcecode.c.h; path = IPMemery.h; sourceTree = "<group>"; };
		5709281D1B705A0A00410B8C /* IPMemery.cpp */ = {isa = PBXFileReference; fileEncoding = 4; lastKnownFileType = sourcecode.cpp.cpp; path = IPMemery.cpp; sourceTree = "<group>"; };
		5709281F1B70603800410B8C /* 002100001F04_FLOOR.json */ = {isa = PBXFileReference; fileEncoding = 4; lastKnownFileType = text.json; path = 002100001F04_FLOOR.json; sourceTree = "<group>"; };
		570928211B70646D00410B8C /* MD5.cpp */ = {isa = PBXFileReference; fileEncoding = 4; lastKnownFileType = sourcecode.cpp.cpp; path = MD5.cpp; sourceTree = "<group>"; };
		570928221B70646D00410B8C /* MD5.hpp */ = {isa = PBXFileReference; fileEncoding = 4; lastKnownFileType = sourcecode.cpp.h; path = MD5.hpp; sourceTree = "<group>"; };
		570928231B70646D00410B8C /* MD5Utils.h */ = {isa = PBXFileReference; fileEncoding = 4; lastKnownFileType = sourcecode.c.h; path = MD5Utils.h; sourceTree = "<group>"; };
		570928241B70646D00410B8C /* MD5Utils.mm */ = {isa = PBXFileReference; fileEncoding = 4; lastKnownFileType = sourcecode.cpp.objcpp; path = MD5Utils.mm; sourceTree = "<group>"; };
		570928251B70646D00410B8C /* TYEncryption.h */ = {isa = PBXFileReference; fileEncoding = 4; lastKnownFileType = sourcecode.c.h; path = TYEncryption.h; sourceTree = "<group>"; };
		570928261B70646D00410B8C /* TYEncryption.m */ = {isa = PBXFileReference; fileEncoding = 4; lastKnownFileType = sourcecode.c.objc; path = TYEncryption.m; sourceTree = "<group>"; };
		571AC46F1B55FED900E9FF7D /* AppDelegate.h */ = {isa = PBXFileReference; fileEncoding = 4; lastKnownFileType = sourcecode.c.h; path = AppDelegate.h; sourceTree = "<group>"; };
		571AC4701B55FED900E9FF7D /* AppDelegate.mm */ = {isa = PBXFileReference; fileEncoding = 4; lastKnownFileType = sourcecode.cpp.objcpp; path = AppDelegate.mm; sourceTree = "<group>"; };
		574319141B70588D00234A63 /* IPEncryption.cpp */ = {isa = PBXFileReference; fileEncoding = 4; lastKnownFileType = sourcecode.cpp.cpp; path = IPEncryption.cpp; sourceTree = "<group>"; };
		574319151B70588D00234A63 /* IPEncryption.hpp */ = {isa = PBXFileReference; fileEncoding = 4; lastKnownFileType = sourcecode.cpp.h; path = IPEncryption.hpp; sourceTree = "<group>"; };
		57494DD21B61DAE7000B6F2C /* BaseControllerTableVC.h */ = {isa = PBXFileReference; fileEncoding = 4; lastKnownFileType = sourcecode.c.h; path = BaseControllerTableVC.h; sourceTree = "<group>"; };
		57494DD31B61DAE7000B6F2C /* BaseControllerTableVC.m */ = {isa = PBXFileReference; fileEncoding = 4; lastKnownFileType = sourcecode.c.objc; path = BaseControllerTableVC.m; sourceTree = "<group>"; };
		57494DD41B61DAE7000B6F2C /* BaseLogVC.h */ = {isa = PBXFileReference; fileEncoding = 4; lastKnownFileType = sourcecode.c.h; path = BaseLogVC.h; sourceTree = "<group>"; };
		57494DD51B61DAE7000B6F2C /* BaseLogVC.m */ = {isa = PBXFileReference; fileEncoding = 4; lastKnownFileType = sourcecode.c.objc; path = BaseLogVC.m; sourceTree = "<group>"; };
		57494DD81B61DAE7000B6F2C /* CityTableVC.h */ = {isa = PBXFileReference; fileEncoding = 4; lastKnownFileType = sourcecode.c.h; path = CityTableVC.h; sourceTree = "<group>"; };
		57494DD91B61DAE7000B6F2C /* CityTableVC.m */ = {isa = PBXFileReference; fileEncoding = 4; lastKnownFileType = sourcecode.c.objc; path = CityTableVC.m; sourceTree = "<group>"; };
		57494DDE1B61DB08000B6F2C /* EncyptedCityVC.h */ = {isa = PBXFileReference; fileEncoding = 4; lastKnownFileType = sourcecode.c.h; path = EncyptedCityVC.h; sourceTree = "<group>"; };
		57494DDF1B61DB08000B6F2C /* EncyptedCityVC.m */ = {isa = PBXFileReference; fileEncoding = 4; lastKnownFileType = sourcecode.c.objc; path = EncyptedCityVC.m; sourceTree = "<group>"; };
		57494DE11B61DB17000B6F2C /* OriginalCityVC.h */ = {isa = PBXFileReference; fileEncoding = 4; lastKnownFileType = sourcecode.c.h; path = OriginalCityVC.h; sourceTree = "<group>"; };
		57494DE21B61DB17000B6F2C /* OriginalCityVC.m */ = {isa = PBXFileReference; fileEncoding = 4; lastKnownFileType = sourcecode.c.objc; path = OriginalCityVC.m; sourceTree = "<group>"; };
		57494DE41B61DDF4000B6F2C /* BuildingTableVC.h */ = {isa = PBXFileReference; fileEncoding = 4; lastKnownFileType = sourcecode.c.h; path = BuildingTableVC.h; sourceTree = "<group>"; };
		57494DE51B61DDF4000B6F2C /* BuildingTableVC.m */ = {isa = PBXFileReference; fileEncoding = 4; lastKnownFileType = sourcecode.c.objc; path = BuildingTableVC.m; sourceTree = "<group>"; };
		57494DE71B61E06C000B6F2C /* EncryptedBuildingVC.h */ = {isa = PBXFileReference; fileEncoding = 4; lastKnownFileType = sourcecode.c.h; path = EncryptedBuildingVC.h; sourceTree = "<group>"; };
		57494DE81B61E06C000B6F2C /* EncryptedBuildingVC.m */ = {isa = PBXFileReference; fileEncoding = 4; lastKnownFileType = sourcecode.c.objc; path = EncryptedBuildingVC.m; sourceTree = "<group>"; };
		57494DEA1B61E079000B6F2C /* OriginalBuildingVC.h */ = {isa = PBXFileReference; fileEncoding = 4; lastKnownFileType = sourcecode.c.h; path = OriginalBuildingVC.h; sourceTree = "<group>"; };
		57494DEB1B61E079000B6F2C /* OriginalBuildingVC.m */ = {isa = PBXFileReference; fileEncoding = 4; lastKnownFileType = sourcecode.c.objc; path = OriginalBuildingVC.m; sourceTree = "<group>"; };
		57494DED1B61E1D1000B6F2C /* EncryptedMapVC.h */ = {isa = PBXFileReference; fileEncoding = 4; lastKnownFileType = sourcecode.c.h; path = EncryptedMapVC.h; sourceTree = "<group>"; };
		57494DEE1B61E1D1000B6F2C /* EncryptedMapVC.m */ = {isa = PBXFileReference; fileEncoding = 4; lastKnownFileType = sourcecode.c.objc; path = EncryptedMapVC.m; sourceTree = "<group>"; };
		57494DF01B61E1DF000B6F2C /* OriginalMapVC.h */ = {isa = PBXFileReference; fileEncoding = 4; lastKnownFileType = sourcecode.c.h; path = OriginalMapVC.h; sourceTree = "<group>"; };
		57494DF11B61E1DF000B6F2C /* OriginalMapVC.m */ = {isa = PBXFileReference; fileEncoding = 4; lastKnownFileType = sourcecode.c.objc; path = OriginalMapVC.m; sourceTree = "<group>"; };
		57494DF31B61E730000B6F2C /* EnviromentManager.h */ = {isa = PBXFileReference; fileEncoding = 4; lastKnownFileType = sourcecode.c.h; path = EnviromentManager.h; sourceTree = "<group>"; };
		57494DF41B61E730000B6F2C /* EnviromentManager.m */ = {isa = PBXFileReference; fileEncoding = 4; lastKnownFileType = sourcecode.c.objc; path = EnviromentManager.m; sourceTree = "<group>"; };
		575442A51B5DF11900EA3A1F /* MapEncrypted */ = {isa = PBXFileReference; lastKnownFileType = folder; path = MapEncrypted; sourceTree = "<group>"; };
		57672C901B55FF4A00DAD219 /* CreatingPOIDBAdapter.h */ = {isa = PBXFileReference; fileEncoding = 4; lastKnownFileType = sourcecode.c.h; path = CreatingPOIDBAdapter.h; sourceTree = "<group>"; };
		57672C911B55FF4A00DAD219 /* CreatingPOIDBAdapter.m */ = {isa = PBXFileReference; fileEncoding = 4; lastKnownFileType = sourcecode.c.objc; path = CreatingPOIDBAdapter.m; sourceTree = "<group>"; };
		57672C921B55FF4A00DAD219 /* TYPoiDBAdapter.h */ = {isa = PBXFileReference; fileEncoding = 4; lastKnownFileType = sourcecode.c.h; path = TYPoiDBAdapter.h; sourceTree = "<group>"; };
		57672C931B55FF4A00DAD219 /* TYPoiDBAdapter.m */ = {isa = PBXFileReference; fileEncoding = 4; lastKnownFileType = sourcecode.c.objc; path = TYPoiDBAdapter.m; sourceTree = "<group>"; };
		57672D5B1B55FF9900DAD219 /* TYUserDefaults.h */ = {isa = PBXFileReference; fileEncoding = 4; lastKnownFileType = sourcecode.c.h; path = TYUserDefaults.h; sourceTree = "<group>"; };
		57672D5C1B55FF9900DAD219 /* TYUserDefaults.m */ = {isa = PBXFileReference; fileEncoding = 4; lastKnownFileType = sourcecode.c.objc; path = TYUserDefaults.m; sourceTree = "<group>"; };
		57672D601B55FFF900DAD219 /* FMDatabase.h */ = {isa = PBXFileReference; fileEncoding = 4; lastKnownFileType = sourcecode.c.h; path = FMDatabase.h; sourceTree = "<group>"; };
		57672D611B55FFF900DAD219 /* FMDatabase.m */ = {isa = PBXFileReference; fileEncoding = 4; lastKnownFileType = sourcecode.c.objc; path = FMDatabase.m; sourceTree = "<group>"; };
		57672D621B55FFF900DAD219 /* FMDatabaseAdditions.h */ = {isa = PBXFileReference; fileEncoding = 4; lastKnownFileType = sourcecode.c.h; path = FMDatabaseAdditions.h; sourceTree = "<group>"; };
		57672D631B55FFF900DAD219 /* FMDatabaseAdditions.m */ = {isa = PBXFileReference; fileEncoding = 4; lastKnownFileType = sourcecode.c.objc; path = FMDatabaseAdditions.m; sourceTree = "<group>"; };
		57672D641B55FFF900DAD219 /* FMDatabasePool.h */ = {isa = PBXFileReference; fileEncoding = 4; lastKnownFileType = sourcecode.c.h; path = FMDatabasePool.h; sourceTree = "<group>"; };
		57672D651B55FFF900DAD219 /* FMDatabasePool.m */ = {isa = PBXFileReference; fileEncoding = 4; lastKnownFileType = sourcecode.c.objc; path = FMDatabasePool.m; sourceTree = "<group>"; };
		57672D661B55FFF900DAD219 /* FMDatabaseQueue.h */ = {isa = PBXFileReference; fileEncoding = 4; lastKnownFileType = sourcecode.c.h; path = FMDatabaseQueue.h; sourceTree = "<group>"; };
		57672D671B55FFF900DAD219 /* FMDatabaseQueue.m */ = {isa = PBXFileReference; fileEncoding = 4; lastKnownFileType = sourcecode.c.objc; path = FMDatabaseQueue.m; sourceTree = "<group>"; };
		57672D681B55FFF900DAD219 /* FMResultSet.h */ = {isa = PBXFileReference; fileEncoding = 4; lastKnownFileType = sourcecode.c.h; path = FMResultSet.h; sourceTree = "<group>"; };
		57672D691B55FFF900DAD219 /* FMResultSet.m */ = {isa = PBXFileReference; fileEncoding = 4; lastKnownFileType = sourcecode.c.objc; path = FMResultSet.m; sourceTree = "<group>"; };
		57672D6B1B55FFF900DAD219 /* ArcGIS.bundle */ = {isa = PBXFileReference; lastKnownFileType = "wrapper.plug-in"; path = ArcGIS.bundle; sourceTree = "<group>"; };
		57672D6D1B55FFF900DAD219 /* AOI.json */ = {isa = PBXFileReference; fileEncoding = 4; lastKnownFileType = text.json; path = AOI.json; sourceTree = "<group>"; };
		57672D6E1B55FFF900DAD219 /* beacon-hm.db */ = {isa = PBXFileReference; lastKnownFileType = file; path = "beacon-hm.db"; sourceTree = "<group>"; };
		57672D6F1B55FFF900DAD219 /* beacon-jz.db */ = {isa = PBXFileReference; lastKnownFileType = file; path = "beacon-jz.db"; sourceTree = "<group>"; };
		57672D701B55FFF900DAD219 /* beacon-of.db */ = {isa = PBXFileReference; lastKnownFileType = file; path = "beacon-of.db"; sourceTree = "<group>"; };
		57672EEA1B56002900DAD219 /* Base */ = {isa = PBXFileReference; lastKnownFileType = file.xib; name = Base; path = LaunchScreen.xib; sourceTree = "<group>"; };
		57672EEC1B56002900DAD219 /* Base */ = {isa = PBXFileReference; lastKnownFileType = file.storyboard; name = Base; path = Main.storyboard; sourceTree = "<group>"; };
		57672EED1B56002900DAD219 /* Images.xcassets */ = {isa = PBXFileReference; lastKnownFileType = folder.assetcatalog; path = Images.xcassets; sourceTree = "<group>"; };
		57672EF11B56006700DAD219 /* Info.plist */ = {isa = PBXFileReference; fileEncoding = 4; lastKnownFileType = text.plist.xml; path = Info.plist; sourceTree = "<group>"; };
		57672EF21B56006700DAD219 /* main.m */ = {isa = PBXFileReference; fileEncoding = 4; lastKnownFileType = sourcecode.c.objc; path = main.m; sourceTree = "<group>"; };
		57672EF81B56009700DAD219 /* libsqlite3.0.dylib */ = {isa = PBXFileReference; lastKnownFileType = "compiled.mach-o.dylib"; name = libsqlite3.0.dylib; path = usr/lib/libsqlite3.0.dylib; sourceTree = SDKROOT; };
		57672EFC1B5600B900DAD219 /* Default-568h@2x.png */ = {isa = PBXFileReference; lastKnownFileType = image.png; path = "Default-568h@2x.png"; sourceTree = "<group>"; };
		57672EFE1B56046300DAD219 /* MapResource */ = {isa = PBXFileReference; lastKnownFileType = folder; path = MapResource; sourceTree = "<group>"; };
		576AEE981B61D97100D55CA4 /* CreatePOIDatabaseVC.h */ = {isa = PBXFileReference; fileEncoding = 4; lastKnownFileType = sourcecode.c.h; path = CreatePOIDatabaseVC.h; sourceTree = "<group>"; };
		576AEE991B61D97100D55CA4 /* CreatePOIDatabaseVC.m */ = {isa = PBXFileReference; fileEncoding = 4; lastKnownFileType = sourcecode.c.objc; path = CreatePOIDatabaseVC.m; sourceTree = "<group>"; };
		576AEE9A1B61D97100D55CA4 /* MapCalloutVC.h */ = {isa = PBXFileReference; fileEncoding = 4; lastKnownFileType = sourcecode.c.h; path = MapCalloutVC.h; sourceTree = "<group>"; };
		576AEE9B1B61D97100D55CA4 /* MapCalloutVC.m */ = {isa = PBXFileReference; fileEncoding = 4; lastKnownFileType = sourcecode.c.objc; path = MapCalloutVC.m; sourceTree = "<group>"; };
		576AEE9C1B61D97100D55CA4 /* MapEncryptionVC.h */ = {isa = PBXFileReference; fileEncoding = 4; lastKnownFileType = sourcecode.c.h; path = MapEncryptionVC.h; sourceTree = "<group>"; };
		576AEE9D1B61D97100D55CA4 /* MapEncryptionVC.mm */ = {isa = PBXFileReference; fileEncoding = 4; lastKnownFileType = sourcecode.cpp.objcpp; path = MapEncryptionVC.mm; sourceTree = "<group>"; };
		576AEE9E1B61D97100D55CA4 /* MapRouteVC.h */ = {isa = PBXFileReference; fileEncoding = 4; lastKnownFileType = sourcecode.c.h; path = MapRouteVC.h; sourceTree = "<group>"; };
		576AEE9F1B61D97100D55CA4 /* MapRouteVC.m */ = {isa = PBXFileReference; fileEncoding = 4; lastKnownFileType = sourcecode.c.objc; path = MapRouteVC.m; sourceTree = "<group>"; };
		576AEEA01B61D97100D55CA4 /* MapDevVC.h */ = {isa = PBXFileReference; fileEncoding = 4; lastKnownFileType = sourcecode.c.h; path = MapDevVC.h; sourceTree = "<group>"; };
		576AEEA11B61D97100D55CA4 /* MapDevVC.m */ = {isa = PBXFileReference; fileEncoding = 4; lastKnownFileType = sourcecode.c.objc; path = MapDevVC.m; sourceTree = "<group>"; };
		576AEEA21B61D97100D55CA4 /* MapVC.h */ = {isa = PBXFileReference; fileEncoding = 4; lastKnownFileType = sourcecode.c.h; path = MapVC.h; sourceTree = "<group>"; };
		576AEEA31B61D97100D55CA4 /* MapVC.m */ = {isa = PBXFileReference; fileEncoding = 4; lastKnownFileType = sourcecode.c.objc; path = MapVC.m; sourceTree = "<group>"; };
		576AEEAF1B61D9E400D55CA4 /* CustomCalloutVC.h */ = {isa = PBXFileReference; fileEncoding = 4; lastKnownFileType = sourcecode.c.h; path = CustomCalloutVC.h; sourceTree = "<group>"; };
		576AEEB01B61D9E400D55CA4 /* CustomCalloutVC.m */ = {isa = PBXFileReference; fileEncoding = 4; lastKnownFileType = sourcecode.c.objc; path = CustomCalloutVC.m; sourceTree = "<group>"; };
		5794C0501B560558002DCE9F /* TYCallout.h */ = {isa = PBXFileReference; fileEncoding = 4; lastKnownFileType = sourcecode.c.h; path = TYCallout.h; sourceTree = "<group>"; };
		5794C0511B560558002DCE9F /* TYCallout.m */ = {isa = PBXFileReference; fileEncoding = 4; lastKnownFileType = sourcecode.c.objc; path = TYCallout.m; sourceTree = "<group>"; };
		5794C0521B560558002DCE9F /* TYCredential.h */ = {isa = PBXFileReference; fileEncoding = 4; lastKnownFileType = sourcecode.c.h; path = TYCredential.h; sourceTree = "<group>"; };
		5794C0531B560558002DCE9F /* TYCredential.m */ = {isa = PBXFileReference; fileEncoding = 4; lastKnownFileType = sourcecode.c.objc; path = TYCredential.m; sourceTree = "<group>"; };
		5794C0541B560558002DCE9F /* TYEnvelope.h */ = {isa = PBXFileReference; fileEncoding = 4; lastKnownFileType = sourcecode.c.h; path = TYEnvelope.h; sourceTree = "<group>"; };
		5794C0551B560558002DCE9F /* TYEnvelope.m */ = {isa = PBXFileReference; fileEncoding = 4; lastKnownFileType = sourcecode.c.objc; path = TYEnvelope.m; sourceTree = "<group>"; };
		5794C0561B560558002DCE9F /* TYGeometry.h */ = {isa = PBXFileReference; fileEncoding = 4; lastKnownFileType = sourcecode.c.h; path = TYGeometry.h; sourceTree = "<group>"; };
		5794C0571B560558002DCE9F /* TYGeometry.m */ = {isa = PBXFileReference; fileEncoding = 4; lastKnownFileType = sourcecode.c.objc; path = TYGeometry.m; sourceTree = "<group>"; };
		5794C0581B560558002DCE9F /* TYGeometryEngine.h */ = {isa = PBXFileReference; fileEncoding = 4; lastKnownFileType = sourcecode.c.h; path = TYGeometryEngine.h; sourceTree = "<group>"; };
		5794C0591B560558002DCE9F /* TYGeometryEngine.m */ = {isa = PBXFileReference; fileEncoding = 4; lastKnownFileType = sourcecode.c.objc; path = TYGeometryEngine.m; sourceTree = "<group>"; };
		5794C05A1B560558002DCE9F /* TYGraphic.h */ = {isa = PBXFileReference; fileEncoding = 4; lastKnownFileType = sourcecode.c.h; path = TYGraphic.h; sourceTree = "<group>"; };
		5794C05B1B560558002DCE9F /* TYGraphic.m */ = {isa = PBXFileReference; fileEncoding = 4; lastKnownFileType = sourcecode.c.objc; path = TYGraphic.m; sourceTree = "<group>"; };
		5794C05C1B560558002DCE9F /* TYGraphicsLayer.h */ = {isa = PBXFileReference; fileEncoding = 4; lastKnownFileType = sourcecode.c.h; path = TYGraphicsLayer.h; sourceTree = "<group>"; };
		5794C05D1B560558002DCE9F /* TYGraphicsLayer.m */ = {isa = PBXFileReference; fileEncoding = 4; lastKnownFileType = sourcecode.c.objc; path = TYGraphicsLayer.m; sourceTree = "<group>"; };
		5794C05E1B560558002DCE9F /* TYLocationDisplay.h */ = {isa = PBXFileReference; fileEncoding = 4; lastKnownFileType = sourcecode.c.h; path = TYLocationDisplay.h; sourceTree = "<group>"; };
		5794C05F1B560558002DCE9F /* TYLocationDisplay.m */ = {isa = PBXFileReference; fileEncoding = 4; lastKnownFileType = sourcecode.c.objc; path = TYLocationDisplay.m; sourceTree = "<group>"; };
		5794C0601B560558002DCE9F /* TYMarkerSymbol.h */ = {isa = PBXFileReference; fileEncoding = 4; lastKnownFileType = sourcecode.c.h; path = TYMarkerSymbol.h; sourceTree = "<group>"; };
		5794C0611B560558002DCE9F /* TYMarkerSymbol.m */ = {isa = PBXFileReference; fileEncoding = 4; lastKnownFileType = sourcecode.c.objc; path = TYMarkerSymbol.m; sourceTree = "<group>"; };
		5794C0621B560558002DCE9F /* TYPictureMarkerSymbol.h */ = {isa = PBXFileReference; fileEncoding = 4; lastKnownFileType = sourcecode.c.h; path = TYPictureMarkerSymbol.h; sourceTree = "<group>"; };
		5794C0631B560558002DCE9F /* TYPictureMarkerSymbol.m */ = {isa = PBXFileReference; fileEncoding = 4; lastKnownFileType = sourcecode.c.objc; path = TYPictureMarkerSymbol.m; sourceTree = "<group>"; };
		5794C0641B560558002DCE9F /* TYPoint.h */ = {isa = PBXFileReference; fileEncoding = 4; lastKnownFileType = sourcecode.c.h; path = TYPoint.h; sourceTree = "<group>"; };
		5794C0651B560558002DCE9F /* TYPoint.m */ = {isa = PBXFileReference; fileEncoding = 4; lastKnownFileType = sourcecode.c.objc; path = TYPoint.m; sourceTree = "<group>"; };
		5794C0661B560558002DCE9F /* TYPolygon.h */ = {isa = PBXFileReference; fileEncoding = 4; lastKnownFileType = sourcecode.c.h; path = TYPolygon.h; sourceTree = "<group>"; };
		5794C0671B560558002DCE9F /* TYPolygon.m */ = {isa = PBXFileReference; fileEncoding = 4; lastKnownFileType = sourcecode.c.objc; path = TYPolygon.m; sourceTree = "<group>"; };
		5794C0681B560558002DCE9F /* TYPolyline.h */ = {isa = PBXFileReference; fileEncoding = 4; lastKnownFileType = sourcecode.c.h; path = TYPolyline.h; sourceTree = "<group>"; };
		5794C0691B560558002DCE9F /* TYPolyline.m */ = {isa = PBXFileReference; fileEncoding = 4; lastKnownFileType = sourcecode.c.objc; path = TYPolyline.m; sourceTree = "<group>"; };
		5794C06A1B560558002DCE9F /* TYSimpleFillSymbol.h */ = {isa = PBXFileReference; fileEncoding = 4; lastKnownFileType = sourcecode.c.h; path = TYSimpleFillSymbol.h; sourceTree = "<group>"; };
		5794C06B1B560558002DCE9F /* TYSimpleFillSymbol.m */ = {isa = PBXFileReference; fileEncoding = 4; lastKnownFileType = sourcecode.c.objc; path = TYSimpleFillSymbol.m; sourceTree = "<group>"; };
		5794C06C1B560558002DCE9F /* TYSimpleLineSymbol.h */ = {isa = PBXFileReference; fileEncoding = 4; lastKnownFileType = sourcecode.c.h; path = TYSimpleLineSymbol.h; sourceTree = "<group>"; };
		5794C06D1B560558002DCE9F /* TYSimpleLineSymbol.m */ = {isa = PBXFileReference; fileEncoding = 4; lastKnownFileType = sourcecode.c.objc; path = TYSimpleLineSymbol.m; sourceTree = "<group>"; };
		5794C06E1B560558002DCE9F /* TYSimpleMarkerSymbol.h */ = {isa = PBXFileReference; fileEncoding = 4; lastKnownFileType = sourcecode.c.h; path = TYSimpleMarkerSymbol.h; sourceTree = "<group>"; };
		5794C06F1B560558002DCE9F /* TYSimpleMarkerSymbol.m */ = {isa = PBXFileReference; fileEncoding = 4; lastKnownFileType = sourcecode.c.objc; path = TYSimpleMarkerSymbol.m; sourceTree = "<group>"; };
		5794C0701B560558002DCE9F /* TYSpatialReference.h */ = {isa = PBXFileReference; fileEncoding = 4; lastKnownFileType = sourcecode.c.h; path = TYSpatialReference.h; sourceTree = "<group>"; };
		5794C0711B560558002DCE9F /* TYSpatialReference.m */ = {isa = PBXFileReference; fileEncoding = 4; lastKnownFileType = sourcecode.c.objc; path = TYSpatialReference.m; sourceTree = "<group>"; };
		5794C0731B560558002DCE9F /* TYAnimatedRouteArrowLayer.h */ = {isa = PBXFileReference; fileEncoding = 4; lastKnownFileType = sourcecode.c.h; path = TYAnimatedRouteArrowLayer.h; sourceTree = "<group>"; };
		5794C0741B560558002DCE9F /* TYAnimatedRouteArrowLayer.m */ = {isa = PBXFileReference; fileEncoding = 4; lastKnownFileType = sourcecode.c.objc; path = TYAnimatedRouteArrowLayer.m; sourceTree = "<group>"; };
		5794C0751B560558002DCE9F /* TYLocationLayer.h */ = {isa = PBXFileReference; fileEncoding = 4; lastKnownFileType = sourcecode.c.h; path = TYLocationLayer.h; sourceTree = "<group>"; };
		5794C0761B560558002DCE9F /* TYLocationLayer.m */ = {isa = PBXFileReference; fileEncoding = 4; lastKnownFileType = sourcecode.c.objc; path = TYLocationLayer.m; sourceTree = "<group>"; };
		5794C0771B560558002DCE9F /* TYRouteArrowLayer.h */ = {isa = PBXFileReference; fileEncoding = 4; lastKnownFileType = sourcecode.c.h; path = TYRouteArrowLayer.h; sourceTree = "<group>"; };
		5794C0781B560558002DCE9F /* TYRouteArrowLayer.m */ = {isa = PBXFileReference; fileEncoding = 4; lastKnownFileType = sourcecode.c.objc; path = TYRouteArrowLayer.m; sourceTree = "<group>"; };
		5794C0791B560558002DCE9F /* TYRouteHintLayer.h */ = {isa = PBXFileReference; fileEncoding = 4; lastKnownFileType = sourcecode.c.h; path = TYRouteHintLayer.h; sourceTree = "<group>"; };
		5794C07A1B560558002DCE9F /* TYRouteHintLayer.m */ = {isa = PBXFileReference; fileEncoding = 4; lastKnownFileType = sourcecode.c.objc; path = TYRouteHintLayer.m; sourceTree = "<group>"; };
		5794C07B1B560558002DCE9F /* TYRouteLayer.h */ = {isa = PBXFileReference; fileEncoding = 4; lastKnownFileType = sourcecode.c.h; path = TYRouteLayer.h; sourceTree = "<group>"; };
		5794C07C1B560558002DCE9F /* TYRouteLayer.m */ = {isa = PBXFileReference; fileEncoding = 4; lastKnownFileType = sourcecode.c.objc; path = TYRouteLayer.m; sourceTree = "<group>"; };
		5794C07D1B560558002DCE9F /* Vector2.h */ = {isa = PBXFileReference; fileEncoding = 4; lastKnownFileType = sourcecode.c.h; path = Vector2.h; sourceTree = "<group>"; };
		5794C07E1B560558002DCE9F /* Vector2.m */ = {isa = PBXFileReference; fileEncoding = 4; lastKnownFileType = sourcecode.c.objc; path = Vector2.m; sourceTree = "<group>"; };
		5794C0801B560558002DCE9F /* TYFacilityLabel.h */ = {isa = PBXFileReference; fileEncoding = 4; lastKnownFileType = sourcecode.c.h; path = TYFacilityLabel.h; sourceTree = "<group>"; };
		5794C0811B560558002DCE9F /* TYFacilityLabel.m */ = {isa = PBXFileReference; fileEncoding = 4; lastKnownFileType = sourcecode.c.objc; path = TYFacilityLabel.m; sourceTree = "<group>"; };
		5794C0821B560558002DCE9F /* TYFacilityLayer.h */ = {isa = PBXFileReference; fileEncoding = 4; lastKnownFileType = sourcecode.c.h; path = TYFacilityLayer.h; sourceTree = "<group>"; };
		5794C0831B560558002DCE9F /* TYFacilityLayer.m */ = {isa = PBXFileReference; fileEncoding = 4; lastKnownFileType = sourcecode.c.objc; path = TYFacilityLayer.m; sourceTree = "<group>"; };
		5794C0841B560558002DCE9F /* TYLabelBorder.h */ = {isa = PBXFileReference; fileEncoding = 4; lastKnownFileType = sourcecode.c.h; path = TYLabelBorder.h; sourceTree = "<group>"; };
		5794C0851B560558002DCE9F /* TYLabelBorder.m */ = {isa = PBXFileReference; fileEncoding = 4; lastKnownFileType = sourcecode.c.objc; path = TYLabelBorder.m; sourceTree = "<group>"; };
		5794C0861B560558002DCE9F /* TYLabelBorderCalculator.h */ = {isa = PBXFileReference; fileEncoding = 4; lastKnownFileType = sourcecode.c.h; path = TYLabelBorderCalculator.h; sourceTree = "<group>"; };
		5794C0871B560558002DCE9F /* TYLabelBorderCalculator.m */ = {isa = PBXFileReference; fileEncoding = 4; lastKnownFileType = sourcecode.c.objc; path = TYLabelBorderCalculator.m; sourceTree = "<group>"; };
		5794C0881B560558002DCE9F /* TYLabelGroupLayer.h */ = {isa = PBXFileReference; fileEncoding = 4; lastKnownFileType = sourcecode.c.h; path = TYLabelGroupLayer.h; sourceTree = "<group>"; };
		5794C0891B560558002DCE9F /* TYLabelGroupLayer.m */ = {isa = PBXFileReference; fileEncoding = 4; lastKnownFileType = sourcecode.c.objc; path = TYLabelGroupLayer.m; sourceTree = "<group>"; };
		5794C08A1B560558002DCE9F /* TYTextLabel.h */ = {isa = PBXFileReference; fileEncoding = 4; lastKnownFileType = sourcecode.c.h; path = TYTextLabel.h; sourceTree = "<group>"; };
		5794C08B1B560558002DCE9F /* TYTextLabel.m */ = {isa = PBXFileReference; fileEncoding = 4; lastKnownFileType = sourcecode.c.objc; path = TYTextLabel.m; sourceTree = "<group>"; };
		5794C08C1B560558002DCE9F /* TYTextLabelLayer.h */ = {isa = PBXFileReference; fileEncoding = 4; lastKnownFileType = sourcecode.c.h; path = TYTextLabelLayer.h; sourceTree = "<group>"; };
		5794C08D1B560558002DCE9F /* TYTextLabelLayer.m */ = {isa = PBXFileReference; fileEncoding = 4; lastKnownFileType = sourcecode.c.objc; path = TYTextLabelLayer.m; sourceTree = "<group>"; };
		5794C08F1B560558002DCE9F /* TYArcGISDrawer.h */ = {isa = PBXFileReference; fileEncoding = 4; lastKnownFileType = sourcecode.c.h; path = TYArcGISDrawer.h; sourceTree = "<group>"; };
		5794C0901B560558002DCE9F /* TYArcGISDrawer.m */ = {isa = PBXFileReference; fileEncoding = 4; lastKnownFileType = sourcecode.c.objc; path = TYArcGISDrawer.m; sourceTree = "<group>"; };
		5794C0911B560558002DCE9F /* TYAreaAnalysis.h */ = {isa = PBXFileReference; fileEncoding = 4; lastKnownFileType = sourcecode.c.h; path = TYAreaAnalysis.h; sourceTree = "<group>"; };
		5794C0921B560558002DCE9F /* TYAreaAnalysis.m */ = {isa = PBXFileReference; fileEncoding = 4; lastKnownFileType = sourcecode.c.objc; path = TYAreaAnalysis.m; sourceTree = "<group>"; };
		5794C0931B560558002DCE9F /* TYBuilding.h */ = {isa = PBXFileReference; fileEncoding = 4; lastKnownFileType = sourcecode.c.h; path = TYBuilding.h; sourceTree = "<group>"; };
		5794C0941B560558002DCE9F /* TYBuilding.m */ = {isa = PBXFileReference; fileEncoding = 4; lastKnownFileType = sourcecode.c.objc; path = TYBuilding.m; sourceTree = "<group>"; };
		5794C0951B560558002DCE9F /* TYCity.h */ = {isa = PBXFileReference; fileEncoding = 4; lastKnownFileType = sourcecode.c.h; path = TYCity.h; sourceTree = "<group>"; };
		5794C0961B560558002DCE9F /* TYCity.m */ = {isa = PBXFileReference; fileEncoding = 4; lastKnownFileType = sourcecode.c.objc; path = TYCity.m; sourceTree = "<group>"; };
		5794C0971B560558002DCE9F /* TYMapEnviroment.h */ = {isa = PBXFileReference; fileEncoding = 4; lastKnownFileType = sourcecode.c.h; path = TYMapEnviroment.h; sourceTree = "<group>"; };
		5794C0981B560558002DCE9F /* TYMapEnviroment.m */ = {isa = PBXFileReference; fileEncoding = 4; lastKnownFileType = sourcecode.c.objc; path = TYMapEnviroment.m; sourceTree = "<group>"; };
		5794C0991B560558002DCE9F /* TYMapFileManager.h */ = {isa = PBXFileReference; fileEncoding = 4; lastKnownFileType = sourcecode.c.h; path = TYMapFileManager.h; sourceTree = "<group>"; };
		5794C09A1B560558002DCE9F /* TYMapFileManager.mm */ = {isa = PBXFileReference; fileEncoding = 4; lastKnownFileType = sourcecode.cpp.objcpp; path = TYMapFileManager.mm; sourceTree = "<group>"; };
		5794C09B1B560558002DCE9F /* TYMapInfo.h */ = {isa = PBXFileReference; fileEncoding = 4; lastKnownFileType = sourcecode.c.h; path = TYMapInfo.h; sourceTree = "<group>"; };
		5794C09C1B560558002DCE9F /* TYMapInfo.m */ = {isa = PBXFileReference; fileEncoding = 4; lastKnownFileType = sourcecode.c.objc; path = TYMapInfo.m; sourceTree = "<group>"; };
		5794C09D1B560558002DCE9F /* TYMapType.h */ = {isa = PBXFileReference; fileEncoding = 4; lastKnownFileType = sourcecode.c.h; path = TYMapType.h; sourceTree = "<group>"; };
		5794C09E1B560558002DCE9F /* TYMapView.h */ = {isa = PBXFileReference; fileEncoding = 4; lastKnownFileType = sourcecode.c.h; path = TYMapView.h; sourceTree = "<group>"; };
		5794C09F1B560558002DCE9F /* TYMapView.m */ = {isa = PBXFileReference; fileEncoding = 4; lastKnownFileType = sourcecode.c.objc; path = TYMapView.m; sourceTree = "<group>"; };
		5794C0A01B560558002DCE9F /* TYRenderingScheme.h */ = {isa = PBXFileReference; fileEncoding = 4; lastKnownFileType = sourcecode.c.h; path = TYRenderingScheme.h; sourceTree = "<group>"; };
		5794C0A11B560558002DCE9F /* TYRenderingScheme.m */ = {isa = PBXFileReference; fileEncoding = 4; lastKnownFileType = sourcecode.c.objc; path = TYRenderingScheme.m; sourceTree = "<group>"; };
		5794C0A21B560558002DCE9F /* TYPathCalibration.h */ = {isa = PBXFileReference; fileEncoding = 4; lastKnownFileType = sourcecode.c.h; path = TYPathCalibration.h; sourceTree = "<group>"; };
		5794C0A31B560558002DCE9F /* TYPathCalibration.m */ = {isa = PBXFileReference; fileEncoding = 4; lastKnownFileType = sourcecode.c.objc; path = TYPathCalibration.m; sourceTree = "<group>"; };
		5794C0A51B560558002DCE9F /* TYBrand.h */ = {isa = PBXFileReference; fileEncoding = 4; lastKnownFileType = sourcecode.c.h; path = TYBrand.h; sourceTree = "<group>"; };
		5794C0A61B560558002DCE9F /* TYBrand.m */ = {isa = PBXFileReference; fileEncoding = 4; lastKnownFileType = sourcecode.c.objc; path = TYBrand.m; sourceTree = "<group>"; };
		5794C0A71B560558002DCE9F /* TYPoi.h */ = {isa = PBXFileReference; fileEncoding = 4; lastKnownFileType = sourcecode.c.h; path = TYPoi.h; sourceTree = "<group>"; };
		5794C0A81B560558002DCE9F /* TYPoi.m */ = {isa = PBXFileReference; fileEncoding = 4; lastKnownFileType = sourcecode.c.objc; path = TYPoi.m; sourceTree = "<group>"; };
		5794C0AA1B560558002DCE9F /* TYDirectionalHint.h */ = {isa = PBXFileReference; fileEncoding = 4; lastKnownFileType = sourcecode.c.h; path = TYDirectionalHint.h; sourceTree = "<group>"; };
		5794C0AB1B560558002DCE9F /* TYDirectionalHint.m */ = {isa = PBXFileReference; fileEncoding = 4; lastKnownFileType = sourcecode.c.objc; path = TYDirectionalHint.m; sourceTree = "<group>"; };
		5794C0AC1B560558002DCE9F /* TYLandmark.h */ = {isa = PBXFileReference; fileEncoding = 4; lastKnownFileType = sourcecode.c.h; path = TYLandmark.h; sourceTree = "<group>"; };
		5794C0AD1B560558002DCE9F /* TYLandmark.m */ = {isa = PBXFileReference; fileEncoding = 4; lastKnownFileType = sourcecode.c.objc; path = TYLandmark.m; sourceTree = "<group>"; };
		5794C0AE1B560558002DCE9F /* TYLandmarkManager.h */ = {isa = PBXFileReference; fileEncoding = 4; lastKnownFileType = sourcecode.c.h; path = TYLandmarkManager.h; sourceTree = "<group>"; };
		5794C0AF1B560558002DCE9F /* TYLandmarkManager.m */ = {isa = PBXFileReference; fileEncoding = 4; lastKnownFileType = sourcecode.c.objc; path = TYLandmarkManager.m; sourceTree = "<group>"; };
		5794C0B01B560558002DCE9F /* TYRouteManager.h */ = {isa = PBXFileReference; fileEncoding = 4; lastKnownFileType = sourcecode.c.h; path = TYRouteManager.h; sourceTree = "<group>"; };
		5794C0B11B560558002DCE9F /* TYRouteManager.m */ = {isa = PBXFileReference; fileEncoding = 4; lastKnownFileType = sourcecode.c.objc; path = TYRouteManager.m; sourceTree = "<group>"; };
		5794C0B21B560558002DCE9F /* TYRoutePart.h */ = {isa = PBXFileReference; fileEncoding = 4; lastKnownFileType = sourcecode.c.h; path = TYRoutePart.h; sourceTree = "<group>"; };
		5794C0B31B560558002DCE9F /* TYRoutePart.m */ = {isa = PBXFileReference; fileEncoding = 4; lastKnownFileType = sourcecode.c.objc; path = TYRoutePart.m; sourceTree = "<group>"; };
		5794C0B41B560558002DCE9F /* TYRoutePointConverter.h */ = {isa = PBXFileReference; fileEncoding = 4; lastKnownFileType = sourcecode.c.h; path = TYRoutePointConverter.h; sourceTree = "<group>"; };
		5794C0B51B560558002DCE9F /* TYRoutePointConverter.m */ = {isa = PBXFileReference; fileEncoding = 4; lastKnownFileType = sourcecode.c.objc; path = TYRoutePointConverter.m; sourceTree = "<group>"; };
		5794C0B61B560558002DCE9F /* TYRouteResult.h */ = {isa = PBXFileReference; fileEncoding = 4; lastKnownFileType = sourcecode.c.h; path = TYRouteResult.h; sourceTree = "<group>"; };
		5794C0B71B560558002DCE9F /* TYRouteResult.m */ = {isa = PBXFileReference; fileEncoding = 4; lastKnownFileType = sourcecode.c.objc; path = TYRouteResult.m; sourceTree = "<group>"; };
		5794C0B91B560558002DCE9F /* TYAssetLayer.h */ = {isa = PBXFileReference; fileEncoding = 4; lastKnownFileType = sourcecode.c.h; path = TYAssetLayer.h; sourceTree = "<group>"; };
		5794C0BA1B560558002DCE9F /* TYAssetLayer.m */ = {isa = PBXFileReference; fileEncoding = 4; lastKnownFileType = sourcecode.c.objc; path = TYAssetLayer.m; sourceTree = "<group>"; };
		5794C0BB1B560558002DCE9F /* TYFloorLayer.h */ = {isa = PBXFileReference; fileEncoding = 4; lastKnownFileType = sourcecode.c.h; path = TYFloorLayer.h; sourceTree = "<group>"; };
		5794C0BC1B560558002DCE9F /* TYFloorLayer.m */ = {isa = PBXFileReference; fileEncoding = 4; lastKnownFileType = sourcecode.c.objc; path = TYFloorLayer.m; sourceTree = "<group>"; };
		5794C0BD1B560558002DCE9F /* TYRoomLayer.h */ = {isa = PBXFileReference; fileEncoding = 4; lastKnownFileType = sourcecode.c.h; path = TYRoomLayer.h; sourceTree = "<group>"; };
		5794C0BE1B560558002DCE9F /* TYRoomLayer.m */ = {isa = PBXFileReference; fileEncoding = 4; lastKnownFileType = sourcecode.c.objc; path = TYRoomLayer.m; sourceTree = "<group>"; };
		5794C0BF1B560558002DCE9F /* TYStructureGroupLayer.h */ = {isa = PBXFileReference; fileEncoding = 4; lastKnownFileType = sourcecode.c.h; path = TYStructureGroupLayer.h; sourceTree = "<group>"; };
		5794C0C01B560558002DCE9F /* TYStructureGroupLayer.m */ = {isa = PBXFileReference; fileEncoding = 4; lastKnownFileType = sourcecode.c.objc; path = TYStructureGroupLayer.m; sourceTree = "<group>"; };
		5794C0FA1B5613CC002DCE9F /* PrefixHeader.pch */ = {isa = PBXFileReference; lastKnownFileType = sourcecode.c.h; path = PrefixHeader.pch; sourceTree = "<group>"; };
		57B527521B56332300FD3C27 /* TYMapData.framework */ = {isa = PBXFileReference; lastKnownFileType = wrapper.framework; path = TYMapData.framework; sourceTree = "<group>"; };
		57C03F581B61E19800490179 /* BaseMapVC.h */ = {isa = PBXFileReference; fileEncoding = 4; lastKnownFileType = sourcecode.c.h; path = BaseMapVC.h; sourceTree = "<group>"; };
		57C03F591B61E19800490179 /* BaseMapVC.m */ = {isa = PBXFileReference; fileEncoding = 4; lastKnownFileType = sourcecode.c.objc; path = BaseMapVC.m; sourceTree = "<group>"; };
		57D8FC6F1B60F4F700D7A6F8 /* TYMapFileContants.h */ = {isa = PBXFileReference; fileEncoding = 4; lastKnownFileType = sourcecode.c.h; path = TYMapFileContants.h; sourceTree = "<group>"; };
		57F06C1D1A87BC7500B9511F /* MapProject.app */ = {isa = PBXFileReference; explicitFileType = wrapper.application; includeInIndex = 0; path = MapProject.app; sourceTree = BUILT_PRODUCTS_DIR; };
/* End PBXFileReference section */

/* Begin PBXFrameworksBuildPhase section */
		57F06C1A1A87BC7500B9511F /* Frameworks */ = {
			isa = PBXFrameworksBuildPhase;
			buildActionMask = 2147483647;
			files = (
				57B527531B56332300FD3C27 /* TYMapData.framework in Frameworks */,
				57672EF91B56009700DAD219 /* libsqlite3.0.dylib in Frameworks */,
			);
			runOnlyForDeploymentPostprocessing = 0;
		};
/* End PBXFrameworksBuildPhase section */

/* Begin PBXGroup section */
		5709281B1B70584100410B8C /* Utils */ = {
			isa = PBXGroup;
			children = (
				570928221B70646D00410B8C /* MD5.hpp */,
				570928211B70646D00410B8C /* MD5.cpp */,
				570928231B70646D00410B8C /* MD5Utils.h */,
				570928241B70646D00410B8C /* MD5Utils.mm */,
				570928251B70646D00410B8C /* TYEncryption.h */,
				570928261B70646D00410B8C /* TYEncryption.m */,
				5709281C1B705A0A00410B8C /* IPMemery.h */,
				5709281D1B705A0A00410B8C /* IPMemery.cpp */,
				574319151B70588D00234A63 /* IPEncryption.hpp */,
				574319141B70588D00234A63 /* IPEncryption.cpp */,
			);
			path = Utils;
			sourceTree = "<group>";
		};
		571AC46E1B55FED900E9FF7D /* MapProject */ = {
			isa = PBXGroup;
			children = (
				5709281F1B70603800410B8C /* 002100001F04_FLOOR.json */,
				571AC46F1B55FED900E9FF7D /* AppDelegate.h */,
				571AC4701B55FED900E9FF7D /* AppDelegate.mm */,
				57672D5A1B55FF9800DAD219 /* GlobalSettings */,
				57672D3E1B55FF8000DAD219 /* ViewControllers */,
				57672C8F1B55FF4A00DAD219 /* MapTools */,
				5794C04E1B560558002DCE9F /* MapSDK */,
				57672D5E1B55FFF900DAD219 /* libs */,
				57672D6A1B55FFF900DAD219 /* Resources */,
				57672EE81B56002900DAD219 /* Base.lproj */,
				57672EED1B56002900DAD219 /* Images.xcassets */,
				57672EF71B56006E00DAD219 /* Supporting Files */,
			);
			path = MapProject;
			sourceTree = "<group>";
		};
		57494DD11B61DAE7000B6F2C /* HelperVC */ = {
			isa = PBXGroup;
			children = (
				57494DD21B61DAE7000B6F2C /* BaseControllerTableVC.h */,
				57494DD31B61DAE7000B6F2C /* BaseControllerTableVC.m */,
				57494DD41B61DAE7000B6F2C /* BaseLogVC.h */,
				57494DD51B61DAE7000B6F2C /* BaseLogVC.m */,
				57494DD81B61DAE7000B6F2C /* CityTableVC.h */,
				57494DD91B61DAE7000B6F2C /* CityTableVC.m */,
				57494DE41B61DDF4000B6F2C /* BuildingTableVC.h */,
				57494DE51B61DDF4000B6F2C /* BuildingTableVC.m */,
				57C03F581B61E19800490179 /* BaseMapVC.h */,
				57C03F591B61E19800490179 /* BaseMapVC.m */,
			);
			path = HelperVC;
			sourceTree = "<group>";
		};
		57672C8F1B55FF4A00DAD219 /* MapTools */ = {
			isa = PBXGroup;
			children = (
				57672C901B55FF4A00DAD219 /* CreatingPOIDBAdapter.h */,
				57672C911B55FF4A00DAD219 /* CreatingPOIDBAdapter.m */,
				57672C921B55FF4A00DAD219 /* TYPoiDBAdapter.h */,
				57672C931B55FF4A00DAD219 /* TYPoiDBAdapter.m */,
			);
			path = MapTools;
			sourceTree = "<group>";
		};
		57672D3E1B55FF8000DAD219 /* ViewControllers */ = {
			isa = PBXGroup;
			children = (
				57494DD11B61DAE7000B6F2C /* HelperVC */,
				576AEE971B61D97100D55CA4 /* MapDevelopment */,
				576AEE921B61D97100D55CA4 /* EncryptedMapList */,
				576AEEA41B61D97100D55CA4 /* OriginalMapList */,
			);
			path = ViewControllers;
			sourceTree = "<group>";
		};
		57672D5A1B55FF9800DAD219 /* GlobalSettings */ = {
			isa = PBXGroup;
			children = (
				57672D5B1B55FF9900DAD219 /* TYUserDefaults.h */,
				57672D5C1B55FF9900DAD219 /* TYUserDefaults.m */,
				57494DF31B61E730000B6F2C /* EnviromentManager.h */,
				57494DF41B61E730000B6F2C /* EnviromentManager.m */,
			);
			path = GlobalSettings;
			sourceTree = "<group>";
		};
		57672D5E1B55FFF900DAD219 /* libs */ = {
			isa = PBXGroup;
			children = (
				57672D5F1B55FFF900DAD219 /* FMDB */,
			);
			path = libs;
			sourceTree = "<group>";
		};
		57672D5F1B55FFF900DAD219 /* FMDB */ = {
			isa = PBXGroup;
			children = (
				57672D601B55FFF900DAD219 /* FMDatabase.h */,
				57672D611B55FFF900DAD219 /* FMDatabase.m */,
				57672D621B55FFF900DAD219 /* FMDatabaseAdditions.h */,
				57672D631B55FFF900DAD219 /* FMDatabaseAdditions.m */,
				57672D641B55FFF900DAD219 /* FMDatabasePool.h */,
				57672D651B55FFF900DAD219 /* FMDatabasePool.m */,
				57672D661B55FFF900DAD219 /* FMDatabaseQueue.h */,
				57672D671B55FFF900DAD219 /* FMDatabaseQueue.m */,
				57672D681B55FFF900DAD219 /* FMResultSet.h */,
				57672D691B55FFF900DAD219 /* FMResultSet.m */,
			);
			path = FMDB;
			sourceTree = "<group>";
		};
		57672D6A1B55FFF900DAD219 /* Resources */ = {
			isa = PBXGroup;
			children = (
				575442A51B5DF11900EA3A1F /* MapEncrypted */,
				57672EFE1B56046300DAD219 /* MapResource */,
				57672D6B1B55FFF900DAD219 /* ArcGIS.bundle */,
				57672D6C1B55FFF900DAD219 /* MapFiles */,
				57672D711B55FFF900DAD219 /* MapTool */,
			);
			path = Resources;
			sourceTree = "<group>";
		};
		57672D6C1B55FFF900DAD219 /* MapFiles */ = {
			isa = PBXGroup;
			children = (
				57672D6D1B55FFF900DAD219 /* AOI.json */,
				57672D6E1B55FFF900DAD219 /* beacon-hm.db */,
				57672D6F1B55FFF900DAD219 /* beacon-jz.db */,
				57672D701B55FFF900DAD219 /* beacon-of.db */,
			);
			path = MapFiles;
			sourceTree = "<group>";
		};
		57672D711B55FFF900DAD219 /* MapTool */ = {
			isa = PBXGroup;
			children = (
			);
			path = MapTool;
			sourceTree = "<group>";
		};
		57672EE81B56002900DAD219 /* Base.lproj */ = {
			isa = PBXGroup;
			children = (
				57672EE91B56002900DAD219 /* LaunchScreen.xib */,
				57672EEB1B56002900DAD219 /* Main.storyboard */,
			);
			path = Base.lproj;
			sourceTree = "<group>";
		};
		57672EF71B56006E00DAD219 /* Supporting Files */ = {
			isa = PBXGroup;
			children = (
				57B527521B56332300FD3C27 /* TYMapData.framework */,
				57672EFC1B5600B900DAD219 /* Default-568h@2x.png */,
				57672EF81B56009700DAD219 /* libsqlite3.0.dylib */,
				57672EF11B56006700DAD219 /* Info.plist */,
				57672EF21B56006700DAD219 /* main.m */,
				5794C0FA1B5613CC002DCE9F /* PrefixHeader.pch */,
			);
			name = "Supporting Files";
			sourceTree = "<group>";
		};
		576AEE921B61D97100D55CA4 /* EncryptedMapList */ = {
			isa = PBXGroup;
			children = (
				57494DDE1B61DB08000B6F2C /* EncyptedCityVC.h */,
				57494DDF1B61DB08000B6F2C /* EncyptedCityVC.m */,
				57494DE71B61E06C000B6F2C /* EncryptedBuildingVC.h */,
				57494DE81B61E06C000B6F2C /* EncryptedBuildingVC.m */,
				57494DED1B61E1D1000B6F2C /* EncryptedMapVC.h */,
				57494DEE1B61E1D1000B6F2C /* EncryptedMapVC.m */,
			);
			path = EncryptedMapList;
			sourceTree = "<group>";
		};
		576AEE971B61D97100D55CA4 /* MapDevelopment */ = {
			isa = PBXGroup;
			children = (
				576AEEAF1B61D9E400D55CA4 /* CustomCalloutVC.h */,
				576AEEB01B61D9E400D55CA4 /* CustomCalloutVC.m */,
				576AEE981B61D97100D55CA4 /* CreatePOIDatabaseVC.h */,
				576AEE991B61D97100D55CA4 /* CreatePOIDatabaseVC.m */,
				576AEE9A1B61D97100D55CA4 /* MapCalloutVC.h */,
				576AEE9B1B61D97100D55CA4 /* MapCalloutVC.m */,
				576AEE9C1B61D97100D55CA4 /* MapEncryptionVC.h */,
				576AEE9D1B61D97100D55CA4 /* MapEncryptionVC.mm */,
				576AEE9E1B61D97100D55CA4 /* MapRouteVC.h */,
				576AEE9F1B61D97100D55CA4 /* MapRouteVC.m */,
				576AEEA01B61D97100D55CA4 /* MapDevVC.h */,
				576AEEA11B61D97100D55CA4 /* MapDevVC.m */,
				576AEEA21B61D97100D55CA4 /* MapVC.h */,
				576AEEA31B61D97100D55CA4 /* MapVC.m */,
			);
			path = MapDevelopment;
			sourceTree = "<group>";
		};
		576AEEA41B61D97100D55CA4 /* OriginalMapList */ = {
			isa = PBXGroup;
			children = (
				57494DE11B61DB17000B6F2C /* OriginalCityVC.h */,
				57494DE21B61DB17000B6F2C /* OriginalCityVC.m */,
				57494DEA1B61E079000B6F2C /* OriginalBuildingVC.h */,
				57494DEB1B61E079000B6F2C /* OriginalBuildingVC.m */,
				57494DF01B61E1DF000B6F2C /* OriginalMapVC.h */,
				57494DF11B61E1DF000B6F2C /* OriginalMapVC.m */,
			);
			path = OriginalMapList;
			sourceTree = "<group>";
		};
		5794C04E1B560558002DCE9F /* MapSDK */ = {
			isa = PBXGroup;
			children = (
				5709281B1B70584100410B8C /* Utils */,
				5794C0A21B560558002DCE9F /* TYPathCalibration.h */,
				5794C0A31B560558002DCE9F /* TYPathCalibration.m */,
				5794C04F1B560558002DCE9F /* Entity */,
				5794C0721B560558002DCE9F /* FunctionLayers */,
				5794C07F1B560558002DCE9F /* LabelLayers */,
				5794C08E1B560558002DCE9F /* MapView */,
				5794C0A41B560558002DCE9F /* POI */,
				5794C0A91B560558002DCE9F /* Route */,
				5794C0B81B560558002DCE9F /* StructureLayers */,
			);
			path = MapSDK;
			sourceTree = "<group>";
		};
		5794C04F1B560558002DCE9F /* Entity */ = {
			isa = PBXGroup;
			children = (
				5794C0501B560558002DCE9F /* TYCallout.h */,
				5794C0511B560558002DCE9F /* TYCallout.m */,
				5794C0521B560558002DCE9F /* TYCredential.h */,
				5794C0531B560558002DCE9F /* TYCredential.m */,
				5794C0541B560558002DCE9F /* TYEnvelope.h */,
				5794C0551B560558002DCE9F /* TYEnvelope.m */,
				5794C0561B560558002DCE9F /* TYGeometry.h */,
				5794C0571B560558002DCE9F /* TYGeometry.m */,
				5794C0581B560558002DCE9F /* TYGeometryEngine.h */,
				5794C0591B560558002DCE9F /* TYGeometryEngine.m */,
				5794C05A1B560558002DCE9F /* TYGraphic.h */,
				5794C05B1B560558002DCE9F /* TYGraphic.m */,
				5794C05C1B560558002DCE9F /* TYGraphicsLayer.h */,
				5794C05D1B560558002DCE9F /* TYGraphicsLayer.m */,
				5794C05E1B560558002DCE9F /* TYLocationDisplay.h */,
				5794C05F1B560558002DCE9F /* TYLocationDisplay.m */,
				5794C0601B560558002DCE9F /* TYMarkerSymbol.h */,
				5794C0611B560558002DCE9F /* TYMarkerSymbol.m */,
				5794C0621B560558002DCE9F /* TYPictureMarkerSymbol.h */,
				5794C0631B560558002DCE9F /* TYPictureMarkerSymbol.m */,
				5794C0641B560558002DCE9F /* TYPoint.h */,
				5794C0651B560558002DCE9F /* TYPoint.m */,
				5794C0661B560558002DCE9F /* TYPolygon.h */,
				5794C0671B560558002DCE9F /* TYPolygon.m */,
				5794C0681B560558002DCE9F /* TYPolyline.h */,
				5794C0691B560558002DCE9F /* TYPolyline.m */,
				5794C06A1B560558002DCE9F /* TYSimpleFillSymbol.h */,
				5794C06B1B560558002DCE9F /* TYSimpleFillSymbol.m */,
				5794C06C1B560558002DCE9F /* TYSimpleLineSymbol.h */,
				5794C06D1B560558002DCE9F /* TYSimpleLineSymbol.m */,
				5794C06E1B560558002DCE9F /* TYSimpleMarkerSymbol.h */,
				5794C06F1B560558002DCE9F /* TYSimpleMarkerSymbol.m */,
				5794C0701B560558002DCE9F /* TYSpatialReference.h */,
				5794C0711B560558002DCE9F /* TYSpatialReference.m */,
			);
			path = Entity;
			sourceTree = "<group>";
		};
		5794C0721B560558002DCE9F /* FunctionLayers */ = {
			isa = PBXGroup;
			children = (
				5794C0731B560558002DCE9F /* TYAnimatedRouteArrowLayer.h */,
				5794C0741B560558002DCE9F /* TYAnimatedRouteArrowLayer.m */,
				5794C0751B560558002DCE9F /* TYLocationLayer.h */,
				5794C0761B560558002DCE9F /* TYLocationLayer.m */,
				5794C0771B560558002DCE9F /* TYRouteArrowLayer.h */,
				5794C0781B560558002DCE9F /* TYRouteArrowLayer.m */,
				5794C0791B560558002DCE9F /* TYRouteHintLayer.h */,
				5794C07A1B560558002DCE9F /* TYRouteHintLayer.m */,
				5794C07B1B560558002DCE9F /* TYRouteLayer.h */,
				5794C07C1B560558002DCE9F /* TYRouteLayer.m */,
				5794C07D1B560558002DCE9F /* Vector2.h */,
				5794C07E1B560558002DCE9F /* Vector2.m */,
			);
			path = FunctionLayers;
			sourceTree = "<group>";
		};
		5794C07F1B560558002DCE9F /* LabelLayers */ = {
			isa = PBXGroup;
			children = (
				5794C0801B560558002DCE9F /* TYFacilityLabel.h */,
				5794C0811B560558002DCE9F /* TYFacilityLabel.m */,
				5794C0821B560558002DCE9F /* TYFacilityLayer.h */,
				5794C0831B560558002DCE9F /* TYFacilityLayer.m */,
				5794C0841B560558002DCE9F /* TYLabelBorder.h */,
				5794C0851B560558002DCE9F /* TYLabelBorder.m */,
				5794C0861B560558002DCE9F /* TYLabelBorderCalculator.h */,
				5794C0871B560558002DCE9F /* TYLabelBorderCalculator.m */,
				5794C0881B560558002DCE9F /* TYLabelGroupLayer.h */,
				5794C0891B560558002DCE9F /* TYLabelGroupLayer.m */,
				5794C08A1B560558002DCE9F /* TYTextLabel.h */,
				5794C08B1B560558002DCE9F /* TYTextLabel.m */,
				5794C08C1B560558002DCE9F /* TYTextLabelLayer.h */,
				5794C08D1B560558002DCE9F /* TYTextLabelLayer.m */,
			);
			path = LabelLayers;
			sourceTree = "<group>";
		};
		5794C08E1B560558002DCE9F /* MapView */ = {
			isa = PBXGroup;
			children = (
				5794C08F1B560558002DCE9F /* TYArcGISDrawer.h */,
				5794C0901B560558002DCE9F /* TYArcGISDrawer.m */,
				5794C0911B560558002DCE9F /* TYAreaAnalysis.h */,
				5794C0921B560558002DCE9F /* TYAreaAnalysis.m */,
				5794C0931B560558002DCE9F /* TYBuilding.h */,
				5794C0941B560558002DCE9F /* TYBuilding.m */,
				5794C0951B560558002DCE9F /* TYCity.h */,
				5794C0961B560558002DCE9F /* TYCity.m */,
				5794C0971B560558002DCE9F /* TYMapEnviroment.h */,
				5794C0981B560558002DCE9F /* TYMapEnviroment.m */,
				57D8FC6F1B60F4F700D7A6F8 /* TYMapFileContants.h */,
				5794C0991B560558002DCE9F /* TYMapFileManager.h */,
				5794C09A1B560558002DCE9F /* TYMapFileManager.mm */,
				5794C09B1B560558002DCE9F /* TYMapInfo.h */,
				5794C09C1B560558002DCE9F /* TYMapInfo.m */,
				5794C09D1B560558002DCE9F /* TYMapType.h */,
				5794C09E1B560558002DCE9F /* TYMapView.h */,
				5794C09F1B560558002DCE9F /* TYMapView.m */,
				5794C0A01B560558002DCE9F /* TYRenderingScheme.h */,
				5794C0A11B560558002DCE9F /* TYRenderingScheme.m */,
			);
			path = MapView;
			sourceTree = "<group>";
		};
		5794C0A41B560558002DCE9F /* POI */ = {
			isa = PBXGroup;
			children = (
				5794C0A51B560558002DCE9F /* TYBrand.h */,
				5794C0A61B560558002DCE9F /* TYBrand.m */,
				5794C0A71B560558002DCE9F /* TYPoi.h */,
				5794C0A81B560558002DCE9F /* TYPoi.m */,
			);
			path = POI;
			sourceTree = "<group>";
		};
		5794C0A91B560558002DCE9F /* Route */ = {
			isa = PBXGroup;
			children = (
				5794C0AA1B560558002DCE9F /* TYDirectionalHint.h */,
				5794C0AB1B560558002DCE9F /* TYDirectionalHint.m */,
				5794C0AC1B560558002DCE9F /* TYLandmark.h */,
				5794C0AD1B560558002DCE9F /* TYLandmark.m */,
				5794C0AE1B560558002DCE9F /* TYLandmarkManager.h */,
				5794C0AF1B560558002DCE9F /* TYLandmarkManager.m */,
				5794C0B01B560558002DCE9F /* TYRouteManager.h */,
				5794C0B11B560558002DCE9F /* TYRouteManager.m */,
				5794C0B21B560558002DCE9F /* TYRoutePart.h */,
				5794C0B31B560558002DCE9F /* TYRoutePart.m */,
				5794C0B41B560558002DCE9F /* TYRoutePointConverter.h */,
				5794C0B51B560558002DCE9F /* TYRoutePointConverter.m */,
				5794C0B61B560558002DCE9F /* TYRouteResult.h */,
				5794C0B71B560558002DCE9F /* TYRouteResult.m */,
			);
			path = Route;
			sourceTree = "<group>";
		};
		5794C0B81B560558002DCE9F /* StructureLayers */ = {
			isa = PBXGroup;
			children = (
				5794C0B91B560558002DCE9F /* TYAssetLayer.h */,
				5794C0BA1B560558002DCE9F /* TYAssetLayer.m */,
				5794C0BB1B560558002DCE9F /* TYFloorLayer.h */,
				5794C0BC1B560558002DCE9F /* TYFloorLayer.m */,
				5794C0BD1B560558002DCE9F /* TYRoomLayer.h */,
				5794C0BE1B560558002DCE9F /* TYRoomLayer.m */,
				5794C0BF1B560558002DCE9F /* TYStructureGroupLayer.h */,
				5794C0C01B560558002DCE9F /* TYStructureGroupLayer.m */,
			);
			path = StructureLayers;
			sourceTree = "<group>";
		};
		57F06C141A87BC7500B9511F = {
			isa = PBXGroup;
			children = (
				571AC46E1B55FED900E9FF7D /* MapProject */,
				57F06C1E1A87BC7500B9511F /* Products */,
			);
			sourceTree = "<group>";
		};
		57F06C1E1A87BC7500B9511F /* Products */ = {
			isa = PBXGroup;
			children = (
				57F06C1D1A87BC7500B9511F /* MapProject.app */,
			);
			name = Products;
			sourceTree = "<group>";
		};
/* End PBXGroup section */

/* Begin PBXNativeTarget section */
		57F06C1C1A87BC7500B9511F /* MapProject */ = {
			isa = PBXNativeTarget;
			buildConfigurationList = 57F06C401A87BC7500B9511F /* Build configuration list for PBXNativeTarget "MapProject" */;
			buildPhases = (
				57F06C191A87BC7500B9511F /* Sources */,
				57F06C1A1A87BC7500B9511F /* Frameworks */,
				57F06C1B1A87BC7500B9511F /* Resources */,
			);
			buildRules = (
			);
			dependencies = (
			);
			name = MapProject;
			productName = NephogramMapProject;
			productReference = 57F06C1D1A87BC7500B9511F /* MapProject.app */;
			productType = "com.apple.product-type.application";
		};
/* End PBXNativeTarget section */

/* Begin PBXProject section */
		57F06C151A87BC7500B9511F /* Project object */ = {
			isa = PBXProject;
			attributes = {
				LastUpgradeCheck = 0700;
				ORGANIZATIONNAME = innerpeacer;
				TargetAttributes = {
					57F06C1C1A87BC7500B9511F = {
						CreatedOnToolsVersion = 6.1.1;
					};
				};
			};
			buildConfigurationList = 57F06C181A87BC7500B9511F /* Build configuration list for PBXProject "MapProject" */;
			compatibilityVersion = "Xcode 3.2";
			developmentRegion = English;
			hasScannedForEncodings = 0;
			knownRegions = (
				en,
				Base,
			);
			mainGroup = 57F06C141A87BC7500B9511F;
			productRefGroup = 57F06C1E1A87BC7500B9511F /* Products */;
			projectDirPath = "";
			projectRoot = "";
			targets = (
				57F06C1C1A87BC7500B9511F /* MapProject */,
			);
		};
/* End PBXProject section */

/* Begin PBXResourcesBuildPhase section */
		57F06C1B1A87BC7500B9511F /* Resources */ = {
			isa = PBXResourcesBuildPhase;
			buildActionMask = 2147483647;
			files = (
				57672EFD1B5600B900DAD219 /* Default-568h@2x.png in Resources */,
				575442A61B5DF11900EA3A1F /* MapEncrypted in Resources */,
				57672EEF1B56002900DAD219 /* Main.storyboard in Resources */,
				57672E381B55FFF900DAD219 /* beacon-of.db in Resources */,
				57672E341B55FFF900DAD219 /* ArcGIS.bundle in Resources */,
				57672EEE1B56002900DAD219 /* LaunchScreen.xib in Resources */,
				57672E361B55FFF900DAD219 /* beacon-hm.db in Resources */,
				57672EF01B56002900DAD219 /* Images.xcassets in Resources */,
				57672E371B55FFF900DAD219 /* beacon-jz.db in Resources */,
				57672E351B55FFF900DAD219 /* AOI.json in Resources */,
				570928201B70603800410B8C /* 002100001F04_FLOOR.json in Resources */,
				57672EFF1B56046300DAD219 /* MapResource in Resources */,
			);
			runOnlyForDeploymentPostprocessing = 0;
		};
/* End PBXResourcesBuildPhase section */

/* Begin PBXSourcesBuildPhase section */
		57F06C191A87BC7500B9511F /* Sources */ = {
			isa = PBXSourcesBuildPhase;
			buildActionMask = 2147483647;
			files = (
				5794C0E91B560558002DCE9F /* TYBrand.m in Sources */,
				5794C0E11B560558002DCE9F /* TYBuilding.m in Sources */,
				57494DF21B61E1DF000B6F2C /* OriginalMapVC.m in Sources */,
				57494DDD1B61DAE7000B6F2C /* CityTableVC.m in Sources */,
				5794C0F31B560558002DCE9F /* TYFloorLayer.m in Sources */,
				5794C0C41B560558002DCE9F /* TYGeometry.m in Sources */,
				57672D5D1B55FF9900DAD219 /* TYUserDefaults.m in Sources */,
				5794C0CD1B560558002DCE9F /* TYPolyline.m in Sources */,
				5794C0C11B560558002DCE9F /* TYCallout.m in Sources */,
				57672E321B55FFF900DAD219 /* FMDatabaseQueue.m in Sources */,
				57494DDB1B61DAE7000B6F2C /* BaseLogVC.m in Sources */,
				5794C0DF1B560558002DCE9F /* TYArcGISDrawer.m in Sources */,
				57494DE61B61DDF4000B6F2C /* BuildingTableVC.m in Sources */,
				57494DEF1B61E1D1000B6F2C /* EncryptedMapVC.m in Sources */,
				5794C0C91B560558002DCE9F /* TYMarkerSymbol.m in Sources */,
				57672E2F1B55FFF900DAD219 /* FMDatabase.m in Sources */,
				5794C0D01B560558002DCE9F /* TYSimpleMarkerSymbol.m in Sources */,
				571AC4711B55FED900E9FF7D /* AppDelegate.mm in Sources */,
				5794C0EE1B560558002DCE9F /* TYRouteManager.m in Sources */,
				576AEEAB1B61D97100D55CA4 /* MapDevVC.m in Sources */,
				5794C0D81B560558002DCE9F /* TYFacilityLabel.m in Sources */,
				5794C0E41B560558002DCE9F /* TYMapFileManager.mm in Sources */,
				5794C0CF1B560558002DCE9F /* TYSimpleLineSymbol.m in Sources */,
				576AEEA91B61D97100D55CA4 /* MapEncryptionVC.mm in Sources */,
				5794C0E01B560558002DCE9F /* TYAreaAnalysis.m in Sources */,
				576AEEAA1B61D97100D55CA4 /* MapRouteVC.m in Sources */,
				57672E331B55FFF900DAD219 /* FMResultSet.m in Sources */,
				57494DE01B61DB08000B6F2C /* EncyptedCityVC.m in Sources */,
				5794C0C61B560558002DCE9F /* TYGraphic.m in Sources */,
				5794C0ED1B560558002DCE9F /* TYLandmarkManager.m in Sources */,
				57672D081B55FF4A00DAD219 /* TYPoiDBAdapter.m in Sources */,
				5794C0F11B560558002DCE9F /* TYRouteResult.m in Sources */,
				5794C0EF1B560558002DCE9F /* TYRoutePart.m in Sources */,
				5794C0E81B560558002DCE9F /* TYPathCalibration.m in Sources */,
				5794C0DE1B560558002DCE9F /* TYTextLabelLayer.m in Sources */,
				570928291B70646D00410B8C /* TYEncryption.m in Sources */,
				574319161B70588D00234A63 /* IPEncryption.cpp in Sources */,
				57672E311B55FFF900DAD219 /* FMDatabasePool.m in Sources */,
				5794C0D11B560558002DCE9F /* TYSpatialReference.m in Sources */,
				5794C0D51B560558002DCE9F /* TYRouteHintLayer.m in Sources */,
				57672E301B55FFF900DAD219 /* FMDatabaseAdditions.m in Sources */,
				57672D071B55FF4A00DAD219 /* CreatingPOIDBAdapter.m in Sources */,
				576AEEB21B61D9E400D55CA4 /* CustomCalloutVC.m in Sources */,
				5794C0F51B560558002DCE9F /* TYStructureGroupLayer.m in Sources */,
				5794C0C31B560558002DCE9F /* TYEnvelope.m in Sources */,
				57494DE91B61E06C000B6F2C /* EncryptedBuildingVC.m in Sources */,
				5794C0DB1B560558002DCE9F /* TYLabelBorderCalculator.m in Sources */,
				5794C0F01B560558002DCE9F /* TYRoutePointConverter.m in Sources */,
				5794C0E21B560558002DCE9F /* TYCity.m in Sources */,
				570928271B70646D00410B8C /* MD5.cpp in Sources */,
				5794C0D71B560558002DCE9F /* Vector2.m in Sources */,
				57494DF51B61E730000B6F2C /* EnviromentManager.m in Sources */,
				5794C0E61B560558002DCE9F /* TYMapView.m in Sources */,
				5794C0E31B560558002DCE9F /* TYMapEnviroment.m in Sources */,
				5794C0DC1B560558002DCE9F /* TYLabelGroupLayer.m in Sources */,
				57C03F5A1B61E19800490179 /* BaseMapVC.m in Sources */,
				576AEEAC1B61D97100D55CA4 /* MapVC.m in Sources */,
				5794C0EC1B560558002DCE9F /* TYLandmark.m in Sources */,
				5794C0CB1B560558002DCE9F /* TYPoint.m in Sources */,
				57494DDA1B61DAE7000B6F2C /* BaseControllerTableVC.m in Sources */,
				5794C0C21B560558002DCE9F /* TYCredential.m in Sources */,
				5794C0F41B560558002DCE9F /* TYRoomLayer.m in Sources */,
				57494DEC1B61E079000B6F2C /* OriginalBuildingVC.m in Sources */,
				5794C0C71B560558002DCE9F /* TYGraphicsLayer.m in Sources */,
				5794C0DD1B560558002DCE9F /* TYTextLabel.m in Sources */,
				5794C0DA1B560558002DCE9F /* TYLabelBorder.m in Sources */,
				576AEEA81B61D97100D55CA4 /* MapCalloutVC.m in Sources */,
				570928281B70646D00410B8C /* MD5Utils.mm in Sources */,
				5794C0CA1B560558002DCE9F /* TYPictureMarkerSymbol.m in Sources */,
				5709281E1B705A0A00410B8C /* IPMemery.cpp in Sources */,
				57672EF51B56006700DAD219 /* main.m in Sources */,
				57494DE31B61DB17000B6F2C /* OriginalCityVC.m in Sources */,
				5794C0D21B560558002DCE9F /* TYAnimatedRouteArrowLayer.m in Sources */,
				5794C0EA1B560558002DCE9F /* TYPoi.m in Sources */,
				5794C0D41B560558002DCE9F /* TYRouteArrowLayer.m in Sources */,
				5794C0E51B560558002DCE9F /* TYMapInfo.m in Sources */,
				5794C0D31B560558002DCE9F /* TYLocationLayer.m in Sources */,
				5794C0C51B560558002DCE9F /* TYGeometryEngine.m in Sources */,
				5794C0CC1B560558002DCE9F /* TYPolygon.m in Sources */,
				5794C0EB1B560558002DCE9F /* TYDirectionalHint.m in Sources */,
				5794C0F21B560558002DCE9F /* TYAssetLayer.m in Sources */,
				5794C0D91B560558002DCE9F /* TYFacilityLayer.m in Sources */,
				5794C0C81B560558002DCE9F /* TYLocationDisplay.m in Sources */,
				5794C0D61B560558002DCE9F /* TYRouteLayer.m in Sources */,
				5794C0E71B560558002DCE9F /* TYRenderingScheme.m in Sources */,
				576AEEA71B61D97100D55CA4 /* CreatePOIDatabaseVC.m in Sources */,
				5794C0CE1B560558002DCE9F /* TYSimpleFillSymbol.m in Sources */,
			);
			runOnlyForDeploymentPostprocessing = 0;
		};
/* End PBXSourcesBuildPhase section */

/* Begin PBXVariantGroup section */
		57672EE91B56002900DAD219 /* LaunchScreen.xib */ = {
			isa = PBXVariantGroup;
			children = (
				57672EEA1B56002900DAD219 /* Base */,
			);
			name = LaunchScreen.xib;
			sourceTree = "<group>";
		};
		57672EEB1B56002900DAD219 /* Main.storyboard */ = {
			isa = PBXVariantGroup;
			children = (
				57672EEC1B56002900DAD219 /* Base */,
			);
			name = Main.storyboard;
			sourceTree = "<group>";
		};
/* End PBXVariantGroup section */

/* Begin XCBuildConfiguration section */
		57F06C3E1A87BC7500B9511F /* Debug */ = {
			isa = XCBuildConfiguration;
			buildSettings = {
				ALWAYS_SEARCH_USER_PATHS = NO;
				CLANG_CXX_LANGUAGE_STANDARD = "gnu++0x";
				CLANG_CXX_LIBRARY = "libc++";
				CLANG_ENABLE_MODULES = YES;
				CLANG_ENABLE_OBJC_ARC = YES;
				CLANG_WARN_BOOL_CONVERSION = YES;
				CLANG_WARN_CONSTANT_CONVERSION = YES;
				CLANG_WARN_DIRECT_OBJC_ISA_USAGE = YES_ERROR;
				CLANG_WARN_EMPTY_BODY = YES;
				CLANG_WARN_ENUM_CONVERSION = YES;
				CLANG_WARN_INT_CONVERSION = YES;
				CLANG_WARN_OBJC_ROOT_CLASS = YES_ERROR;
				CLANG_WARN_UNREACHABLE_CODE = YES;
				CLANG_WARN__DUPLICATE_METHOD_MATCH = YES;
				"CODE_SIGN_IDENTITY[sdk=iphoneos*]" = "iPhone Developer";
				COPY_PHASE_STRIP = NO;
				ENABLE_BITCODE = NO;
				ENABLE_STRICT_OBJC_MSGSEND = YES;
				ENABLE_TESTABILITY = YES;
				GCC_C_LANGUAGE_STANDARD = gnu99;
				GCC_DYNAMIC_NO_PIC = NO;
				GCC_OPTIMIZATION_LEVEL = 0;
				GCC_PREPROCESSOR_DEFINITIONS = (
					"DEBUG=1",
					"$(inherited)",
				);
				GCC_SYMBOLS_PRIVATE_EXTERN = NO;
				GCC_WARN_64_TO_32_BIT_CONVERSION = YES;
				GCC_WARN_ABOUT_RETURN_TYPE = YES_ERROR;
				GCC_WARN_UNDECLARED_SELECTOR = YES;
				GCC_WARN_UNINITIALIZED_AUTOS = YES_AGGRESSIVE;
				GCC_WARN_UNUSED_FUNCTION = YES;
				GCC_WARN_UNUSED_VARIABLE = YES;
				IPHONEOS_DEPLOYMENT_TARGET = 8.0;
				MTL_ENABLE_DEBUG_INFO = YES;
				ONLY_ACTIVE_ARCH = YES;
				SDKROOT = iphoneos;
			};
			name = Debug;
		};
		57F06C3F1A87BC7500B9511F /* Release */ = {
			isa = XCBuildConfiguration;
			buildSettings = {
				ALWAYS_SEARCH_USER_PATHS = NO;
				CLANG_CXX_LANGUAGE_STANDARD = "gnu++0x";
				CLANG_CXX_LIBRARY = "libc++";
				CLANG_ENABLE_MODULES = YES;
				CLANG_ENABLE_OBJC_ARC = YES;
				CLANG_WARN_BOOL_CONVERSION = YES;
				CLANG_WARN_CONSTANT_CONVERSION = YES;
				CLANG_WARN_DIRECT_OBJC_ISA_USAGE = YES_ERROR;
				CLANG_WARN_EMPTY_BODY = YES;
				CLANG_WARN_ENUM_CONVERSION = YES;
				CLANG_WARN_INT_CONVERSION = YES;
				CLANG_WARN_OBJC_ROOT_CLASS = YES_ERROR;
				CLANG_WARN_UNREACHABLE_CODE = YES;
				CLANG_WARN__DUPLICATE_METHOD_MATCH = YES;
				"CODE_SIGN_IDENTITY[sdk=iphoneos*]" = "iPhone Developer";
				COPY_PHASE_STRIP = YES;
				ENABLE_BITCODE = NO;
				ENABLE_NS_ASSERTIONS = NO;
				ENABLE_STRICT_OBJC_MSGSEND = YES;
				GCC_C_LANGUAGE_STANDARD = gnu99;
				GCC_WARN_64_TO_32_BIT_CONVERSION = YES;
				GCC_WARN_ABOUT_RETURN_TYPE = YES_ERROR;
				GCC_WARN_UNDECLARED_SELECTOR = YES;
				GCC_WARN_UNINITIALIZED_AUTOS = YES_AGGRESSIVE;
				GCC_WARN_UNUSED_FUNCTION = YES;
				GCC_WARN_UNUSED_VARIABLE = YES;
				IPHONEOS_DEPLOYMENT_TARGET = 8.0;
				MTL_ENABLE_DEBUG_INFO = NO;
				SDKROOT = iphoneos;
				VALIDATE_PRODUCT = YES;
			};
			name = Release;
		};
		57F06C411A87BC7500B9511F /* Debug */ = {
			isa = XCBuildConfiguration;
			buildSettings = {
				ASSETCATALOG_COMPILER_APPICON_NAME = AppIcon;
				CLANG_WARN_DOCUMENTATION_COMMENTS = NO;
				FRAMEWORK_SEARCH_PATHS = (
					"$(HOME)/Library/SDKs/ArcGIS/iOS/",
					"$(PROJECT_DIR)/MapProject",
				);
				GCC_PREFIX_HEADER = MapProject/PrefixHeader.pch;
				INFOPLIST_FILE = MapProject/Info.plist;
				IPHONEOS_DEPLOYMENT_TARGET = 7.1;
				LD_RUNPATH_SEARCH_PATHS = "$(inherited) @executable_path/Frameworks";
				OTHER_LDFLAGS = (
					"-ObjC",
					"-framework",
					ArcGIS,
					"-l",
					"c++",
				);
				PRODUCT_BUNDLE_IDENTIFIER = "cn.nephogram.$(PRODUCT_NAME:rfc1034identifier)";
				PRODUCT_NAME = MapProject;
			};
			name = Debug;
		};
		57F06C421A87BC7500B9511F /* Release */ = {
			isa = XCBuildConfiguration;
			buildSettings = {
				ASSETCATALOG_COMPILER_APPICON_NAME = AppIcon;
				CLANG_WARN_DOCUMENTATION_COMMENTS = NO;
				FRAMEWORK_SEARCH_PATHS = (
					"$(HOME)/Library/SDKs/ArcGIS/iOS/",
					"$(PROJECT_DIR)/MapProject",
				);
				GCC_PREFIX_HEADER = MapProject/PrefixHeader.pch;
				INFOPLIST_FILE = MapProject/Info.plist;
				IPHONEOS_DEPLOYMENT_TARGET = 7.1;
				LD_RUNPATH_SEARCH_PATHS = "$(inherited) @executable_path/Frameworks";
				OTHER_LDFLAGS = (
					"-ObjC",
					"-framework",
					ArcGIS,
					"-l",
					"c++",
				);
				PRODUCT_BUNDLE_IDENTIFIER = "cn.nephogram.$(PRODUCT_NAME:rfc1034identifier)";
				PRODUCT_NAME = MapProject;
			};
			name = Release;
		};
/* End XCBuildConfiguration section */

/* Begin XCConfigurationList section */
		57F06C181A87BC7500B9511F /* Build configuration list for PBXProject "MapProject" */ = {
			isa = XCConfigurationList;
			buildConfigurations = (
				57F06C3E1A87BC7500B9511F /* Debug */,
				57F06C3F1A87BC7500B9511F /* Release */,
			);
			defaultConfigurationIsVisible = 0;
			defaultConfigurationName = Release;
		};
		57F06C401A87BC7500B9511F /* Build configuration list for PBXNativeTarget "MapProject" */ = {
			isa = XCConfigurationList;
			buildConfigurations = (
				57F06C411A87BC7500B9511F /* Debug */,
				57F06C421A87BC7500B9511F /* Release */,
			);
			defaultConfigurationIsVisible = 0;
			defaultConfigurationName = Release;
		};
/* End XCConfigurationList section */
	};
	rootObject = 57F06C151A87BC7500B9511F /* Project object */;
}
